
Microsoft Visual Studio Solution File, Format Version 12.00
# Visual Studio Version 16
VisualStudioVersion = 16.0.31321.278
MinimumVisualStudioVersion = 10.0.40219.1
Project("{FAE04EC0-301F-11D3-BF4B-00C04F79EFBC}") = "Insert Rows with Merged Cells", "Insert Rows with Merged Cells\Insert Rows with Merged Cells.csproj", "{66B8F464-3D58-4749-A2DE-E58D70FEAE6E}"
EndProject
Global
	GlobalSection(SolutionConfigurationPlatforms) = preSolution
		Debug|Any CPU = Debug|Any CPU
		Release|Any CPU = Release|Any CPU
	EndGlobalSection
	GlobalSection(ProjectConfigurationPlatforms) = postSolution
		{66B8F464-3D58-4749-A2DE-E58D70FEAE6E}.Debug|Any CPU.ActiveCfg = Debug|Any CPU
		{66B8F464-3D58-4749-A2DE-E58D70FEAE6E}.Debug|Any CPU.Build.0 = Debug|Any CPU
		{66B8F464-3D58-4749-A2DE-E58D70FEAE6E}.Release|Any CPU.ActiveCfg = Release|Any CPU
		{66B8F464-3D58-4749-A2DE-E58D70FEAE6E}.Release|Any CPU.Build.0 = Release|Any CPU
	EndGlobalSection
	GlobalSection(SolutionProperties) = preSolution
		HideSolutionNode = FALSE
	EndGlobalSection
	GlobalSection(ExtensibilityGlobals) = postSolution
		SolutionGuid = {B0A6B8F9-1ACB-4EF5-AB59-368915D86CCC}
	EndGlobalSection
EndGlobal
