
Microsoft Visual Studio Solution File, Format Version 12.00
# Visual Studio Version 17
VisualStudioVersion = 17.9.34310.174
MinimumVisualStudioVersion = 10.0.40219.1
Project("{FAE04EC0-301F-11D3-BF4B-00C04F79EFBC}") = "Gradient Fill", "Gradient Fill\Gradient Fill.csproj", "{B9C8C008-DAC3-47F1-BDBA-BBAD30159B5B}"
EndProject
Global
	GlobalSection(SolutionConfigurationPlatforms) = preSolution
		Debug|Any CPU = Debug|Any CPU
		Release|Any CPU = Release|Any CPU
	EndGlobalSection
	GlobalSection(ProjectConfigurationPlatforms) = postSolution
		{B9C8C008-DAC3-47F1-BDBA-BBAD30159B5B}.Debug|Any CPU.ActiveCfg = Debug|Any CPU
		{B9C8C008-DAC3-47F1-BDBA-BBAD30159B5B}.Debug|Any CPU.Build.0 = Debug|Any CPU
		{B9C8C008-DAC3-47F1-BDBA-BBAD30159B5B}.Release|Any CPU.ActiveCfg = Release|Any CPU
		{B9C8C008-DAC3-47F1-BDBA-BBAD30159B5B}.Release|Any CPU.Build.0 = Release|Any CPU
	EndGlobalSection
	GlobalSection(SolutionProperties) = preSolution
		HideSolutionNode = FALSE
	EndGlobalSection
	GlobalSection(ExtensibilityGlobals) = postSolution
		SolutionGuid = {9833E9F6-8CD7-4C1C-A3BE-4849BB931DB9}
	EndGlobalSection
EndGlobal
