
Microsoft Visual Studio Solution File, Format Version 12.00
# Visual Studio Version 16
VisualStudioVersion = 16.0.31729.503
MinimumVisualStudioVersion = 10.0.40219.1
Project("{FAE04EC0-301F-11D3-BF4B-00C04F79EFBC}") = "No Scaling", "No Scaling\No Scaling.csproj", "{9BA4EEC6-3759-48E2-B22C-32E7A1E05C9A}"
EndProject
Global
	GlobalSection(SolutionConfigurationPlatforms) = preSolution
		Debug|Any CPU = Debug|Any CPU
		Release|Any CPU = Release|Any CPU
	EndGlobalSection
	GlobalSection(ProjectConfigurationPlatforms) = postSolution
		{9BA4EEC6-3759-48E2-B22C-32E7A1E05C9A}.Debug|Any CPU.ActiveCfg = Debug|Any CPU
		{9BA4EEC6-3759-48E2-B22C-32E7A1E05C9A}.Debug|Any CPU.Build.0 = Debug|Any CPU
		{9BA4EEC6-3759-48E2-B22C-32E7A1E05C9A}.Release|Any CPU.ActiveCfg = Release|Any CPU
		{9BA4EEC6-3759-48E2-B22C-32E7A1E05C9A}.Release|Any CPU.Build.0 = Release|Any CPU
	EndGlobalSection
	GlobalSection(SolutionProperties) = preSolution
		HideSolutionNode = FALSE
	EndGlobalSection
	GlobalSection(ExtensibilityGlobals) = postSolution
		SolutionGuid = {916DBCDA-D0FB-4313-A7CF-004591908016}
	EndGlobalSection
EndGlobal
