
Microsoft Visual Studio Solution File, Format Version 12.00
# Visual Studio Version 16
VisualStudioVersion = 16.0.31729.503
MinimumVisualStudioVersion = 10.0.40219.1
Project("{FAE04EC0-301F-11D3-BF4B-00C04F79EFBC}") = "Create Excel", "Create Excel\Create Excel.csproj", "{FD4DFA50-0712-445D-8B57-00BBE2879B8C}"
EndProject
Global
	GlobalSection(SolutionConfigurationPlatforms) = preSolution
		Debug|Any CPU = Debug|Any CPU
		Release|Any CPU = Release|Any CPU
	EndGlobalSection
	GlobalSection(ProjectConfigurationPlatforms) = postSolution
		{FD4DFA50-0712-445D-8B57-00BBE2879B8C}.Debug|Any CPU.ActiveCfg = Debug|Any CPU
		{FD4DFA50-0712-445D-8B57-00BBE2879B8C}.Debug|Any CPU.Build.0 = Debug|Any CPU
		{FD4DFA50-0712-445D-8B57-00BBE2879B8C}.Release|Any CPU.ActiveCfg = Release|Any CPU
		{FD4DFA50-0712-445D-8B57-00BBE2879B8C}.Release|Any CPU.Build.0 = Release|Any CPU
	EndGlobalSection
	GlobalSection(SolutionProperties) = preSolution
		HideSolutionNode = FALSE
	EndGlobalSection
	GlobalSection(ExtensibilityGlobals) = postSolution
		SolutionGuid = {015F00D8-E636-4CF5-9C7C-ABB4A8708896}
	EndGlobalSection
EndGlobal
