
Microsoft Visual Studio Solution File, Format Version 12.00
# Visual Studio Version 16
VisualStudioVersion = 16.0.31729.503
MinimumVisualStudioVersion = 10.0.40219.1
Project("{FAE04EC0-301F-11D3-BF4B-00C04F79EFBC}") = "Insert Rows Columns", "Insert Rows Columns\Insert Rows Columns.csproj", "{E80E7459-6DD1-4C67-B15A-56E976A68241}"
EndProject
Global
	GlobalSection(SolutionConfigurationPlatforms) = preSolution
		Debug|Any CPU = Debug|Any CPU
		Release|Any CPU = Release|Any CPU
	EndGlobalSection
	GlobalSection(ProjectConfigurationPlatforms) = postSolution
		{E80E7459-6DD1-4C67-B15A-56E976A68241}.Debug|Any CPU.ActiveCfg = Debug|Any CPU
		{E80E7459-6DD1-4C67-B15A-56E976A68241}.Debug|Any CPU.Build.0 = Debug|Any CPU
		{E80E7459-6DD1-4C67-B15A-56E976A68241}.Release|Any CPU.ActiveCfg = Release|Any CPU
		{E80E7459-6DD1-4C67-B15A-56E976A68241}.Release|Any CPU.Build.0 = Release|Any CPU
	EndGlobalSection
	GlobalSection(SolutionProperties) = preSolution
		HideSolutionNode = FALSE
	EndGlobalSection
	GlobalSection(ExtensibilityGlobals) = postSolution
		SolutionGuid = {53773516-9C3E-406C-8A18-CFD66B7E86B3}
	EndGlobalSection
EndGlobal
