
Microsoft Visual Studio Solution File, Format Version 12.00
# Visual Studio Version 16
VisualStudioVersion = 16.0.31729.503
MinimumVisualStudioVersion = 10.0.40219.1
Project("{FAE04EC0-301F-11D3-BF4B-00C04F79EFBC}") = "Pareto", "Pareto\Pareto.csproj", "{C7B8CE80-FA91-48F8-82B3-A986BAEC44C3}"
EndProject
Global
	GlobalSection(SolutionConfigurationPlatforms) = preSolution
		Debug|Any CPU = Debug|Any CPU
		Release|Any CPU = Release|Any CPU
	EndGlobalSection
	GlobalSection(ProjectConfigurationPlatforms) = postSolution
		{C7B8CE80-FA91-48F8-82B3-A986BAEC44C3}.Debug|Any CPU.ActiveCfg = Debug|Any CPU
		{C7B8CE80-FA91-48F8-82B3-A986BAEC44C3}.Debug|Any CPU.Build.0 = Debug|Any CPU
		{C7B8CE80-FA91-48F8-82B3-A986BAEC44C3}.Release|Any CPU.ActiveCfg = Release|Any CPU
		{C7B8CE80-FA91-48F8-82B3-A986BAEC44C3}.Release|Any CPU.Build.0 = Release|Any CPU
	EndGlobalSection
	GlobalSection(SolutionProperties) = preSolution
		HideSolutionNode = FALSE
	EndGlobalSection
	GlobalSection(ExtensibilityGlobals) = postSolution
		SolutionGuid = {A1958E12-30A9-4910-B28E-EC06D936CFEE}
	EndGlobalSection
EndGlobal
