
Microsoft Visual Studio Solution File, Format Version 12.00
# Visual Studio Version 17
VisualStudioVersion = 17.5.33516.290
MinimumVisualStudioVersion = 10.0.40219.1
Project("{FAE04EC0-301F-11D3-BF4B-00C04F79EFBC}") = "TemplateMarker-Vertical-Argument", "TemplateMarker-Vertical-Argument\TemplateMarker-Vertical-Argument.csproj", "{C5F582AD-074E-4F31-909F-B7D38AFC35B5}"
EndProject
Global
	GlobalSection(SolutionConfigurationPlatforms) = preSolution
		Debug|Any CPU = Debug|Any CPU
		Release|Any CPU = Release|Any CPU
	EndGlobalSection
	GlobalSection(ProjectConfigurationPlatforms) = postSolution
		{C5F582AD-074E-4F31-909F-B7D38AFC35B5}.Debug|Any CPU.ActiveCfg = Debug|Any CPU
		{C5F582AD-074E-4F31-909F-B7D38AFC35B5}.Debug|Any CPU.Build.0 = Debug|Any CPU
		{C5F582AD-074E-4F31-909F-B7D38AFC35B5}.Release|Any CPU.ActiveCfg = Release|Any CPU
		{C5F582AD-074E-4F31-909F-B7D38AFC35B5}.Release|Any CPU.Build.0 = Release|Any CPU
	EndGlobalSection
	GlobalSection(SolutionProperties) = preSolution
		HideSolutionNode = FALSE
	EndGlobalSection
	GlobalSection(ExtensibilityGlobals) = postSolution
		SolutionGuid = {734965A6-A5F2-482A-AAED-FEFA1C14C9C7}
	EndGlobalSection
EndGlobal
