
Microsoft Visual Studio Solution File, Format Version 12.00
# Visual Studio Version 16
VisualStudioVersion = 16.0.31729.503
MinimumVisualStudioVersion = 10.0.40219.1
Project("{FAE04EC0-301F-11D3-BF4B-00C04F79EFBC}") = "Waterfall", "Waterfall\Waterfall.csproj", "{52A739BC-0F65-4F27-88BD-6B28021DA22D}"
EndProject
Global
	GlobalSection(SolutionConfigurationPlatforms) = preSolution
		Debug|Any CPU = Debug|Any CPU
		Release|Any CPU = Release|Any CPU
	EndGlobalSection
	GlobalSection(ProjectConfigurationPlatforms) = postSolution
		{52A739BC-0F65-4F27-88BD-6B28021DA22D}.Debug|Any CPU.ActiveCfg = Debug|Any CPU
		{52A739BC-0F65-4F27-88BD-6B28021DA22D}.Debug|Any CPU.Build.0 = Debug|Any CPU
		{52A739BC-0F65-4F27-88BD-6B28021DA22D}.Release|Any CPU.ActiveCfg = Release|Any CPU
		{52A739BC-0F65-4F27-88BD-6B28021DA22D}.Release|Any CPU.Build.0 = Release|Any CPU
	EndGlobalSection
	GlobalSection(SolutionProperties) = preSolution
		HideSolutionNode = FALSE
	EndGlobalSection
	GlobalSection(ExtensibilityGlobals) = postSolution
		SolutionGuid = {7D3F8493-94E1-4A52-A0F2-E3FB76E6792C}
	EndGlobalSection
EndGlobal
