
Microsoft Visual Studio Solution File, Format Version 12.00
# Visual Studio Version 17
VisualStudioVersion = 17.9.34310.174
MinimumVisualStudioVersion = 10.0.40219.1
Project("{FAE04EC0-301F-11D3-BF4B-00C04F79EFBC}") = "Edit Excel", "Edit Excel\Edit Excel.csproj", "{10C59A0F-5955-4325-BC0D-0F7C795AB15F}"
EndProject
Global
	GlobalSection(SolutionConfigurationPlatforms) = preSolution
		Debug|Any CPU = Debug|Any CPU
		Release|Any CPU = Release|Any CPU
	EndGlobalSection
	GlobalSection(ProjectConfigurationPlatforms) = postSolution
		{10C59A0F-5955-4325-BC0D-0F7C795AB15F}.Debug|Any CPU.ActiveCfg = Debug|Any CPU
		{10C59A0F-5955-4325-BC0D-0F7C795AB15F}.Debug|Any CPU.Build.0 = Debug|Any CPU
		{10C59A0F-5955-4325-BC0D-0F7C795AB15F}.Release|Any CPU.ActiveCfg = Release|Any CPU
		{10C59A0F-5955-4325-BC0D-0F7C795AB15F}.Release|Any CPU.Build.0 = Release|Any CPU
	EndGlobalSection
	GlobalSection(SolutionProperties) = preSolution
		HideSolutionNode = FALSE
	EndGlobalSection
	GlobalSection(ExtensibilityGlobals) = postSolution
		SolutionGuid = {DC02116D-7D41-474B-A7CF-3DB30946C1E7}
	EndGlobalSection
EndGlobal
