
Microsoft Visual Studio Solution File, Format Version 12.00
# Visual Studio Version 16
VisualStudioVersion = 16.0.31729.503
MinimumVisualStudioVersion = 10.0.40219.1
Project("{FAE04EC0-301F-11D3-BF4B-00C04F79EFBC}") = "Create Excel.UWP", "Create Excel\Create Excel.UWP\Create Excel.UWP.csproj", "{B0E89EC7-00B0-4F3F-A8BE-1D5E83E7609B}"
EndProject
Project("{FAE04EC0-301F-11D3-BF4B-00C04F79EFBC}") = "Create Excel.Android", "Create Excel\Create Excel.Android\Create Excel.Android.csproj", "{F2A490AB-CDA2-4F8B-AA2E-6F955EBD453C}"
EndProject
Project("{FAE04EC0-301F-11D3-BF4B-00C04F79EFBC}") = "Create Excel", "Create Excel\Create Excel\Create Excel.csproj", "{33D5ED15-E9D5-4357-8577-8285F05854FF}"
EndProject
Global
	GlobalSection(SolutionConfigurationPlatforms) = preSolution
		Debug|Any CPU = Debug|Any CPU
		Debug|ARM = Debug|ARM
		Debug|x64 = Debug|x64
		Debug|x86 = Debug|x86
		Release|Any CPU = Release|Any CPU
		Release|ARM = Release|ARM
		Release|x64 = Release|x64
		Release|x86 = Release|x86
	EndGlobalSection
	GlobalSection(ProjectConfigurationPlatforms) = postSolution
		{B0E89EC7-00B0-4F3F-A8BE-1D5E83E7609B}.Debug|Any CPU.ActiveCfg = Debug|x86
		{B0E89EC7-00B0-4F3F-A8BE-1D5E83E7609B}.Debug|Any CPU.Build.0 = Debug|x86
		{B0E89EC7-00B0-4F3F-A8BE-1D5E83E7609B}.Debug|Any CPU.Deploy.0 = Debug|x86
		{B0E89EC7-00B0-4F3F-A8BE-1D5E83E7609B}.Debug|ARM.ActiveCfg = Debug|ARM
		{B0E89EC7-00B0-4F3F-A8BE-1D5E83E7609B}.Debug|ARM.Build.0 = Debug|ARM
		{B0E89EC7-00B0-4F3F-A8BE-1D5E83E7609B}.Debug|ARM.Deploy.0 = Debug|ARM
		{B0E89EC7-00B0-4F3F-A8BE-1D5E83E7609B}.Debug|x64.ActiveCfg = Debug|x64
		{B0E89EC7-00B0-4F3F-A8BE-1D5E83E7609B}.Debug|x64.Build.0 = Debug|x64
		{B0E89EC7-00B0-4F3F-A8BE-1D5E83E7609B}.Debug|x64.Deploy.0 = Debug|x64
		{B0E89EC7-00B0-4F3F-A8BE-1D5E83E7609B}.Debug|x86.ActiveCfg = Debug|x86
		{B0E89EC7-00B0-4F3F-A8BE-1D5E83E7609B}.Debug|x86.Build.0 = Debug|x86
		{B0E89EC7-00B0-4F3F-A8BE-1D5E83E7609B}.Debug|x86.Deploy.0 = Debug|x86
		{B0E89EC7-00B0-4F3F-A8BE-1D5E83E7609B}.Release|Any CPU.ActiveCfg = Release|x86
		{B0E89EC7-00B0-4F3F-A8BE-1D5E83E7609B}.Release|Any CPU.Build.0 = Release|x86
		{B0E89EC7-00B0-4F3F-A8BE-1D5E83E7609B}.Release|Any CPU.Deploy.0 = Release|x86
		{B0E89EC7-00B0-4F3F-A8BE-1D5E83E7609B}.Release|ARM.ActiveCfg = Release|ARM
		{B0E89EC7-00B0-4F3F-A8BE-1D5E83E7609B}.Release|ARM.Build.0 = Release|ARM
		{B0E89EC7-00B0-4F3F-A8BE-1D5E83E7609B}.Release|ARM.Deploy.0 = Release|ARM
		{B0E89EC7-00B0-4F3F-A8BE-1D5E83E7609B}.Release|x64.ActiveCfg = Release|x64
		{B0E89EC7-00B0-4F3F-A8BE-1D5E83E7609B}.Release|x64.Build.0 = Release|x64
		{B0E89EC7-00B0-4F3F-A8BE-1D5E83E7609B}.Release|x64.Deploy.0 = Release|x64
		{B0E89EC7-00B0-4F3F-A8BE-1D5E83E7609B}.Release|x86.ActiveCfg = Release|x86
		{B0E89EC7-00B0-4F3F-A8BE-1D5E83E7609B}.Release|x86.Build.0 = Release|x86
		{B0E89EC7-00B0-4F3F-A8BE-1D5E83E7609B}.Release|x86.Deploy.0 = Release|x86
		{F2A490AB-CDA2-4F8B-AA2E-6F955EBD453C}.Debug|Any CPU.ActiveCfg = Debug|Any CPU
		{F2A490AB-CDA2-4F8B-AA2E-6F955EBD453C}.Debug|Any CPU.Build.0 = Debug|Any CPU
		{F2A490AB-CDA2-4F8B-AA2E-6F955EBD453C}.Debug|Any CPU.Deploy.0 = Debug|Any CPU
		{F2A490AB-CDA2-4F8B-AA2E-6F955EBD453C}.Debug|ARM.ActiveCfg = Debug|Any CPU
		{F2A490AB-CDA2-4F8B-AA2E-6F955EBD453C}.Debug|ARM.Build.0 = Debug|Any CPU
		{F2A490AB-CDA2-4F8B-AA2E-6F955EBD453C}.Debug|ARM.Deploy.0 = Debug|Any CPU
		{F2A490AB-CDA2-4F8B-AA2E-6F955EBD453C}.Debug|x64.ActiveCfg = Debug|Any CPU
		{F2A490AB-CDA2-4F8B-AA2E-6F955EBD453C}.Debug|x64.Build.0 = Debug|Any CPU
		{F2A490AB-CDA2-4F8B-AA2E-6F955EBD453C}.Debug|x64.Deploy.0 = Debug|Any CPU
		{F2A490AB-CDA2-4F8B-AA2E-6F955EBD453C}.Debug|x86.ActiveCfg = Debug|Any CPU
		{F2A490AB-CDA2-4F8B-AA2E-6F955EBD453C}.Debug|x86.Build.0 = Debug|Any CPU
		{F2A490AB-CDA2-4F8B-AA2E-6F955EBD453C}.Debug|x86.Deploy.0 = Debug|Any CPU
		{F2A490AB-CDA2-4F8B-AA2E-6F955EBD453C}.Release|Any CPU.ActiveCfg = Release|Any CPU
		{F2A490AB-CDA2-4F8B-AA2E-6F955EBD453C}.Release|Any CPU.Build.0 = Release|Any CPU
		{F2A490AB-CDA2-4F8B-AA2E-6F955EBD453C}.Release|Any CPU.Deploy.0 = Release|Any CPU
		{F2A490AB-CDA2-4F8B-AA2E-6F955EBD453C}.Release|ARM.ActiveCfg = Release|Any CPU
		{F2A490AB-CDA2-4F8B-AA2E-6F955EBD453C}.Release|ARM.Build.0 = Release|Any CPU
		{F2A490AB-CDA2-4F8B-AA2E-6F955EBD453C}.Release|ARM.Deploy.0 = Release|Any CPU
		{F2A490AB-CDA2-4F8B-AA2E-6F955EBD453C}.Release|x64.ActiveCfg = Release|Any CPU
		{F2A490AB-CDA2-4F8B-AA2E-6F955EBD453C}.Release|x64.Build.0 = Release|Any CPU
		{F2A490AB-CDA2-4F8B-AA2E-6F955EBD453C}.Release|x64.Deploy.0 = Release|Any CPU
		{F2A490AB-CDA2-4F8B-AA2E-6F955EBD453C}.Release|x86.ActiveCfg = Release|Any CPU
		{F2A490AB-CDA2-4F8B-AA2E-6F955EBD453C}.Release|x86.Build.0 = Release|Any CPU
		{F2A490AB-CDA2-4F8B-AA2E-6F955EBD453C}.Release|x86.Deploy.0 = Release|Any CPU
		{33D5ED15-E9D5-4357-8577-8285F05854FF}.Debug|Any CPU.ActiveCfg = Debug|Any CPU
		{33D5ED15-E9D5-4357-8577-8285F05854FF}.Debug|Any CPU.Build.0 = Debug|Any CPU
		{33D5ED15-E9D5-4357-8577-8285F05854FF}.Debug|Any CPU.Deploy.0 = Debug|Any CPU
		{33D5ED15-E9D5-4357-8577-8285F05854FF}.Debug|ARM.ActiveCfg = Debug|Any CPU
		{33D5ED15-E9D5-4357-8577-8285F05854FF}.Debug|ARM.Build.0 = Debug|Any CPU
		{33D5ED15-E9D5-4357-8577-8285F05854FF}.Debug|ARM.Deploy.0 = Debug|Any CPU
		{33D5ED15-E9D5-4357-8577-8285F05854FF}.Debug|x64.ActiveCfg = Debug|Any CPU
		{33D5ED15-E9D5-4357-8577-8285F05854FF}.Debug|x64.Build.0 = Debug|Any CPU
		{33D5ED15-E9D5-4357-8577-8285F05854FF}.Debug|x64.Deploy.0 = Debug|Any CPU
		{33D5ED15-E9D5-4357-8577-8285F05854FF}.Debug|x86.ActiveCfg = Debug|Any CPU
		{33D5ED15-E9D5-4357-8577-8285F05854FF}.Debug|x86.Build.0 = Debug|Any CPU
		{33D5ED15-E9D5-4357-8577-8285F05854FF}.Debug|x86.Deploy.0 = Debug|Any CPU
		{33D5ED15-E9D5-4357-8577-8285F05854FF}.Release|Any CPU.ActiveCfg = Release|Any CPU
		{33D5ED15-E9D5-4357-8577-8285F05854FF}.Release|Any CPU.Build.0 = Release|Any CPU
		{33D5ED15-E9D5-4357-8577-8285F05854FF}.Release|Any CPU.Deploy.0 = Release|Any CPU
		{33D5ED15-E9D5-4357-8577-8285F05854FF}.Release|ARM.ActiveCfg = Release|Any CPU
		{33D5ED15-E9D5-4357-8577-8285F05854FF}.Release|ARM.Build.0 = Release|Any CPU
		{33D5ED15-E9D5-4357-8577-8285F05854FF}.Release|ARM.Deploy.0 = Release|Any CPU
		{33D5ED15-E9D5-4357-8577-8285F05854FF}.Release|x64.ActiveCfg = Release|Any CPU
		{33D5ED15-E9D5-4357-8577-8285F05854FF}.Release|x64.Build.0 = Release|Any CPU
		{33D5ED15-E9D5-4357-8577-8285F05854FF}.Release|x64.Deploy.0 = Release|Any CPU
		{33D5ED15-E9D5-4357-8577-8285F05854FF}.Release|x86.ActiveCfg = Release|Any CPU
		{33D5ED15-E9D5-4357-8577-8285F05854FF}.Release|x86.Build.0 = Release|Any CPU
		{33D5ED15-E9D5-4357-8577-8285F05854FF}.Release|x86.Deploy.0 = Release|Any CPU
	EndGlobalSection
	GlobalSection(SolutionProperties) = preSolution
		HideSolutionNode = FALSE
	EndGlobalSection
	GlobalSection(ExtensibilityGlobals) = postSolution
		SolutionGuid = {52FB51A2-6DA7-46E9-8C83-D3D5D5246CA9}
	EndGlobalSection
EndGlobal
