
Microsoft Visual Studio Solution File, Format Version 12.00
# Visual Studio Version 16
VisualStudioVersion = 16.0.31729.503
MinimumVisualStudioVersion = 10.0.40219.1
Project("{FAE04EC0-301F-11D3-BF4B-00C04F79EFBC}") = "Import with Hyperlink", "Import with Hyperlink\Import with Hyperlink.csproj", "{045E8A8E-2CB9-4FB2-8FDB-CD4F57838D8B}"
EndProject
Global
	GlobalSection(SolutionConfigurationPlatforms) = preSolution
		Debug|Any CPU = Debug|Any CPU
		Release|Any CPU = Release|Any CPU
	EndGlobalSection
	GlobalSection(ProjectConfigurationPlatforms) = postSolution
		{045E8A8E-2CB9-4FB2-8FDB-CD4F57838D8B}.Debug|Any CPU.ActiveCfg = Debug|Any CPU
		{045E8A8E-2CB9-4FB2-8FDB-CD4F57838D8B}.Debug|Any CPU.Build.0 = Debug|Any CPU
		{045E8A8E-2CB9-4FB2-8FDB-CD4F57838D8B}.Release|Any CPU.ActiveCfg = Release|Any CPU
		{045E8A8E-2CB9-4FB2-8FDB-CD4F57838D8B}.Release|Any CPU.Build.0 = Release|Any CPU
	EndGlobalSection
	GlobalSection(SolutionProperties) = preSolution
		HideSolutionNode = FALSE
	EndGlobalSection
	GlobalSection(ExtensibilityGlobals) = postSolution
		SolutionGuid = {20955EFC-DDEB-47F9-A700-CA99DA454A0B}
	EndGlobalSection
EndGlobal
