
Microsoft Visual Studio Solution File, Format Version 12.00
# Visual Studio Version 17
VisualStudioVersion = 17.14.36221.1 d17.14
MinimumVisualStudioVersion = 10.0.40219.1
Project("{FAE04EC0-301F-11D3-BF4B-00C04F79EFBC}") = "Boolean Data Type", "Boolean Data Type\Boolean Data Type.csproj", "{EB072FCB-A1C0-410A-B344-A6499B3539F5}"
EndProject
Global
	GlobalSection(SolutionConfigurationPlatforms) = preSolution
		Debug|Any CPU = Debug|Any CPU
		Release|Any CPU = Release|Any CPU
	EndGlobalSection
	GlobalSection(ProjectConfigurationPlatforms) = postSolution
		{EB072FCB-A1C0-410A-B344-A6499B3539F5}.Debug|Any CPU.ActiveCfg = Debug|Any CPU
		{EB072FCB-A1C0-410A-B344-A6499B3539F5}.Debug|Any CPU.Build.0 = Debug|Any CPU
		{EB072FCB-A1C0-410A-B344-A6499B3539F5}.Release|Any CPU.ActiveCfg = Release|Any CPU
		{EB072FCB-A1C0-410A-B344-A6499B3539F5}.Release|Any CPU.Build.0 = Release|Any CPU
	EndGlobalSection
	GlobalSection(SolutionProperties) = preSolution
		HideSolutionNode = FALSE
	EndGlobalSection
	GlobalSection(ExtensibilityGlobals) = postSolution
		SolutionGuid = {614B4D12-065F-464E-A76B-4DFF9DBAC17F}
	EndGlobalSection
EndGlobal
