
Microsoft Visual Studio Solution File, Format Version 12.00
# Visual Studio Version 16
VisualStudioVersion = 16.0.31729.503
MinimumVisualStudioVersion = 10.0.40219.1
Project("{FAE04EC0-301F-11D3-BF4B-00C04F79EFBC}") = "Format Pivot Cell", "Format Pivot Cell\Format Pivot Cell.csproj", "{AB0D1793-77A8-48A0-91ED-318B161D7D7E}"
EndProject
Global
	GlobalSection(SolutionConfigurationPlatforms) = preSolution
		Debug|Any CPU = Debug|Any CPU
		Release|Any CPU = Release|Any CPU
	EndGlobalSection
	GlobalSection(ProjectConfigurationPlatforms) = postSolution
		{AB0D1793-77A8-48A0-91ED-318B161D7D7E}.Debug|Any CPU.ActiveCfg = Debug|Any CPU
		{AB0D1793-77A8-48A0-91ED-318B161D7D7E}.Debug|Any CPU.Build.0 = Debug|Any CPU
		{AB0D1793-77A8-48A0-91ED-318B161D7D7E}.Release|Any CPU.ActiveCfg = Release|Any CPU
		{AB0D1793-77A8-48A0-91ED-318B161D7D7E}.Release|Any CPU.Build.0 = Release|Any CPU
	EndGlobalSection
	GlobalSection(SolutionProperties) = preSolution
		HideSolutionNode = FALSE
	EndGlobalSection
	GlobalSection(ExtensibilityGlobals) = postSolution
		SolutionGuid = {B4F97228-0802-4818-8CC1-46B9424CF1D9}
	EndGlobalSection
EndGlobal
