
Microsoft Visual Studio Solution File, Format Version 12.00
# Visual Studio Version 16
VisualStudioVersion = 16.0.31729.503
MinimumVisualStudioVersion = 10.0.40219.1
Project("{FAE04EC0-301F-11D3-BF4B-00C04F79EFBC}") = "Embed Fonts in PDF", "Embed Fonts in PDF\Embed Fonts in PDF.csproj", "{12B90C50-055E-4640-A390-5C7274875147}"
EndProject
Global
	GlobalSection(SolutionConfigurationPlatforms) = preSolution
		Debug|Any CPU = Debug|Any CPU
		Release|Any CPU = Release|Any CPU
	EndGlobalSection
	GlobalSection(ProjectConfigurationPlatforms) = postSolution
		{12B90C50-055E-4640-A390-5C7274875147}.Debug|Any CPU.ActiveCfg = Debug|Any CPU
		{12B90C50-055E-4640-A390-5C7274875147}.Debug|Any CPU.Build.0 = Debug|Any CPU
		{12B90C50-055E-4640-A390-5C7274875147}.Release|Any CPU.ActiveCfg = Release|Any CPU
		{12B90C50-055E-4640-A390-5C7274875147}.Release|Any CPU.Build.0 = Release|Any CPU
	EndGlobalSection
	GlobalSection(SolutionProperties) = preSolution
		HideSolutionNode = FALSE
	EndGlobalSection
	GlobalSection(ExtensibilityGlobals) = postSolution
		SolutionGuid = {9A3EC335-9172-4132-BE35-BC3BC719E8A4}
	EndGlobalSection
EndGlobal
