
Microsoft Visual Studio Solution File, Format Version 12.00
# Visual Studio Version 17
VisualStudioVersion = 17.14.36221.1 d17.14
MinimumVisualStudioVersion = 10.0.40219.1
Project("{FAE04EC0-301F-11D3-BF4B-00C04F79EFBC}") = "CustomFilterStringType", "CustomFilterStringType\CustomFilterStringType.csproj", "{F22EFEC1-0351-48AC-B50E-04211BEBD213}"
EndProject
Global
	GlobalSection(SolutionConfigurationPlatforms) = preSolution
		Debug|Any CPU = Debug|Any CPU
		Release|Any CPU = Release|Any CPU
	EndGlobalSection
	GlobalSection(ProjectConfigurationPlatforms) = postSolution
		{F22EFEC1-0351-48AC-B50E-04211BEBD213}.Debug|Any CPU.ActiveCfg = Debug|Any CPU
		{F22EFEC1-0351-48AC-B50E-04211BEBD213}.Debug|Any CPU.Build.0 = Debug|Any CPU
		{F22EFEC1-0351-48AC-B50E-04211BEBD213}.Release|Any CPU.ActiveCfg = Release|Any CPU
		{F22EFEC1-0351-48AC-B50E-04211BEBD213}.Release|Any CPU.Build.0 = Release|Any CPU
	EndGlobalSection
	GlobalSection(SolutionProperties) = preSolution
		HideSolutionNode = FALSE
	EndGlobalSection
	GlobalSection(ExtensibilityGlobals) = postSolution
		SolutionGuid = {577F87AB-4F9E-40F5-8D93-796229613048}
	EndGlobalSection
EndGlobal
