
Microsoft Visual Studio Solution File, Format Version 12.00
# Visual Studio Version 16
VisualStudioVersion = 16.0.32126.315
MinimumVisualStudioVersion = 10.0.40219.1
Project("{FAE04EC0-301F-11D3-BF4B-00C04F79EFBC}") = "Import Data Table", "Import Data Table\Import Data Table.csproj", "{37D00F47-E18E-4180-87EB-4CBFCC115F3A}"
EndProject
Global
	GlobalSection(SolutionConfigurationPlatforms) = preSolution
		Debug|Any CPU = Debug|Any CPU
		Release|Any CPU = Release|Any CPU
	EndGlobalSection
	GlobalSection(ProjectConfigurationPlatforms) = postSolution
		{37D00F47-E18E-4180-87EB-4CBFCC115F3A}.Debug|Any CPU.ActiveCfg = Debug|Any CPU
		{37D00F47-E18E-4180-87EB-4CBFCC115F3A}.Debug|Any CPU.Build.0 = Debug|Any CPU
		{37D00F47-E18E-4180-87EB-4CBFCC115F3A}.Release|Any CPU.ActiveCfg = Release|Any CPU
		{37D00F47-E18E-4180-87EB-4CBFCC115F3A}.Release|Any CPU.Build.0 = Release|Any CPU
	EndGlobalSection
	GlobalSection(SolutionProperties) = preSolution
		HideSolutionNode = FALSE
	EndGlobalSection
	GlobalSection(ExtensibilityGlobals) = postSolution
		SolutionGuid = {F3A73A48-F0F2-427A-8004-0D02972E1CDD}
	EndGlobalSection
EndGlobal
