
Microsoft Visual Studio Solution File, Format Version 12.00
# Visual Studio Version 16
VisualStudioVersion = 16.0.31729.503
MinimumVisualStudioVersion = 10.0.40219.1
Project("{FAE04EC0-301F-11D3-BF4B-00C04F79EFBC}") = "External Formula", "External Formula\External Formula.csproj", "{D3C654E2-4E75-4F3D-BFA7-22D0EA48621F}"
EndProject
Global
	GlobalSection(SolutionConfigurationPlatforms) = preSolution
		Debug|Any CPU = Debug|Any CPU
		Release|Any CPU = Release|Any CPU
	EndGlobalSection
	GlobalSection(ProjectConfigurationPlatforms) = postSolution
		{D3C654E2-4E75-4F3D-BFA7-22D0EA48621F}.Debug|Any CPU.ActiveCfg = Debug|Any CPU
		{D3C654E2-4E75-4F3D-BFA7-22D0EA48621F}.Debug|Any CPU.Build.0 = Debug|Any CPU
		{D3C654E2-4E75-4F3D-BFA7-22D0EA48621F}.Release|Any CPU.ActiveCfg = Release|Any CPU
		{D3C654E2-4E75-4F3D-BFA7-22D0EA48621F}.Release|Any CPU.Build.0 = Release|Any CPU
	EndGlobalSection
	GlobalSection(SolutionProperties) = preSolution
		HideSolutionNode = FALSE
	EndGlobalSection
	GlobalSection(ExtensibilityGlobals) = postSolution
		SolutionGuid = {BB27AC39-F232-40A6-9BC9-1F3441F989FC}
	EndGlobalSection
EndGlobal
