
Microsoft Visual Studio Solution File, Format Version 12.00
# Visual Studio Version 16
VisualStudioVersion = 16.0.32126.315
MinimumVisualStudioVersion = 10.0.40219.1
Project("{FAE04EC0-301F-11D3-BF4B-00C04F79EFBC}") = "Format Table", "Format Table\Format Table.csproj", "{F580586C-5205-498D-80A3-A3C96FC1388B}"
EndProject
Global
	GlobalSection(SolutionConfigurationPlatforms) = preSolution
		Debug|Any CPU = Debug|Any CPU
		Release|Any CPU = Release|Any CPU
	EndGlobalSection
	GlobalSection(ProjectConfigurationPlatforms) = postSolution
		{F580586C-5205-498D-80A3-A3C96FC1388B}.Debug|Any CPU.ActiveCfg = Debug|Any CPU
		{F580586C-5205-498D-80A3-A3C96FC1388B}.Debug|Any CPU.Build.0 = Debug|Any CPU
		{F580586C-5205-498D-80A3-A3C96FC1388B}.Release|Any CPU.ActiveCfg = Release|Any CPU
		{F580586C-5205-498D-80A3-A3C96FC1388B}.Release|Any CPU.Build.0 = Release|Any CPU
	EndGlobalSection
	GlobalSection(SolutionProperties) = preSolution
		HideSolutionNode = FALSE
	EndGlobalSection
	GlobalSection(ExtensibilityGlobals) = postSolution
		SolutionGuid = {FBB22E78-A97B-4E64-81F7-83FC0782E5DD}
	EndGlobalSection
EndGlobal
