
Microsoft Visual Studio Solution File, Format Version 12.00
# Visual Studio 15
VisualStudioVersion = 15.0.28307.1022
MinimumVisualStudioVersion = 10.0.40219.1
Project("{FAE04EC0-301F-11D3-BF4B-00C04F79EFBC}") = "LockedCells", "LockedCells\LockedCells.csproj", "{5E32740D-B7B6-4713-8F81-92D29971C6B8}"
EndProject
Global
	GlobalSection(SolutionConfigurationPlatforms) = preSolution
		Debug|Any CPU = Debug|Any CPU
		Release|Any CPU = Release|Any CPU
	EndGlobalSection
	GlobalSection(ProjectConfigurationPlatforms) = postSolution
		{5E32740D-B7B6-4713-8F81-92D29971C6B8}.Debug|Any CPU.ActiveCfg = Debug|Any CPU
		{5E32740D-B7B6-4713-8F81-92D29971C6B8}.Debug|Any CPU.Build.0 = Debug|Any CPU
		{5E32740D-B7B6-4713-8F81-92D29971C6B8}.Release|Any CPU.ActiveCfg = Release|Any CPU
		{5E32740D-B7B6-4713-8F81-92D29971C6B8}.Release|Any CPU.Build.0 = Release|Any CPU
	EndGlobalSection
	GlobalSection(SolutionProperties) = preSolution
		HideSolutionNode = FALSE
	EndGlobalSection
	GlobalSection(ExtensibilityGlobals) = postSolution
		SolutionGuid = {0D0A44C7-765A-4F3B-8EA2-F3410FB3C0C4}
	EndGlobalSection
EndGlobal
