
Microsoft Visual Studio Solution File, Format Version 12.00
# Visual Studio Version 16
VisualStudioVersion = 16.0.31729.503
MinimumVisualStudioVersion = 10.0.40219.1
Project("{FAE04EC0-301F-11D3-BF4B-00C04F79EFBC}") = "Option Button", "Option Button\Option Button.csproj", "{18A9054F-00C8-4C4E-A444-739EA65460FB}"
EndProject
Global
	GlobalSection(SolutionConfigurationPlatforms) = preSolution
		Debug|Any CPU = Debug|Any CPU
		Release|Any CPU = Release|Any CPU
	EndGlobalSection
	GlobalSection(ProjectConfigurationPlatforms) = postSolution
		{18A9054F-00C8-4C4E-A444-739EA65460FB}.Debug|Any CPU.ActiveCfg = Debug|Any CPU
		{18A9054F-00C8-4C4E-A444-739EA65460FB}.Debug|Any CPU.Build.0 = Debug|Any CPU
		{18A9054F-00C8-4C4E-A444-739EA65460FB}.Release|Any CPU.ActiveCfg = Release|Any CPU
		{18A9054F-00C8-4C4E-A444-739EA65460FB}.Release|Any CPU.Build.0 = Release|Any CPU
	EndGlobalSection
	GlobalSection(SolutionProperties) = preSolution
		HideSolutionNode = FALSE
	EndGlobalSection
	GlobalSection(ExtensibilityGlobals) = postSolution
		SolutionGuid = {E40A9F29-80D5-44F9-B469-AA70AEA9557A}
	EndGlobalSection
EndGlobal
