
Microsoft Visual Studio Solution File, Format Version 12.00
# Visual Studio Version 17
VisualStudioVersion = 17.14.36127.28 d17.14
MinimumVisualStudioVersion = 10.0.40219.1
Project("{FAE04EC0-301F-11D3-BF4B-00C04F79EFBC}") = "ConvertExcelToImage", "ConvertExcelToImage\ConvertExcelToImage.csproj", "{D5820699-156F-4AEF-97E5-BBAB636EA553}"
EndProject
Global
	GlobalSection(SolutionConfigurationPlatforms) = preSolution
		Debug|Any CPU = Debug|Any CPU
		Release|Any CPU = Release|Any CPU
	EndGlobalSection
	GlobalSection(ProjectConfigurationPlatforms) = postSolution
		{D5820699-156F-4AEF-97E5-BBAB636EA553}.Debug|Any CPU.ActiveCfg = Debug|Any CPU
		{D5820699-156F-4AEF-97E5-BBAB636EA553}.Debug|Any CPU.Build.0 = Debug|Any CPU
		{D5820699-156F-4AEF-97E5-BBAB636EA553}.Release|Any CPU.ActiveCfg = Release|Any CPU
		{D5820699-156F-4AEF-97E5-BBAB636EA553}.Release|Any CPU.Build.0 = Release|Any CPU
	EndGlobalSection
	GlobalSection(SolutionProperties) = preSolution
		HideSolutionNode = FALSE
	EndGlobalSection
	GlobalSection(ExtensibilityGlobals) = postSolution
		SolutionGuid = {3E476094-88E0-4860-B638-0230D52499E6}
	EndGlobalSection
EndGlobal
