
Microsoft Visual Studio Solution File, Format Version 12.00
# Visual Studio Version 17
VisualStudioVersion = 17.5.33516.290
MinimumVisualStudioVersion = 10.0.40219.1
Project("{FAE04EC0-301F-11D3-BF4B-00C04F79EFBC}") = "Convert-Excel-to-PDF", "Convert-Excel-to-PDF\Convert-Excel-to-PDF.csproj", "{675724F6-6A41-4466-B452-5760018C4FEA}"
EndProject
Global
	GlobalSection(SolutionConfigurationPlatforms) = preSolution
		Debug|Any CPU = Debug|Any CPU
		Release|Any CPU = Release|Any CPU
	EndGlobalSection
	GlobalSection(ProjectConfigurationPlatforms) = postSolution
		{675724F6-6A41-4466-B452-5760018C4FEA}.Debug|Any CPU.ActiveCfg = Debug|Any CPU
		{675724F6-6A41-4466-B452-5760018C4FEA}.Debug|Any CPU.Build.0 = Debug|Any CPU
		{675724F6-6A41-4466-B452-5760018C4FEA}.Release|Any CPU.ActiveCfg = Release|Any CPU
		{675724F6-6A41-4466-B452-5760018C4FEA}.Release|Any CPU.Build.0 = Release|Any CPU
	EndGlobalSection
	GlobalSection(SolutionProperties) = preSolution
		HideSolutionNode = FALSE
	EndGlobalSection
	GlobalSection(ExtensibilityGlobals) = postSolution
		SolutionGuid = {73025860-39DA-4DF6-8CC3-D9D7A29408E2}
	EndGlobalSection
EndGlobal
