
Microsoft Visual Studio Solution File, Format Version 12.00
# Visual Studio Version 17
VisualStudioVersion = 17.5.33516.290
MinimumVisualStudioVersion = 10.0.40219.1
Project("{FAE04EC0-301F-11D3-BF4B-00C04F79EFBC}") = "Convert-Excel-to-PDF", "Convert-Excel-to-PDF\Convert-Excel-to-PDF.csproj", "{AAEA8DE9-60DE-4C94-84C6-B326724AE0BD}"
EndProject
Global
	GlobalSection(SolutionConfigurationPlatforms) = preSolution
		Debug|Any CPU = Debug|Any CPU
		Release|Any CPU = Release|Any CPU
	EndGlobalSection
	GlobalSection(ProjectConfigurationPlatforms) = postSolution
		{AAEA8DE9-60DE-4C94-84C6-B326724AE0BD}.Debug|Any CPU.ActiveCfg = Debug|Any CPU
		{AAEA8DE9-60DE-4C94-84C6-B326724AE0BD}.Debug|Any CPU.Build.0 = Debug|Any CPU
		{AAEA8DE9-60DE-4C94-84C6-B326724AE0BD}.Release|Any CPU.ActiveCfg = Release|Any CPU
		{AAEA8DE9-60DE-4C94-84C6-B326724AE0BD}.Release|Any CPU.Build.0 = Release|Any CPU
	EndGlobalSection
	GlobalSection(SolutionProperties) = preSolution
		HideSolutionNode = FALSE
	EndGlobalSection
	GlobalSection(ExtensibilityGlobals) = postSolution
		SolutionGuid = {BB0DECF5-AE91-4839-ADEC-E016FCB408D9}
	EndGlobalSection
EndGlobal
