
Microsoft Visual Studio Solution File, Format Version 12.00
# Visual Studio 15
VisualStudioVersion = 15.0.28307.1022
MinimumVisualStudioVersion = 10.0.40219.1
Project("{FAE04EC0-301F-11D3-BF4B-00C04F79EFBC}") = "Decrypt-Excel", "Decrypt-Excel\Decrypt-Excel.csproj", "{15F4D47A-4EE9-4618-88EB-72D6FEF151EA}"
EndProject
Global
	GlobalSection(SolutionConfigurationPlatforms) = preSolution
		Debug|Any CPU = Debug|Any CPU
		Release|Any CPU = Release|Any CPU
	EndGlobalSection
	GlobalSection(ProjectConfigurationPlatforms) = postSolution
		{15F4D47A-4EE9-4618-88EB-72D6FEF151EA}.Debug|Any CPU.ActiveCfg = Debug|Any CPU
		{15F4D47A-4EE9-4618-88EB-72D6FEF151EA}.Debug|Any CPU.Build.0 = Debug|Any CPU
		{15F4D47A-4EE9-4618-88EB-72D6FEF151EA}.Release|Any CPU.ActiveCfg = Release|Any CPU
		{15F4D47A-4EE9-4618-88EB-72D6FEF151EA}.Release|Any CPU.Build.0 = Release|Any CPU
	EndGlobalSection
	GlobalSection(SolutionProperties) = preSolution
		HideSolutionNode = FALSE
	EndGlobalSection
	GlobalSection(ExtensibilityGlobals) = postSolution
		SolutionGuid = {10B086C4-DBCA-48C8-B5E1-79F85E409FD6}
	EndGlobalSection
EndGlobal
