
Microsoft Visual Studio Solution File, Format Version 12.00
# Visual Studio Version 16
VisualStudioVersion = 16.0.31729.503
MinimumVisualStudioVersion = 10.0.40219.1
Project("{9A19103F-16F7-4668-BE54-9A1E7A4F7556}") = "Expand or Collapse Pivot Rows", "Expand or Collapse Pivot Rows\Expand or Collapse Pivot Rows.csproj", "{549B5C63-8FDE-4037-8088-0AA2D144433A}"
EndProject
Global
	GlobalSection(SolutionConfigurationPlatforms) = preSolution
		Debug|Any CPU = Debug|Any CPU
		Release|Any CPU = Release|Any CPU
	EndGlobalSection
	GlobalSection(ProjectConfigurationPlatforms) = postSolution
		{549B5C63-8FDE-4037-8088-0AA2D144433A}.Debug|Any CPU.ActiveCfg = Debug|Any CPU
		{549B5C63-8FDE-4037-8088-0AA2D144433A}.Debug|Any CPU.Build.0 = Debug|Any CPU
		{549B5C63-8FDE-4037-8088-0AA2D144433A}.Release|Any CPU.ActiveCfg = Release|Any CPU
		{549B5C63-8FDE-4037-8088-0AA2D144433A}.Release|Any CPU.Build.0 = Release|Any CPU
	EndGlobalSection
	GlobalSection(SolutionProperties) = preSolution
		HideSolutionNode = FALSE
	EndGlobalSection
	GlobalSection(ExtensibilityGlobals) = postSolution
		SolutionGuid = {42463CEA-B354-49ED-856B-0F8B1724836A}
	EndGlobalSection
EndGlobal
