
Microsoft Visual Studio Solution File, Format Version 12.00
# Visual Studio Version 16
VisualStudioVersion = 16.0.32126.315
MinimumVisualStudioVersion = 10.0.40219.1
Project("{FAE04EC0-301F-11D3-BF4B-00C04F79EFBC}") = "Remove Macro with Name", "Remove Macro with Name\Remove Macro with Name.csproj", "{632978B0-6022-4962-9E2B-7E11298EE591}"
EndProject
Global
	GlobalSection(SolutionConfigurationPlatforms) = preSolution
		Debug|Any CPU = Debug|Any CPU
		Release|Any CPU = Release|Any CPU
	EndGlobalSection
	GlobalSection(ProjectConfigurationPlatforms) = postSolution
		{632978B0-6022-4962-9E2B-7E11298EE591}.Debug|Any CPU.ActiveCfg = Debug|Any CPU
		{632978B0-6022-4962-9E2B-7E11298EE591}.Debug|Any CPU.Build.0 = Debug|Any CPU
		{632978B0-6022-4962-9E2B-7E11298EE591}.Release|Any CPU.ActiveCfg = Release|Any CPU
		{632978B0-6022-4962-9E2B-7E11298EE591}.Release|Any CPU.Build.0 = Release|Any CPU
	EndGlobalSection
	GlobalSection(SolutionProperties) = preSolution
		HideSolutionNode = FALSE
	EndGlobalSection
	GlobalSection(ExtensibilityGlobals) = postSolution
		SolutionGuid = {CB469189-A988-4FAC-8F09-5BC265A66F7E}
	EndGlobalSection
EndGlobal
