
Microsoft Visual Studio Solution File, Format Version 12.00
# Visual Studio Version 17
VisualStudioVersion = 17.14.36127.28 d17.14
MinimumVisualStudioVersion = 10.0.40219.1
Project("{FAE04EC0-301F-11D3-BF4B-00C04F79EFBC}") = "ConvertExceltoPDF", "ConvertExceltoPDF\ConvertExceltoPDF.csproj", "{0D845785-5F70-4B8B-8982-737E5BF58135}"
EndProject
Global
	GlobalSection(SolutionConfigurationPlatforms) = preSolution
		Debug|Any CPU = Debug|Any CPU
		Release|Any CPU = Release|Any CPU
	EndGlobalSection
	GlobalSection(ProjectConfigurationPlatforms) = postSolution
		{0D845785-5F70-4B8B-8982-737E5BF58135}.Debug|Any CPU.ActiveCfg = Debug|Any CPU
		{0D845785-5F70-4B8B-8982-737E5BF58135}.Debug|Any CPU.Build.0 = Debug|Any CPU
		{0D845785-5F70-4B8B-8982-737E5BF58135}.Release|Any CPU.ActiveCfg = Release|Any CPU
		{0D845785-5F70-4B8B-8982-737E5BF58135}.Release|Any CPU.Build.0 = Release|Any CPU
	EndGlobalSection
	GlobalSection(SolutionProperties) = preSolution
		HideSolutionNode = FALSE
	EndGlobalSection
	GlobalSection(ExtensibilityGlobals) = postSolution
		SolutionGuid = {3599B912-BC41-4D46-BF2C-1F6A12870EF6}
	EndGlobalSection
EndGlobal
