
Microsoft Visual Studio Solution File, Format Version 12.00
# Visual Studio Version 16
VisualStudioVersion = 16.0.32126.315
MinimumVisualStudioVersion = 10.0.40219.1
Project("{FAE04EC0-301F-11D3-BF4B-00C04F79EFBC}") = "Workbook to JSON with Schema", "Workbook to JSON with Schema\Workbook to JSON with Schema.csproj", "{0CB26DAC-5BAC-4097-838D-13ADEA0CD3AD}"
EndProject
Global
	GlobalSection(SolutionConfigurationPlatforms) = preSolution
		Debug|Any CPU = Debug|Any CPU
		Release|Any CPU = Release|Any CPU
	EndGlobalSection
	GlobalSection(ProjectConfigurationPlatforms) = postSolution
		{0CB26DAC-5BAC-4097-838D-13ADEA0CD3AD}.Debug|Any CPU.ActiveCfg = Debug|Any CPU
		{0CB26DAC-5BAC-4097-838D-13ADEA0CD3AD}.Debug|Any CPU.Build.0 = Debug|Any CPU
		{0CB26DAC-5BAC-4097-838D-13ADEA0CD3AD}.Release|Any CPU.ActiveCfg = Release|Any CPU
		{0CB26DAC-5BAC-4097-838D-13ADEA0CD3AD}.Release|Any CPU.Build.0 = Release|Any CPU
	EndGlobalSection
	GlobalSection(SolutionProperties) = preSolution
		HideSolutionNode = FALSE
	EndGlobalSection
	GlobalSection(ExtensibilityGlobals) = postSolution
		SolutionGuid = {B91CD71D-F732-401F-8A99-DFE64A940598}
	EndGlobalSection
EndGlobal
