
Microsoft Visual Studio Solution File, Format Version 12.00
# Visual Studio Version 16
VisualStudioVersion = 16.0.31729.503
MinimumVisualStudioVersion = 10.0.40219.1
Project("{FAE04EC0-301F-11D3-BF4B-00C04F79EFBC}") = "Explode Pie Chart", "Explode Pie Chart\Explode Pie Chart.csproj", "{D35F0E65-FD1B-4716-8A09-C9E52BA1F2B1}"
EndProject
Global
	GlobalSection(SolutionConfigurationPlatforms) = preSolution
		Debug|Any CPU = Debug|Any CPU
		Release|Any CPU = Release|Any CPU
	EndGlobalSection
	GlobalSection(ProjectConfigurationPlatforms) = postSolution
		{D35F0E65-FD1B-4716-8A09-C9E52BA1F2B1}.Debug|Any CPU.ActiveCfg = Debug|Any CPU
		{D35F0E65-FD1B-4716-8A09-C9E52BA1F2B1}.Debug|Any CPU.Build.0 = Debug|Any CPU
		{D35F0E65-FD1B-4716-8A09-C9E52BA1F2B1}.Release|Any CPU.ActiveCfg = Release|Any CPU
		{D35F0E65-FD1B-4716-8A09-C9E52BA1F2B1}.Release|Any CPU.Build.0 = Release|Any CPU
	EndGlobalSection
	GlobalSection(SolutionProperties) = preSolution
		HideSolutionNode = FALSE
	EndGlobalSection
	GlobalSection(ExtensibilityGlobals) = postSolution
		SolutionGuid = {8BD87420-6E2D-4797-B5DF-29AF15DF065A}
	EndGlobalSection
EndGlobal
