
Microsoft Visual Studio Solution File, Format Version 12.00
# Visual Studio Version 17
VisualStudioVersion = 17.9.34310.174
MinimumVisualStudioVersion = 10.0.40219.1
Project("{FAE04EC0-301F-11D3-BF4B-00C04F79EFBC}") = "Replace", "Replace\Replace.csproj", "{5B547108-737B-4DBE-A156-B616BF30E42C}"
EndProject
Global
	GlobalSection(SolutionConfigurationPlatforms) = preSolution
		Debug|Any CPU = Debug|Any CPU
		Release|Any CPU = Release|Any CPU
	EndGlobalSection
	GlobalSection(ProjectConfigurationPlatforms) = postSolution
		{5B547108-737B-4DBE-A156-B616BF30E42C}.Debug|Any CPU.ActiveCfg = Debug|Any CPU
		{5B547108-737B-4DBE-A156-B616BF30E42C}.Debug|Any CPU.Build.0 = Debug|Any CPU
		{5B547108-737B-4DBE-A156-B616BF30E42C}.Release|Any CPU.ActiveCfg = Release|Any CPU
		{5B547108-737B-4DBE-A156-B616BF30E42C}.Release|Any CPU.Build.0 = Release|Any CPU
	EndGlobalSection
	GlobalSection(SolutionProperties) = preSolution
		HideSolutionNode = FALSE
	EndGlobalSection
	GlobalSection(ExtensibilityGlobals) = postSolution
		SolutionGuid = {E9452216-B49D-4439-B2C9-73A7B5C42CEC}
	EndGlobalSection
EndGlobal
