
Microsoft Visual Studio Solution File, Format Version 12.00
# Visual Studio Version 16
VisualStudioVersion = 16.0.31729.503
MinimumVisualStudioVersion = 10.0.40219.1
Project("{9A19103F-16F7-4668-BE54-9A1E7A4F7556}") = "Group Rows and Columns", "Group Rows and Columns\Group Rows and Columns.csproj", "{B92BCEC1-044B-4251-9871-C77F2DCDC592}"
EndProject
Global
	GlobalSection(SolutionConfigurationPlatforms) = preSolution
		Debug|Any CPU = Debug|Any CPU
		Release|Any CPU = Release|Any CPU
	EndGlobalSection
	GlobalSection(ProjectConfigurationPlatforms) = postSolution
		{B92BCEC1-044B-4251-9871-C77F2DCDC592}.Debug|Any CPU.ActiveCfg = Debug|Any CPU
		{B92BCEC1-044B-4251-9871-C77F2DCDC592}.Debug|Any CPU.Build.0 = Debug|Any CPU
		{B92BCEC1-044B-4251-9871-C77F2DCDC592}.Release|Any CPU.ActiveCfg = Release|Any CPU
		{B92BCEC1-044B-4251-9871-C77F2DCDC592}.Release|Any CPU.Build.0 = Release|Any CPU
	EndGlobalSection
	GlobalSection(SolutionProperties) = preSolution
		HideSolutionNode = FALSE
	EndGlobalSection
	GlobalSection(ExtensibilityGlobals) = postSolution
		SolutionGuid = {4769801F-23BC-492D-9940-A7B7A8BEFF1F}
	EndGlobalSection
EndGlobal
