
Microsoft Visual Studio Solution File, Format Version 12.00
# Visual Studio Version 17
VisualStudioVersion = 17.9.34310.174
MinimumVisualStudioVersion = 10.0.40219.1
Project("{FAE04EC0-301F-11D3-BF4B-00C04F79EFBC}") = "Get Row Height and Column Width in Pixels", "Get Row Height and Column Width in Pixels\Get Row Height and Column Width in Pixels.csproj", "{2E122617-D2C7-4102-AF81-CEDA4F7F77BC}"
EndProject
Global
	GlobalSection(SolutionConfigurationPlatforms) = preSolution
		Debug|Any CPU = Debug|Any CPU
		Release|Any CPU = Release|Any CPU
	EndGlobalSection
	GlobalSection(ProjectConfigurationPlatforms) = postSolution
		{2E122617-D2C7-4102-AF81-CEDA4F7F77BC}.Debug|Any CPU.ActiveCfg = Debug|Any CPU
		{2E122617-D2C7-4102-AF81-CEDA4F7F77BC}.Debug|Any CPU.Build.0 = Debug|Any CPU
		{2E122617-D2C7-4102-AF81-CEDA4F7F77BC}.Release|Any CPU.ActiveCfg = Release|Any CPU
		{2E122617-D2C7-4102-AF81-CEDA4F7F77BC}.Release|Any CPU.Build.0 = Release|Any CPU
	EndGlobalSection
	GlobalSection(SolutionProperties) = preSolution
		HideSolutionNode = FALSE
	EndGlobalSection
	GlobalSection(ExtensibilityGlobals) = postSolution
		SolutionGuid = {6121E09A-8AC5-4FBC-99AB-85C44D57F5A6}
	EndGlobalSection
EndGlobal
