
Microsoft Visual Studio Solution File, Format Version 12.00
# Visual Studio Version 16
VisualStudioVersion = 16.0.31729.503
MinimumVisualStudioVersion = 10.0.40219.1
Project("{9A19103F-16F7-4668-BE54-9A1E7A4F7556}") = "DataView to Worksheet", "DataView to Worksheet\DataView to Worksheet.csproj", "{A0AC0E9D-E8D1-4748-8F15-76A29359B316}"
EndProject
Global
	GlobalSection(SolutionConfigurationPlatforms) = preSolution
		Debug|Any CPU = Debug|Any CPU
		Release|Any CPU = Release|Any CPU
	EndGlobalSection
	GlobalSection(ProjectConfigurationPlatforms) = postSolution
		{A0AC0E9D-E8D1-4748-8F15-76A29359B316}.Debug|Any CPU.ActiveCfg = Debug|Any CPU
		{A0AC0E9D-E8D1-4748-8F15-76A29359B316}.Debug|Any CPU.Build.0 = Debug|Any CPU
		{A0AC0E9D-E8D1-4748-8F15-76A29359B316}.Release|Any CPU.ActiveCfg = Release|Any CPU
		{A0AC0E9D-E8D1-4748-8F15-76A29359B316}.Release|Any CPU.Build.0 = Release|Any CPU
	EndGlobalSection
	GlobalSection(SolutionProperties) = preSolution
		HideSolutionNode = FALSE
	EndGlobalSection
	GlobalSection(ExtensibilityGlobals) = postSolution
		SolutionGuid = {B4B6EFA7-F707-4AD1-91A2-E1990F3406BA}
	EndGlobalSection
EndGlobal
