
Microsoft Visual Studio Solution File, Format Version 12.00
# Visual Studio Version 16
VisualStudioVersion = 16.0.32126.315
MinimumVisualStudioVersion = 10.0.40219.1
Project("{FAE04EC0-301F-11D3-BF4B-00C04F79EFBC}") = "Create Macro as Document", "Create Macro as Document\Create Macro as Document.csproj", "{0FD79559-D752-4D26-ADF4-91BB74F7F78A}"
EndProject
Global
	GlobalSection(SolutionConfigurationPlatforms) = preSolution
		Debug|Any CPU = Debug|Any CPU
		Release|Any CPU = Release|Any CPU
	EndGlobalSection
	GlobalSection(ProjectConfigurationPlatforms) = postSolution
		{0FD79559-D752-4D26-ADF4-91BB74F7F78A}.Debug|Any CPU.ActiveCfg = Debug|Any CPU
		{0FD79559-D752-4D26-ADF4-91BB74F7F78A}.Debug|Any CPU.Build.0 = Debug|Any CPU
		{0FD79559-D752-4D26-ADF4-91BB74F7F78A}.Release|Any CPU.ActiveCfg = Release|Any CPU
		{0FD79559-D752-4D26-ADF4-91BB74F7F78A}.Release|Any CPU.Build.0 = Release|Any CPU
	EndGlobalSection
	GlobalSection(SolutionProperties) = preSolution
		HideSolutionNode = FALSE
	EndGlobalSection
	GlobalSection(ExtensibilityGlobals) = postSolution
		SolutionGuid = {0AAAA0C2-253D-4B64-A400-AF59A73F63D9}
	EndGlobalSection
EndGlobal
