
Microsoft Visual Studio Solution File, Format Version 12.00
# Visual Studio Version 16
VisualStudioVersion = 16.0.31729.503
MinimumVisualStudioVersion = 10.0.40219.1
Project("{FAE04EC0-301F-11D3-BF4B-00C04F79EFBC}") = "Quality Image in PDF", "Quality Image in PDF\Quality Image in PDF.csproj", "{ADB75114-1EE4-4490-A026-9D7EEA66B737}"
EndProject
Global
	GlobalSection(SolutionConfigurationPlatforms) = preSolution
		Debug|Any CPU = Debug|Any CPU
		Release|Any CPU = Release|Any CPU
	EndGlobalSection
	GlobalSection(ProjectConfigurationPlatforms) = postSolution
		{ADB75114-1EE4-4490-A026-9D7EEA66B737}.Debug|Any CPU.ActiveCfg = Debug|Any CPU
		{ADB75114-1EE4-4490-A026-9D7EEA66B737}.Debug|Any CPU.Build.0 = Debug|Any CPU
		{ADB75114-1EE4-4490-A026-9D7EEA66B737}.Release|Any CPU.ActiveCfg = Release|Any CPU
		{ADB75114-1EE4-4490-A026-9D7EEA66B737}.Release|Any CPU.Build.0 = Release|Any CPU
	EndGlobalSection
	GlobalSection(SolutionProperties) = preSolution
		HideSolutionNode = FALSE
	EndGlobalSection
	GlobalSection(ExtensibilityGlobals) = postSolution
		SolutionGuid = {C1E1FD78-4DB9-4129-9639-C5232668E913}
	EndGlobalSection
EndGlobal
