
Microsoft Visual Studio Solution File, Format Version 12.00
# Visual Studio Version 16
VisualStudioVersion = 16.0.31729.503
MinimumVisualStudioVersion = 10.0.40219.1
Project("{FAE04EC0-301F-11D3-BF4B-00C04F79EFBC}") = "Access Used Range", "Access Used Range\Access Used Range.csproj", "{9EA5D071-DD0C-44B3-83D5-4263569B540E}"
EndProject
Global
	GlobalSection(SolutionConfigurationPlatforms) = preSolution
		Debug|Any CPU = Debug|Any CPU
		Release|Any CPU = Release|Any CPU
	EndGlobalSection
	GlobalSection(ProjectConfigurationPlatforms) = postSolution
		{9EA5D071-DD0C-44B3-83D5-4263569B540E}.Debug|Any CPU.ActiveCfg = Debug|Any CPU
		{9EA5D071-DD0C-44B3-83D5-4263569B540E}.Debug|Any CPU.Build.0 = Debug|Any CPU
		{9EA5D071-DD0C-44B3-83D5-4263569B540E}.Release|Any CPU.ActiveCfg = Release|Any CPU
		{9EA5D071-DD0C-44B3-83D5-4263569B540E}.Release|Any CPU.Build.0 = Release|Any CPU
	EndGlobalSection
	GlobalSection(SolutionProperties) = preSolution
		HideSolutionNode = FALSE
	EndGlobalSection
	GlobalSection(ExtensibilityGlobals) = postSolution
		SolutionGuid = {D77207B3-72BB-42BA-A511-90D15B04CA94}
	EndGlobalSection
EndGlobal
