
Microsoft Visual Studio Solution File, Format Version 12.00
# Visual Studio Version 16
VisualStudioVersion = 16.0.31729.503
MinimumVisualStudioVersion = 10.0.40219.1
Project("{FAE04EC0-301F-11D3-BF4B-00C04F79EFBC}") = "Create Excel", "Create Excel\Create Excel.csproj", "{E25372E7-3AC9-41DD-88C4-41DB02E1DCC0}"
EndProject
Global
	GlobalSection(SolutionConfigurationPlatforms) = preSolution
		Debug|Any CPU = Debug|Any CPU
		Release|Any CPU = Release|Any CPU
	EndGlobalSection
	GlobalSection(ProjectConfigurationPlatforms) = postSolution
		{E25372E7-3AC9-41DD-88C4-41DB02E1DCC0}.Debug|Any CPU.ActiveCfg = Debug|Any CPU
		{E25372E7-3AC9-41DD-88C4-41DB02E1DCC0}.Debug|Any CPU.Build.0 = Debug|Any CPU
		{E25372E7-3AC9-41DD-88C4-41DB02E1DCC0}.Release|Any CPU.ActiveCfg = Release|Any CPU
		{E25372E7-3AC9-41DD-88C4-41DB02E1DCC0}.Release|Any CPU.Build.0 = Release|Any CPU
	EndGlobalSection
	GlobalSection(SolutionProperties) = preSolution
		HideSolutionNode = FALSE
	EndGlobalSection
	GlobalSection(ExtensibilityGlobals) = postSolution
		SolutionGuid = {5761B874-5AF0-4C58-8C3E-A395EA03840E}
	EndGlobalSection
EndGlobal
