
Microsoft Visual Studio Solution File, Format Version 12.00
# Visual Studio Version 17
VisualStudioVersion = 17.5.33516.290
MinimumVisualStudioVersion = 10.0.40219.1
Project("{FAE04EC0-301F-11D3-BF4B-00C04F79EFBC}") = "TemplateMarker-with-Formulas", "TemplateMarker-with-Formulas\TemplateMarker-with-Formulas.csproj", "{0648A07E-FF1A-4A1F-9957-C3B2D6ADA3E2}"
EndProject
Global
	GlobalSection(SolutionConfigurationPlatforms) = preSolution
		Debug|Any CPU = Debug|Any CPU
		Release|Any CPU = Release|Any CPU
	EndGlobalSection
	GlobalSection(ProjectConfigurationPlatforms) = postSolution
		{0648A07E-FF1A-4A1F-9957-C3B2D6ADA3E2}.Debug|Any CPU.ActiveCfg = Debug|Any CPU
		{0648A07E-FF1A-4A1F-9957-C3B2D6ADA3E2}.Debug|Any CPU.Build.0 = Debug|Any CPU
		{0648A07E-FF1A-4A1F-9957-C3B2D6ADA3E2}.Release|Any CPU.ActiveCfg = Release|Any CPU
		{0648A07E-FF1A-4A1F-9957-C3B2D6ADA3E2}.Release|Any CPU.Build.0 = Release|Any CPU
	EndGlobalSection
	GlobalSection(SolutionProperties) = preSolution
		HideSolutionNode = FALSE
	EndGlobalSection
	GlobalSection(ExtensibilityGlobals) = postSolution
		SolutionGuid = {D4FB1229-FEB5-4842-85BD-2C840049D8C2}
	EndGlobalSection
EndGlobal
