
Microsoft Visual Studio Solution File, Format Version 12.00
# Visual Studio Version 16
VisualStudioVersion = 16.0.31729.503
MinimumVisualStudioVersion = 10.0.40219.1
Project("{FAE04EC0-301F-11D3-BF4B-00C04F79EFBC}") = "Delete Rows Columns", "Delete Rows Columns\Delete Rows Columns.csproj", "{3D1C5D53-4851-468D-BFB6-7FFFBCA87893}"
EndProject
Global
	GlobalSection(SolutionConfigurationPlatforms) = preSolution
		Debug|Any CPU = Debug|Any CPU
		Release|Any CPU = Release|Any CPU
	EndGlobalSection
	GlobalSection(ProjectConfigurationPlatforms) = postSolution
		{3D1C5D53-4851-468D-BFB6-7FFFBCA87893}.Debug|Any CPU.ActiveCfg = Debug|Any CPU
		{3D1C5D53-4851-468D-BFB6-7FFFBCA87893}.Debug|Any CPU.Build.0 = Debug|Any CPU
		{3D1C5D53-4851-468D-BFB6-7FFFBCA87893}.Release|Any CPU.ActiveCfg = Release|Any CPU
		{3D1C5D53-4851-468D-BFB6-7FFFBCA87893}.Release|Any CPU.Build.0 = Release|Any CPU
	EndGlobalSection
	GlobalSection(SolutionProperties) = preSolution
		HideSolutionNode = FALSE
	EndGlobalSection
	GlobalSection(ExtensibilityGlobals) = postSolution
		SolutionGuid = {0DAD9656-2902-4400-A2AF-B7BA9F87D902}
	EndGlobalSection
EndGlobal
