
Microsoft Visual Studio Solution File, Format Version 12.00
# Visual Studio Version 16
VisualStudioVersion = 16.0.31729.503
MinimumVisualStudioVersion = 10.0.40219.1
Project("{FAE04EC0-301F-11D3-BF4B-00C04F79EFBC}") = "Histogram", "Histogram\Histogram.csproj", "{FF1B466F-E571-4904-A790-C4D90391428F}"
EndProject
Global
	GlobalSection(SolutionConfigurationPlatforms) = preSolution
		Debug|Any CPU = Debug|Any CPU
		Release|Any CPU = Release|Any CPU
	EndGlobalSection
	GlobalSection(ProjectConfigurationPlatforms) = postSolution
		{FF1B466F-E571-4904-A790-C4D90391428F}.Debug|Any CPU.ActiveCfg = Debug|Any CPU
		{FF1B466F-E571-4904-A790-C4D90391428F}.Debug|Any CPU.Build.0 = Debug|Any CPU
		{FF1B466F-E571-4904-A790-C4D90391428F}.Release|Any CPU.ActiveCfg = Release|Any CPU
		{FF1B466F-E571-4904-A790-C4D90391428F}.Release|Any CPU.Build.0 = Release|Any CPU
	EndGlobalSection
	GlobalSection(SolutionProperties) = preSolution
		HideSolutionNode = FALSE
	EndGlobalSection
	GlobalSection(ExtensibilityGlobals) = postSolution
		SolutionGuid = {6FD608FA-8C0B-429F-8F8F-6E71A2778815}
	EndGlobalSection
EndGlobal
