
Microsoft Visual Studio Solution File, Format Version 12.00
# Visual Studio Version 16
VisualStudioVersion = 16.0.31729.503
MinimumVisualStudioVersion = 10.0.40219.1
Project("{9A19103F-16F7-4668-BE54-9A1E7A4F7556}") = "Read and Save CSV", "Read and Save CSV\Read and Save CSV.csproj", "{098062CB-2B27-4D4C-81A9-0C736D8F6637}"
EndProject
Global
	GlobalSection(SolutionConfigurationPlatforms) = preSolution
		Debug|Any CPU = Debug|Any CPU
		Release|Any CPU = Release|Any CPU
	EndGlobalSection
	GlobalSection(ProjectConfigurationPlatforms) = postSolution
		{098062CB-2B27-4D4C-81A9-0C736D8F6637}.Debug|Any CPU.ActiveCfg = Debug|Any CPU
		{098062CB-2B27-4D4C-81A9-0C736D8F6637}.Debug|Any CPU.Build.0 = Debug|Any CPU
		{098062CB-2B27-4D4C-81A9-0C736D8F6637}.Release|Any CPU.ActiveCfg = Release|Any CPU
		{098062CB-2B27-4D4C-81A9-0C736D8F6637}.Release|Any CPU.Build.0 = Release|Any CPU
	EndGlobalSection
	GlobalSection(SolutionProperties) = preSolution
		HideSolutionNode = FALSE
	EndGlobalSection
	GlobalSection(ExtensibilityGlobals) = postSolution
		SolutionGuid = {0CF6D787-058B-4795-8DA7-8BEC14EFCE1F}
	EndGlobalSection
EndGlobal
