
Microsoft Visual Studio Solution File, Format Version 12.00
# Visual Studio Version 16
VisualStudioVersion = 16.0.31729.503
MinimumVisualStudioVersion = 10.0.40219.1
Project("{FAE04EC0-301F-11D3-BF4B-00C04F79EFBC}") = "Split Panes", "Split Panes\Split Panes.csproj", "{6A5020AA-5989-4A36-BA55-6D1665137F6F}"
EndProject
Global
	GlobalSection(SolutionConfigurationPlatforms) = preSolution
		Debug|Any CPU = Debug|Any CPU
		Release|Any CPU = Release|Any CPU
	EndGlobalSection
	GlobalSection(ProjectConfigurationPlatforms) = postSolution
		{6A5020AA-5989-4A36-BA55-6D1665137F6F}.Debug|Any CPU.ActiveCfg = Debug|Any CPU
		{6A5020AA-5989-4A36-BA55-6D1665137F6F}.Debug|Any CPU.Build.0 = Debug|Any CPU
		{6A5020AA-5989-4A36-BA55-6D1665137F6F}.Release|Any CPU.ActiveCfg = Release|Any CPU
		{6A5020AA-5989-4A36-BA55-6D1665137F6F}.Release|Any CPU.Build.0 = Release|Any CPU
	EndGlobalSection
	GlobalSection(SolutionProperties) = preSolution
		HideSolutionNode = FALSE
	EndGlobalSection
	GlobalSection(ExtensibilityGlobals) = postSolution
		SolutionGuid = {1DE4B711-A4A8-4825-8E91-CE594E727EC0}
	EndGlobalSection
EndGlobal
