
Microsoft Visual Studio Solution File, Format Version 12.00
# Visual Studio Version 17
VisualStudioVersion = 17.9.34310.174
MinimumVisualStudioVersion = 10.0.40219.1
Project("{FAE04EC0-301F-11D3-BF4B-00C04F79EFBC}") = "Edit Excel", "Edit Excel\Edit Excel.csproj", "{03B7D8AA-2721-439B-8CD0-9E692BFCC8EB}"
EndProject
Global
	GlobalSection(SolutionConfigurationPlatforms) = preSolution
		Debug|Any CPU = Debug|Any CPU
		Release|Any CPU = Release|Any CPU
	EndGlobalSection
	GlobalSection(ProjectConfigurationPlatforms) = postSolution
		{03B7D8AA-2721-439B-8CD0-9E692BFCC8EB}.Debug|Any CPU.ActiveCfg = Debug|Any CPU
		{03B7D8AA-2721-439B-8CD0-9E692BFCC8EB}.Debug|Any CPU.Build.0 = Debug|Any CPU
		{03B7D8AA-2721-439B-8CD0-9E692BFCC8EB}.Release|Any CPU.ActiveCfg = Release|Any CPU
		{03B7D8AA-2721-439B-8CD0-9E692BFCC8EB}.Release|Any CPU.Build.0 = Release|Any CPU
	EndGlobalSection
	GlobalSection(SolutionProperties) = preSolution
		HideSolutionNode = FALSE
	EndGlobalSection
	GlobalSection(ExtensibilityGlobals) = postSolution
		SolutionGuid = {7B54A68F-04EF-41F4-AC85-0A68621C7F0E}
	EndGlobalSection
EndGlobal
