
Microsoft Visual Studio Solution File, Format Version 12.00
# Visual Studio Version 17
VisualStudioVersion = 17.9.34310.174
MinimumVisualStudioVersion = 10.0.40219.1
Project("{FAE04EC0-301F-11D3-BF4B-00C04F79EFBC}") = "No Fill", "No Fill\No Fill.csproj", "{9B8C9704-FDE0-4840-976E-FC13CF1311FE}"
EndProject
Global
	GlobalSection(SolutionConfigurationPlatforms) = preSolution
		Debug|Any CPU = Debug|Any CPU
		Release|Any CPU = Release|Any CPU
	EndGlobalSection
	GlobalSection(ProjectConfigurationPlatforms) = postSolution
		{9B8C9704-FDE0-4840-976E-FC13CF1311FE}.Debug|Any CPU.ActiveCfg = Debug|Any CPU
		{9B8C9704-FDE0-4840-976E-FC13CF1311FE}.Debug|Any CPU.Build.0 = Debug|Any CPU
		{9B8C9704-FDE0-4840-976E-FC13CF1311FE}.Release|Any CPU.ActiveCfg = Release|Any CPU
		{9B8C9704-FDE0-4840-976E-FC13CF1311FE}.Release|Any CPU.Build.0 = Release|Any CPU
	EndGlobalSection
	GlobalSection(SolutionProperties) = preSolution
		HideSolutionNode = FALSE
	EndGlobalSection
	GlobalSection(ExtensibilityGlobals) = postSolution
		SolutionGuid = {A04F28A5-271B-4DE0-846D-A1D8400CC085}
	EndGlobalSection
EndGlobal
