
Microsoft Visual Studio Solution File, Format Version 12.00
# Visual Studio Version 16
VisualStudioVersion = 16.0.31729.503
MinimumVisualStudioVersion = 10.0.40219.1
Project("{FAE04EC0-301F-11D3-BF4B-00C04F79EFBC}") = "ImageInMergedRegion", "ImageInMergedRegion\ImageInMergedRegion.csproj", "{0204F744-1296-4B97-B771-E5A57D6C259F}"
EndProject
Global
	GlobalSection(SolutionConfigurationPlatforms) = preSolution
		Debug|Any CPU = Debug|Any CPU
		Release|Any CPU = Release|Any CPU
	EndGlobalSection
	GlobalSection(ProjectConfigurationPlatforms) = postSolution
		{0204F744-1296-4B97-B771-E5A57D6C259F}.Debug|Any CPU.ActiveCfg = Debug|Any CPU
		{0204F744-1296-4B97-B771-E5A57D6C259F}.Debug|Any CPU.Build.0 = Debug|Any CPU
		{0204F744-1296-4B97-B771-E5A57D6C259F}.Release|Any CPU.ActiveCfg = Release|Any CPU
		{0204F744-1296-4B97-B771-E5A57D6C259F}.Release|Any CPU.Build.0 = Release|Any CPU
	EndGlobalSection
	GlobalSection(SolutionProperties) = preSolution
		HideSolutionNode = FALSE
	EndGlobalSection
	GlobalSection(ExtensibilityGlobals) = postSolution
		SolutionGuid = {6AFF5FCC-F627-4D2F-A77C-16B78E10EEE2}
	EndGlobalSection
EndGlobal
