
Microsoft Visual Studio Solution File, Format Version 12.00
# Visual Studio Version 17
VisualStudioVersion = 17.9.34414.90
MinimumVisualStudioVersion = 10.0.40219.1
Project("{FAE04EC0-301F-11D3-BF4B-00C04F79EFBC}") = "PrintExcelDocuments", "PrintExcelDocuments\PrintExcelDocuments.csproj", "{FF3AC065-645E-40C3-8CBF-A6FF69E4A6EB}"
EndProject
Global
	GlobalSection(SolutionConfigurationPlatforms) = preSolution
		Debug|Any CPU = Debug|Any CPU
		Release|Any CPU = Release|Any CPU
	EndGlobalSection
	GlobalSection(ProjectConfigurationPlatforms) = postSolution
		{FF3AC065-645E-40C3-8CBF-A6FF69E4A6EB}.Debug|Any CPU.ActiveCfg = Debug|Any CPU
		{FF3AC065-645E-40C3-8CBF-A6FF69E4A6EB}.Debug|Any CPU.Build.0 = Debug|Any CPU
		{FF3AC065-645E-40C3-8CBF-A6FF69E4A6EB}.Release|Any CPU.ActiveCfg = Release|Any CPU
		{FF3AC065-645E-40C3-8CBF-A6FF69E4A6EB}.Release|Any CPU.Build.0 = Release|Any CPU
	EndGlobalSection
	GlobalSection(SolutionProperties) = preSolution
		HideSolutionNode = FALSE
	EndGlobalSection
	GlobalSection(ExtensibilityGlobals) = postSolution
		SolutionGuid = {54807700-8BBC-4F7A-A107-DF6BBA481AC3}
	EndGlobalSection
EndGlobal
