
Microsoft Visual Studio Solution File, Format Version 12.00
# Visual Studio Version 16
VisualStudioVersion = 16.0.31729.503
MinimumVisualStudioVersion = 10.0.40219.1
Project("{FAE04EC0-301F-11D3-BF4B-00C04F79EFBC}") = "Hide Cell Content", "Hide Cell Content\Hide Cell Content.csproj", "{0556595A-40E3-4B8C-AB5F-6F78D75D5E54}"
EndProject
Global
	GlobalSection(SolutionConfigurationPlatforms) = preSolution
		Debug|Any CPU = Debug|Any CPU
		Release|Any CPU = Release|Any CPU
	EndGlobalSection
	GlobalSection(ProjectConfigurationPlatforms) = postSolution
		{0556595A-40E3-4B8C-AB5F-6F78D75D5E54}.Debug|Any CPU.ActiveCfg = Debug|Any CPU
		{0556595A-40E3-4B8C-AB5F-6F78D75D5E54}.Debug|Any CPU.Build.0 = Debug|Any CPU
		{0556595A-40E3-4B8C-AB5F-6F78D75D5E54}.Release|Any CPU.ActiveCfg = Release|Any CPU
		{0556595A-40E3-4B8C-AB5F-6F78D75D5E54}.Release|Any CPU.Build.0 = Release|Any CPU
	EndGlobalSection
	GlobalSection(SolutionProperties) = preSolution
		HideSolutionNode = FALSE
	EndGlobalSection
	GlobalSection(ExtensibilityGlobals) = postSolution
		SolutionGuid = {850CC63A-1DA1-4972-88BC-2CE1D548BFBB}
	EndGlobalSection
EndGlobal
