
Microsoft Visual Studio Solution File, Format Version 12.00
# Visual Studio Version 16
VisualStudioVersion = 16.0.31729.503
MinimumVisualStudioVersion = 10.0.40219.1
Project("{FAE04EC0-301F-11D3-BF4B-00C04F79EFBC}") = "Create Worksheet", "Create Worksheet\Create Worksheet.csproj", "{7DDFDA68-77F2-4C6D-8782-459E21C6075D}"
EndProject
Global
	GlobalSection(SolutionConfigurationPlatforms) = preSolution
		Debug|Any CPU = Debug|Any CPU
		Release|Any CPU = Release|Any CPU
	EndGlobalSection
	GlobalSection(ProjectConfigurationPlatforms) = postSolution
		{7DDFDA68-77F2-4C6D-8782-459E21C6075D}.Debug|Any CPU.ActiveCfg = Debug|Any CPU
		{7DDFDA68-77F2-4C6D-8782-459E21C6075D}.Debug|Any CPU.Build.0 = Debug|Any CPU
		{7DDFDA68-77F2-4C6D-8782-459E21C6075D}.Release|Any CPU.ActiveCfg = Release|Any CPU
		{7DDFDA68-77F2-4C6D-8782-459E21C6075D}.Release|Any CPU.Build.0 = Release|Any CPU
	EndGlobalSection
	GlobalSection(SolutionProperties) = preSolution
		HideSolutionNode = FALSE
	EndGlobalSection
	GlobalSection(ExtensibilityGlobals) = postSolution
		SolutionGuid = {92072EFA-976D-4C1F-9F83-5B963E946846}
	EndGlobalSection
EndGlobal
