
Microsoft Visual Studio Solution File, Format Version 12.00
# Visual Studio Version 16
VisualStudioVersion = 16.0.31729.503
MinimumVisualStudioVersion = 10.0.40219.1
Project("{FAE04EC0-301F-11D3-BF4B-00C04F79EFBC}") = "Autofit Rows Columns", "Autofit Rows Columns\Autofit Rows Columns.csproj", "{628F80E5-1FFE-4E9C-9A95-0B23DC10E3ED}"
EndProject
Global
	GlobalSection(SolutionConfigurationPlatforms) = preSolution
		Debug|Any CPU = Debug|Any CPU
		Release|Any CPU = Release|Any CPU
	EndGlobalSection
	GlobalSection(ProjectConfigurationPlatforms) = postSolution
		{628F80E5-1FFE-4E9C-9A95-0B23DC10E3ED}.Debug|Any CPU.ActiveCfg = Debug|Any CPU
		{628F80E5-1FFE-4E9C-9A95-0B23DC10E3ED}.Debug|Any CPU.Build.0 = Debug|Any CPU
		{628F80E5-1FFE-4E9C-9A95-0B23DC10E3ED}.Release|Any CPU.ActiveCfg = Release|Any CPU
		{628F80E5-1FFE-4E9C-9A95-0B23DC10E3ED}.Release|Any CPU.Build.0 = Release|Any CPU
	EndGlobalSection
	GlobalSection(SolutionProperties) = preSolution
		HideSolutionNode = FALSE
	EndGlobalSection
	GlobalSection(ExtensibilityGlobals) = postSolution
		SolutionGuid = {9F6B94D4-9600-483F-8057-9EFED0D8919B}
	EndGlobalSection
EndGlobal
