
Microsoft Visual Studio Solution File, Format Version 12.00
# Visual Studio Version 17
VisualStudioVersion = 17.14.36616.10 d17.14
MinimumVisualStudioVersion = 10.0.40219.1
Project("{FAE04EC0-301F-11D3-BF4B-00C04F79EFBC}") = "Convert Excel to Image", "Convert Excel to Image\Convert Excel to Image.csproj", "{49EE6CBE-7FA6-43FC-8A5C-9DFC7ED1AE96}"
EndProject
Global
	GlobalSection(SolutionConfigurationPlatforms) = preSolution
		Debug|Any CPU = Debug|Any CPU
		Release|Any CPU = Release|Any CPU
	EndGlobalSection
	GlobalSection(ProjectConfigurationPlatforms) = postSolution
		{49EE6CBE-7FA6-43FC-8A5C-9DFC7ED1AE96}.Debug|Any CPU.ActiveCfg = Debug|Any CPU
		{49EE6CBE-7FA6-43FC-8A5C-9DFC7ED1AE96}.Debug|Any CPU.Build.0 = Debug|Any CPU
		{49EE6CBE-7FA6-43FC-8A5C-9DFC7ED1AE96}.Release|Any CPU.ActiveCfg = Release|Any CPU
		{49EE6CBE-7FA6-43FC-8A5C-9DFC7ED1AE96}.Release|Any CPU.Build.0 = Release|Any CPU
	EndGlobalSection
	GlobalSection(SolutionProperties) = preSolution
		HideSolutionNode = FALSE
	EndGlobalSection
	GlobalSection(ExtensibilityGlobals) = postSolution
		SolutionGuid = {E2BBD038-FC26-4451-837C-5BA4B2FEEC3C}
	EndGlobalSection
EndGlobal
