
Microsoft Visual Studio Solution File, Format Version 12.00
# Visual Studio Version 17
VisualStudioVersion = 17.7.34202.233
MinimumVisualStudioVersion = 10.0.40219.1
Project("{FAE04EC0-301F-11D3-BF4B-00C04F79EFBC}") = "Convert-Excel-to-PDF", "Convert-Excel-to-PDF\Convert-Excel-to-PDF.csproj", "{A03293DA-FDB4-457D-BF6E-BA8919F2DC3A}"
EndProject
Global
	GlobalSection(SolutionConfigurationPlatforms) = preSolution
		Debug|Any CPU = Debug|Any CPU
		Release|Any CPU = Release|Any CPU
	EndGlobalSection
	GlobalSection(ProjectConfigurationPlatforms) = postSolution
		{A03293DA-FDB4-457D-BF6E-BA8919F2DC3A}.Debug|Any CPU.ActiveCfg = Debug|Any CPU
		{A03293DA-FDB4-457D-BF6E-BA8919F2DC3A}.Debug|Any CPU.Build.0 = Debug|Any CPU
		{A03293DA-FDB4-457D-BF6E-BA8919F2DC3A}.Release|Any CPU.ActiveCfg = Release|Any CPU
		{A03293DA-FDB4-457D-BF6E-BA8919F2DC3A}.Release|Any CPU.Build.0 = Release|Any CPU
	EndGlobalSection
	GlobalSection(SolutionProperties) = preSolution
		HideSolutionNode = FALSE
	EndGlobalSection
	GlobalSection(ExtensibilityGlobals) = postSolution
		SolutionGuid = {13B5C523-7292-46EC-A31A-F045224129B9}
	EndGlobalSection
EndGlobal
