
Microsoft Visual Studio Solution File, Format Version 12.00
# Visual Studio Version 16
VisualStudioVersion = 16.0.32126.315
MinimumVisualStudioVersion = 10.0.40219.1
Project("{FAE04EC0-301F-11D3-BF4B-00C04F79EFBC}") = "Conditional Formatting", "Conditional Formatting\Conditional Formatting.csproj", "{93B7FD8E-0971-4777-9BA6-8422D55A62AE}"
EndProject
Global
	GlobalSection(SolutionConfigurationPlatforms) = preSolution
		Debug|Any CPU = Debug|Any CPU
		Release|Any CPU = Release|Any CPU
	EndGlobalSection
	GlobalSection(ProjectConfigurationPlatforms) = postSolution
		{93B7FD8E-0971-4777-9BA6-8422D55A62AE}.Debug|Any CPU.ActiveCfg = Debug|Any CPU
		{93B7FD8E-0971-4777-9BA6-8422D55A62AE}.Debug|Any CPU.Build.0 = Debug|Any CPU
		{93B7FD8E-0971-4777-9BA6-8422D55A62AE}.Release|Any CPU.ActiveCfg = Release|Any CPU
		{93B7FD8E-0971-4777-9BA6-8422D55A62AE}.Release|Any CPU.Build.0 = Release|Any CPU
	EndGlobalSection
	GlobalSection(SolutionProperties) = preSolution
		HideSolutionNode = FALSE
	EndGlobalSection
	GlobalSection(ExtensibilityGlobals) = postSolution
		SolutionGuid = {5A1333CC-965D-4BB8-AB37-8EBE1CD826FA}
	EndGlobalSection
EndGlobal
