
Microsoft Visual Studio Solution File, Format Version 12.00
# Visual Studio Version 16
VisualStudioVersion = 16.0.31729.503
MinimumVisualStudioVersion = 10.0.40219.1
Project("{9A19103F-16F7-4668-BE54-9A1E7A4F7556}") = "DataColumn to Worksheet", "DataColumn to Worksheet\DataColumn to Worksheet.csproj", "{52A5C734-3904-4226-A498-456AA81134F0}"
EndProject
Global
	GlobalSection(SolutionConfigurationPlatforms) = preSolution
		Debug|Any CPU = Debug|Any CPU
		Release|Any CPU = Release|Any CPU
	EndGlobalSection
	GlobalSection(ProjectConfigurationPlatforms) = postSolution
		{52A5C734-3904-4226-A498-456AA81134F0}.Debug|Any CPU.ActiveCfg = Debug|Any CPU
		{52A5C734-3904-4226-A498-456AA81134F0}.Debug|Any CPU.Build.0 = Debug|Any CPU
		{52A5C734-3904-4226-A498-456AA81134F0}.Release|Any CPU.ActiveCfg = Release|Any CPU
		{52A5C734-3904-4226-A498-456AA81134F0}.Release|Any CPU.Build.0 = Release|Any CPU
	EndGlobalSection
	GlobalSection(SolutionProperties) = preSolution
		HideSolutionNode = FALSE
	EndGlobalSection
	GlobalSection(ExtensibilityGlobals) = postSolution
		SolutionGuid = {CCDDB0F1-3D25-452A-BDA3-5F632FAADB05}
	EndGlobalSection
EndGlobal
