
Microsoft Visual Studio Solution File, Format Version 12.00
# Visual Studio Version 17
VisualStudioVersion = 17.12.35506.116 d17.12
MinimumVisualStudioVersion = 10.0.40219.1
Project("{FAE04EC0-301F-11D3-BF4B-00C04F79EFBC}") = "Position Chart", "Position Chart\Position Chart.csproj", "{8E50C960-D43F-4F91-903D-5F818E7C4C7B}"
EndProject
Global
	GlobalSection(SolutionConfigurationPlatforms) = preSolution
		Debug|Any CPU = Debug|Any CPU
		Release|Any CPU = Release|Any CPU
	EndGlobalSection
	GlobalSection(ProjectConfigurationPlatforms) = postSolution
		{8E50C960-D43F-4F91-903D-5F818E7C4C7B}.Debug|Any CPU.ActiveCfg = Debug|Any CPU
		{8E50C960-D43F-4F91-903D-5F818E7C4C7B}.Debug|Any CPU.Build.0 = Debug|Any CPU
		{8E50C960-D43F-4F91-903D-5F818E7C4C7B}.Release|Any CPU.ActiveCfg = Release|Any CPU
		{8E50C960-D43F-4F91-903D-5F818E7C4C7B}.Release|Any CPU.Build.0 = Release|Any CPU
	EndGlobalSection
	GlobalSection(SolutionProperties) = preSolution
		HideSolutionNode = FALSE
	EndGlobalSection
EndGlobal
