
Microsoft Visual Studio Solution File, Format Version 12.00
# Visual Studio Version 17
VisualStudioVersion = 17.14.36127.28 d17.14
MinimumVisualStudioVersion = 10.0.40219.1
Project("{FAE04EC0-301F-11D3-BF4B-00C04F79EFBC}") = "FillSeriesByEnablingTrend", "FillSeriesByEnablingTrend\FillSeriesByEnablingTrend.csproj", "{9514937A-D01E-463C-99EE-58739CF69460}"
EndProject
Project("{FAE04EC0-301F-11D3-BF4B-00C04F79EFBC}") = "Syncfusion.Compression.Portable_NET80", "..\..\..\..\..\compression\Portable\Compression.Portable\Src\Syncfusion.Compression.Portable_NET80.csproj", "{652B9342-F913-C1BF-A30E-31072C9225F7}"
EndProject
Project("{FAE04EC0-301F-11D3-BF4B-00C04F79EFBC}") = "Syncfusion.XlsIO.Portable_NET80", "..\..\..\..\..\xlsio\Portable\XlsIO.Portable\Src\Syncfusion.XlsIO.Portable_NET80.csproj", "{B1829367-CB57-24F6-0C45-DBCA10D321FF}"
EndProject
Global
	GlobalSection(SolutionConfigurationPlatforms) = preSolution
		Debug|Any CPU = Debug|Any CPU
		Release|Any CPU = Release|Any CPU
	EndGlobalSection
	GlobalSection(ProjectConfigurationPlatforms) = postSolution
		{9514937A-D01E-463C-99EE-58739CF69460}.Debug|Any CPU.ActiveCfg = Debug|Any CPU
		{9514937A-D01E-463C-99EE-58739CF69460}.Debug|Any CPU.Build.0 = Debug|Any CPU
		{9514937A-D01E-463C-99EE-58739CF69460}.Release|Any CPU.ActiveCfg = Release|Any CPU
		{9514937A-D01E-463C-99EE-58739CF69460}.Release|Any CPU.Build.0 = Release|Any CPU
		{652B9342-F913-C1BF-A30E-31072C9225F7}.Debug|Any CPU.ActiveCfg = Debug|Any CPU
		{652B9342-F913-C1BF-A30E-31072C9225F7}.Debug|Any CPU.Build.0 = Debug|Any CPU
		{652B9342-F913-C1BF-A30E-31072C9225F7}.Release|Any CPU.ActiveCfg = Release|Any CPU
		{652B9342-F913-C1BF-A30E-31072C9225F7}.Release|Any CPU.Build.0 = Release|Any CPU
		{B1829367-CB57-24F6-0C45-DBCA10D321FF}.Debug|Any CPU.ActiveCfg = Debug|Any CPU
		{B1829367-CB57-24F6-0C45-DBCA10D321FF}.Debug|Any CPU.Build.0 = Debug|Any CPU
		{B1829367-CB57-24F6-0C45-DBCA10D321FF}.Release|Any CPU.ActiveCfg = Release|Any CPU
		{B1829367-CB57-24F6-0C45-DBCA10D321FF}.Release|Any CPU.Build.0 = Release|Any CPU
	EndGlobalSection
	GlobalSection(SolutionProperties) = preSolution
		HideSolutionNode = FALSE
	EndGlobalSection
	GlobalSection(ExtensibilityGlobals) = postSolution
		SolutionGuid = {3292C768-1ED4-41AF-B4D0-966FE00D1E76}
	EndGlobalSection
EndGlobal
