
Microsoft Visual Studio Solution File, Format Version 12.00
# Visual Studio Version 16
VisualStudioVersion = 16.0.31729.503
MinimumVisualStudioVersion = 10.0.40219.1
Project("{FAE04EC0-301F-11D3-BF4B-00C04F79EFBC}") = "Bookmarks in PDF", "Bookmarks in PDF\Bookmarks in PDF.csproj", "{F4B632E5-5E30-4204-8695-2547F53E4A4F}"
EndProject
Global
	GlobalSection(SolutionConfigurationPlatforms) = preSolution
		Debug|Any CPU = Debug|Any CPU
		Release|Any CPU = Release|Any CPU
	EndGlobalSection
	GlobalSection(ProjectConfigurationPlatforms) = postSolution
		{F4B632E5-5E30-4204-8695-2547F53E4A4F}.Debug|Any CPU.ActiveCfg = Debug|Any CPU
		{F4B632E5-5E30-4204-8695-2547F53E4A4F}.Debug|Any CPU.Build.0 = Debug|Any CPU
		{F4B632E5-5E30-4204-8695-2547F53E4A4F}.Release|Any CPU.ActiveCfg = Release|Any CPU
		{F4B632E5-5E30-4204-8695-2547F53E4A4F}.Release|Any CPU.Build.0 = Release|Any CPU
	EndGlobalSection
	GlobalSection(SolutionProperties) = preSolution
		HideSolutionNode = FALSE
	EndGlobalSection
	GlobalSection(ExtensibilityGlobals) = postSolution
		SolutionGuid = {D82EA071-F287-46BE-A898-022402E907B9}
	EndGlobalSection
EndGlobal
