
Microsoft Visual Studio Solution File, Format Version 12.00
# Visual Studio Version 17
VisualStudioVersion = 17.9.34310.174
MinimumVisualStudioVersion = 10.0.40219.1
Project("{FAE04EC0-301F-11D3-BF4B-00C04F79EFBC}") = "Email Validation", "Email Validation\Email Validation.csproj", "{E7DD6085-35DA-4553-8CB0-92883B3EAF2E}"
EndProject
Global
	GlobalSection(SolutionConfigurationPlatforms) = preSolution
		Debug|Any CPU = Debug|Any CPU
		Release|Any CPU = Release|Any CPU
	EndGlobalSection
	GlobalSection(ProjectConfigurationPlatforms) = postSolution
		{E7DD6085-35DA-4553-8CB0-92883B3EAF2E}.Debug|Any CPU.ActiveCfg = Debug|Any CPU
		{E7DD6085-35DA-4553-8CB0-92883B3EAF2E}.Debug|Any CPU.Build.0 = Debug|Any CPU
		{E7DD6085-35DA-4553-8CB0-92883B3EAF2E}.Release|Any CPU.ActiveCfg = Release|Any CPU
		{E7DD6085-35DA-4553-8CB0-92883B3EAF2E}.Release|Any CPU.Build.0 = Release|Any CPU
	EndGlobalSection
	GlobalSection(SolutionProperties) = preSolution
		HideSolutionNode = FALSE
	EndGlobalSection
	GlobalSection(ExtensibilityGlobals) = postSolution
		SolutionGuid = {11C944C7-201E-459B-BE41-AA09300206AD}
	EndGlobalSection
EndGlobal
