
Microsoft Visual Studio Solution File, Format Version 12.00
# Visual Studio Version 17
VisualStudioVersion = 17.9.34310.174
MinimumVisualStudioVersion = 10.0.40219.1
Project("{FAE04EC0-301F-11D3-BF4B-00C04F79EFBC}") = "Color Scales", "Color Scales\Color Scales.csproj", "{937742B3-3F47-4BDF-A744-A404F03229DE}"
EndProject
Global
	GlobalSection(SolutionConfigurationPlatforms) = preSolution
		Debug|Any CPU = Debug|Any CPU
		Release|Any CPU = Release|Any CPU
	EndGlobalSection
	GlobalSection(ProjectConfigurationPlatforms) = postSolution
		{937742B3-3F47-4BDF-A744-A404F03229DE}.Debug|Any CPU.ActiveCfg = Debug|Any CPU
		{937742B3-3F47-4BDF-A744-A404F03229DE}.Debug|Any CPU.Build.0 = Debug|Any CPU
		{937742B3-3F47-4BDF-A744-A404F03229DE}.Release|Any CPU.ActiveCfg = Release|Any CPU
		{937742B3-3F47-4BDF-A744-A404F03229DE}.Release|Any CPU.Build.0 = Release|Any CPU
	EndGlobalSection
	GlobalSection(SolutionProperties) = preSolution
		HideSolutionNode = FALSE
	EndGlobalSection
	GlobalSection(ExtensibilityGlobals) = postSolution
		SolutionGuid = {D6361E70-7C26-499E-B89E-9A8427596CA5}
	EndGlobalSection
EndGlobal
