
Microsoft Visual Studio Solution File, Format Version 12.00
# Visual Studio Version 16
VisualStudioVersion = 16.0.31729.503
MinimumVisualStudioVersion = 10.0.40219.1
Project("{FAE04EC0-301F-11D3-BF4B-00C04F79EFBC}") = "Fit Sheet On One Page", "Fit Sheet On One Page\Fit Sheet On One Page.csproj", "{75649866-DC4D-4943-908A-66E3C3F6790C}"
EndProject
Global
	GlobalSection(SolutionConfigurationPlatforms) = preSolution
		Debug|Any CPU = Debug|Any CPU
		Release|Any CPU = Release|Any CPU
	EndGlobalSection
	GlobalSection(ProjectConfigurationPlatforms) = postSolution
		{75649866-DC4D-4943-908A-66E3C3F6790C}.Debug|Any CPU.ActiveCfg = Debug|Any CPU
		{75649866-DC4D-4943-908A-66E3C3F6790C}.Debug|Any CPU.Build.0 = Debug|Any CPU
		{75649866-DC4D-4943-908A-66E3C3F6790C}.Release|Any CPU.ActiveCfg = Release|Any CPU
		{75649866-DC4D-4943-908A-66E3C3F6790C}.Release|Any CPU.Build.0 = Release|Any CPU
	EndGlobalSection
	GlobalSection(SolutionProperties) = preSolution
		HideSolutionNode = FALSE
	EndGlobalSection
	GlobalSection(ExtensibilityGlobals) = postSolution
		SolutionGuid = {FB44BDCA-CDC3-4E6C-8C85-218508703159}
	EndGlobalSection
EndGlobal
