
Microsoft Visual Studio Solution File, Format Version 12.00
# Visual Studio Version 17
VisualStudioVersion = 17.5.33516.290
MinimumVisualStudioVersion = 10.0.40219.1
Project("{FAE04EC0-301F-11D3-BF4B-00C04F79EFBC}") = "Convert-Excel-to-PDF", "Convert-Excel-to-PDF\Convert-Excel-to-PDF.csproj", "{3C0F53AF-5189-4A52-8CE4-C08FFF0D6190}"
EndProject
Global
	GlobalSection(SolutionConfigurationPlatforms) = preSolution
		Debug|Any CPU = Debug|Any CPU
		Release|Any CPU = Release|Any CPU
	EndGlobalSection
	GlobalSection(ProjectConfigurationPlatforms) = postSolution
		{3C0F53AF-5189-4A52-8CE4-C08FFF0D6190}.Debug|Any CPU.ActiveCfg = Debug|Any CPU
		{3C0F53AF-5189-4A52-8CE4-C08FFF0D6190}.Debug|Any CPU.Build.0 = Debug|Any CPU
		{3C0F53AF-5189-4A52-8CE4-C08FFF0D6190}.Release|Any CPU.ActiveCfg = Release|Any CPU
		{3C0F53AF-5189-4A52-8CE4-C08FFF0D6190}.Release|Any CPU.Build.0 = Release|Any CPU
	EndGlobalSection
	GlobalSection(SolutionProperties) = preSolution
		HideSolutionNode = FALSE
	EndGlobalSection
	GlobalSection(ExtensibilityGlobals) = postSolution
		SolutionGuid = {6E0207BB-0167-420A-853D-B02542FCF3CB}
	EndGlobalSection
EndGlobal
