
Microsoft Visual Studio Solution File, Format Version 12.00
# Visual Studio Version 17
VisualStudioVersion = 17.12.35506.116 d17.12
MinimumVisualStudioVersion = 10.0.40219.1
Project("{FAE04EC0-301F-11D3-BF4B-00C04F79EFBC}") = "Convert Excel to PDF", "Convert Excel to PDF\Convert Excel to PDF.csproj", "{B140AF40-CDDD-41ED-9382-5568B4D0D421}"
EndProject
Global
	GlobalSection(SolutionConfigurationPlatforms) = preSolution
		Debug|Any CPU = Debug|Any CPU
		Release|Any CPU = Release|Any CPU
	EndGlobalSection
	GlobalSection(ProjectConfigurationPlatforms) = postSolution
		{B140AF40-CDDD-41ED-9382-5568B4D0D421}.Debug|Any CPU.ActiveCfg = Debug|Any CPU
		{B140AF40-CDDD-41ED-9382-5568B4D0D421}.Debug|Any CPU.Build.0 = Debug|Any CPU
		{B140AF40-CDDD-41ED-9382-5568B4D0D421}.Release|Any CPU.ActiveCfg = Release|Any CPU
		{B140AF40-CDDD-41ED-9382-5568B4D0D421}.Release|Any CPU.Build.0 = Release|Any CPU
	EndGlobalSection
	GlobalSection(SolutionProperties) = preSolution
		HideSolutionNode = FALSE
	EndGlobalSection
EndGlobal
