
Microsoft Visual Studio Solution File, Format Version 12.00
# Visual Studio Version 16
VisualStudioVersion = 16.0.31729.503
MinimumVisualStudioVersion = 10.0.40219.1
Project("{FAE04EC0-301F-11D3-BF4B-00C04F79EFBC}") = "Worksheet to DataTable", "Worksheet to DataTable\Worksheet to DataTable.csproj", "{C26A4E30-AABC-47D8-BD59-39DA5F6BF531}"
EndProject
Global
	GlobalSection(SolutionConfigurationPlatforms) = preSolution
		Debug|Any CPU = Debug|Any CPU
		Release|Any CPU = Release|Any CPU
	EndGlobalSection
	GlobalSection(ProjectConfigurationPlatforms) = postSolution
		{C26A4E30-AABC-47D8-BD59-39DA5F6BF531}.Debug|Any CPU.ActiveCfg = Debug|Any CPU
		{C26A4E30-AABC-47D8-BD59-39DA5F6BF531}.Debug|Any CPU.Build.0 = Debug|Any CPU
		{C26A4E30-AABC-47D8-BD59-39DA5F6BF531}.Release|Any CPU.ActiveCfg = Release|Any CPU
		{C26A4E30-AABC-47D8-BD59-39DA5F6BF531}.Release|Any CPU.Build.0 = Release|Any CPU
	EndGlobalSection
	GlobalSection(SolutionProperties) = preSolution
		HideSolutionNode = FALSE
	EndGlobalSection
	GlobalSection(ExtensibilityGlobals) = postSolution
		SolutionGuid = {1DA4F09F-1E53-4154-862A-18DB51032719}
	EndGlobalSection
EndGlobal
