
Microsoft Visual Studio Solution File, Format Version 12.00
# Visual Studio Version 16
VisualStudioVersion = 16.0.31729.503
MinimumVisualStudioVersion = 10.0.40219.1
Project("{FAE04EC0-301F-11D3-BF4B-00C04F79EFBC}") = "AutoShapes", "AutoShapes\AutoShapes.csproj", "{7AD6B106-0636-44F3-8D62-BDE0EA17AFE2}"
EndProject
Global
	GlobalSection(SolutionConfigurationPlatforms) = preSolution
		Debug|Any CPU = Debug|Any CPU
		Release|Any CPU = Release|Any CPU
	EndGlobalSection
	GlobalSection(ProjectConfigurationPlatforms) = postSolution
		{7AD6B106-0636-44F3-8D62-BDE0EA17AFE2}.Debug|Any CPU.ActiveCfg = Debug|Any CPU
		{7AD6B106-0636-44F3-8D62-BDE0EA17AFE2}.Debug|Any CPU.Build.0 = Debug|Any CPU
		{7AD6B106-0636-44F3-8D62-BDE0EA17AFE2}.Release|Any CPU.ActiveCfg = Release|Any CPU
		{7AD6B106-0636-44F3-8D62-BDE0EA17AFE2}.Release|Any CPU.Build.0 = Release|Any CPU
	EndGlobalSection
	GlobalSection(SolutionProperties) = preSolution
		HideSolutionNode = FALSE
	EndGlobalSection
	GlobalSection(ExtensibilityGlobals) = postSolution
		SolutionGuid = {2245C034-9097-4F9F-8210-E1EAAA53EEA1}
	EndGlobalSection
EndGlobal
