
Microsoft Visual Studio Solution File, Format Version 12.00
# Visual Studio Version 16
VisualStudioVersion = 16.0.31729.503
MinimumVisualStudioVersion = 10.0.40219.1
Project("{FAE04EC0-301F-11D3-BF4B-00C04F79EFBC}") = "Edit Slicer", "Edit Slicer\Edit Slicer.csproj", "{5EA3140E-64F2-4C92-9BDA-B6C87A0A40D3}"
EndProject
Global
	GlobalSection(SolutionConfigurationPlatforms) = preSolution
		Debug|Any CPU = Debug|Any CPU
		Release|Any CPU = Release|Any CPU
	EndGlobalSection
	GlobalSection(ProjectConfigurationPlatforms) = postSolution
		{5EA3140E-64F2-4C92-9BDA-B6C87A0A40D3}.Debug|Any CPU.ActiveCfg = Debug|Any CPU
		{5EA3140E-64F2-4C92-9BDA-B6C87A0A40D3}.Debug|Any CPU.Build.0 = Debug|Any CPU
		{5EA3140E-64F2-4C92-9BDA-B6C87A0A40D3}.Release|Any CPU.ActiveCfg = Release|Any CPU
		{5EA3140E-64F2-4C92-9BDA-B6C87A0A40D3}.Release|Any CPU.Build.0 = Release|Any CPU
	EndGlobalSection
	GlobalSection(SolutionProperties) = preSolution
		HideSolutionNode = FALSE
	EndGlobalSection
	GlobalSection(ExtensibilityGlobals) = postSolution
		SolutionGuid = {2C71C86C-8C31-48C4-AAF8-C942B4C63410}
	EndGlobalSection
EndGlobal
