
Microsoft Visual Studio Solution File, Format Version 12.00
# Visual Studio Version 17
VisualStudioVersion = 17.9.34310.174
MinimumVisualStudioVersion = 10.0.40219.1
Project("{FAE04EC0-301F-11D3-BF4B-00C04F79EFBC}") = "ExportDataTableWithBase64Images", "ExportDataTableWithBase64Images\ExportDataTableWithBase64Images.csproj", "{4F625560-14C5-4115-B04B-741D432DEDE8}"
EndProject
Global
	GlobalSection(SolutionConfigurationPlatforms) = preSolution
		Debug|Any CPU = Debug|Any CPU
		Release|Any CPU = Release|Any CPU
	EndGlobalSection
	GlobalSection(ProjectConfigurationPlatforms) = postSolution
		{4F625560-14C5-4115-B04B-741D432DEDE8}.Debug|Any CPU.ActiveCfg = Debug|Any CPU
		{4F625560-14C5-4115-B04B-741D432DEDE8}.Debug|Any CPU.Build.0 = Debug|Any CPU
		{4F625560-14C5-4115-B04B-741D432DEDE8}.Release|Any CPU.ActiveCfg = Release|Any CPU
		{4F625560-14C5-4115-B04B-741D432DEDE8}.Release|Any CPU.Build.0 = Release|Any CPU
	EndGlobalSection
	GlobalSection(SolutionProperties) = preSolution
		HideSolutionNode = FALSE
	EndGlobalSection
	GlobalSection(ExtensibilityGlobals) = postSolution
		SolutionGuid = {4E506ED1-B2FE-4829-8F37-FC5BB41D8126}
	EndGlobalSection
EndGlobal
