
Microsoft Visual Studio Solution File, Format Version 12.00
# Visual Studio 15
VisualStudioVersion = 15.0.28307.1022
MinimumVisualStudioVersion = 10.0.40219.1
Project("{FAE04EC0-301F-11D3-BF4B-00C04F79EFBC}") = "ReadOnly", "ReadOnly\ReadOnly.csproj", "{2BC285AB-2D74-4B41-BA4B-32D8EB3C98CA}"
EndProject
Global
	GlobalSection(SolutionConfigurationPlatforms) = preSolution
		Debug|Any CPU = Debug|Any CPU
		Release|Any CPU = Release|Any CPU
	EndGlobalSection
	GlobalSection(ProjectConfigurationPlatforms) = postSolution
		{2BC285AB-2D74-4B41-BA4B-32D8EB3C98CA}.Debug|Any CPU.ActiveCfg = Debug|Any CPU
		{2BC285AB-2D74-4B41-BA4B-32D8EB3C98CA}.Debug|Any CPU.Build.0 = Debug|Any CPU
		{2BC285AB-2D74-4B41-BA4B-32D8EB3C98CA}.Release|Any CPU.ActiveCfg = Release|Any CPU
		{2BC285AB-2D74-4B41-BA4B-32D8EB3C98CA}.Release|Any CPU.Build.0 = Release|Any CPU
	EndGlobalSection
	GlobalSection(SolutionProperties) = preSolution
		HideSolutionNode = FALSE
	EndGlobalSection
	GlobalSection(ExtensibilityGlobals) = postSolution
		SolutionGuid = {B1EE2B38-0392-47F3-B3D3-372EB2E4B019}
	EndGlobalSection
EndGlobal
