
Microsoft Visual Studio Solution File, Format Version 12.00
# Visual Studio Version 16
VisualStudioVersion = 16.0.32126.315
MinimumVisualStudioVersion = 10.0.40219.1
Project("{FAE04EC0-301F-11D3-BF4B-00C04F79EFBC}") = "Bind Data Table", "Bind Data Table\Bind Data Table.csproj", "{68AF196F-A9ED-40BD-A6AF-23112B99222E}"
EndProject
Global
	GlobalSection(SolutionConfigurationPlatforms) = preSolution
		Debug|Any CPU = Debug|Any CPU
		Release|Any CPU = Release|Any CPU
	EndGlobalSection
	GlobalSection(ProjectConfigurationPlatforms) = postSolution
		{68AF196F-A9ED-40BD-A6AF-23112B99222E}.Debug|Any CPU.ActiveCfg = Debug|Any CPU
		{68AF196F-A9ED-40BD-A6AF-23112B99222E}.Debug|Any CPU.Build.0 = Debug|Any CPU
		{68AF196F-A9ED-40BD-A6AF-23112B99222E}.Release|Any CPU.ActiveCfg = Release|Any CPU
		{68AF196F-A9ED-40BD-A6AF-23112B99222E}.Release|Any CPU.Build.0 = Release|Any CPU
	EndGlobalSection
	GlobalSection(SolutionProperties) = preSolution
		HideSolutionNode = FALSE
	EndGlobalSection
	GlobalSection(ExtensibilityGlobals) = postSolution
		SolutionGuid = {7FC686AE-B866-4E7A-8C81-10F606400200}
	EndGlobalSection
EndGlobal
