
Microsoft Visual Studio Solution File, Format Version 12.00
# Visual Studio Version 17
VisualStudioVersion = 17.12.35506.116 d17.12
MinimumVisualStudioVersion = 10.0.40219.1
Project("{FAE04EC0-301F-11D3-BF4B-00C04F79EFBC}") = "Parse Worksheets On Demand", "Parse Worksheets On Demand\Parse Worksheets On Demand.csproj", "{A53113E8-EBC9-4BAD-B29D-59FDA607B4C7}"
EndProject
Global
	GlobalSection(SolutionConfigurationPlatforms) = preSolution
		Debug|Any CPU = Debug|Any CPU
		Release|Any CPU = Release|Any CPU
	EndGlobalSection
	GlobalSection(ProjectConfigurationPlatforms) = postSolution
		{A53113E8-EBC9-4BAD-B29D-59FDA607B4C7}.Debug|Any CPU.ActiveCfg = Debug|Any CPU
		{A53113E8-EBC9-4BAD-B29D-59FDA607B4C7}.Debug|Any CPU.Build.0 = Debug|Any CPU
		{A53113E8-EBC9-4BAD-B29D-59FDA607B4C7}.Release|Any CPU.ActiveCfg = Release|Any CPU
		{A53113E8-EBC9-4BAD-B29D-59FDA607B4C7}.Release|Any CPU.Build.0 = Release|Any CPU
	EndGlobalSection
	GlobalSection(SolutionProperties) = preSolution
		HideSolutionNode = FALSE
	EndGlobalSection
EndGlobal
