
Microsoft Visual Studio Solution File, Format Version 12.00
# Visual Studio Version 16
VisualStudioVersion = 16.0.32126.315
MinimumVisualStudioVersion = 10.0.40219.1
Project("{FAE04EC0-301F-11D3-BF4B-00C04F79EFBC}") = "Skip Macro and Save", "Skip Macro and Save\Skip Macro and Save.csproj", "{0E44E4AF-C1D4-4D9D-83C3-CDD80DB1653A}"
EndProject
Global
	GlobalSection(SolutionConfigurationPlatforms) = preSolution
		Debug|Any CPU = Debug|Any CPU
		Release|Any CPU = Release|Any CPU
	EndGlobalSection
	GlobalSection(ProjectConfigurationPlatforms) = postSolution
		{0E44E4AF-C1D4-4D9D-83C3-CDD80DB1653A}.Debug|Any CPU.ActiveCfg = Debug|Any CPU
		{0E44E4AF-C1D4-4D9D-83C3-CDD80DB1653A}.Debug|Any CPU.Build.0 = Debug|Any CPU
		{0E44E4AF-C1D4-4D9D-83C3-CDD80DB1653A}.Release|Any CPU.ActiveCfg = Release|Any CPU
		{0E44E4AF-C1D4-4D9D-83C3-CDD80DB1653A}.Release|Any CPU.Build.0 = Release|Any CPU
	EndGlobalSection
	GlobalSection(SolutionProperties) = preSolution
		HideSolutionNode = FALSE
	EndGlobalSection
	GlobalSection(ExtensibilityGlobals) = postSolution
		SolutionGuid = {8013DF30-C2A4-40BC-8DDA-6433AA2E0B19}
	EndGlobalSection
EndGlobal
