
Microsoft Visual Studio Solution File, Format Version 12.00
# Visual Studio Version 16
VisualStudioVersion = 16.0.31729.503
MinimumVisualStudioVersion = 10.0.40219.1
Project("{FAE04EC0-301F-11D3-BF4B-00C04F79EFBC}") = "Sort Top to Bottom", "Sort Top to Bottom\Sort Top to Bottom.csproj", "{5B6C0763-EDF4-4A28-A03F-A382EC3BEB9B}"
EndProject
Global
	GlobalSection(SolutionConfigurationPlatforms) = preSolution
		Debug|Any CPU = Debug|Any CPU
		Release|Any CPU = Release|Any CPU
	EndGlobalSection
	GlobalSection(ProjectConfigurationPlatforms) = postSolution
		{5B6C0763-EDF4-4A28-A03F-A382EC3BEB9B}.Debug|Any CPU.ActiveCfg = Debug|Any CPU
		{5B6C0763-EDF4-4A28-A03F-A382EC3BEB9B}.Debug|Any CPU.Build.0 = Debug|Any CPU
		{5B6C0763-EDF4-4A28-A03F-A382EC3BEB9B}.Release|Any CPU.ActiveCfg = Release|Any CPU
		{5B6C0763-EDF4-4A28-A03F-A382EC3BEB9B}.Release|Any CPU.Build.0 = Release|Any CPU
	EndGlobalSection
	GlobalSection(SolutionProperties) = preSolution
		HideSolutionNode = FALSE
	EndGlobalSection
	GlobalSection(ExtensibilityGlobals) = postSolution
		SolutionGuid = {66C5D0EB-A8CB-4CD5-8A43-00A48F70373E}
	EndGlobalSection
EndGlobal
