
Microsoft Visual Studio Solution File, Format Version 12.00
# Visual Studio Version 16
VisualStudioVersion = 16.0.31729.503
MinimumVisualStudioVersion = 10.0.40219.1
Project("{FAE04EC0-301F-11D3-BF4B-00C04F79EFBC}") = "Dynamic Filter", "Dynamic Filter\Dynamic Filter.csproj", "{16463DDF-1C15-4B8C-AFAE-F421E448FF58}"
EndProject
Global
	GlobalSection(SolutionConfigurationPlatforms) = preSolution
		Debug|Any CPU = Debug|Any CPU
		Release|Any CPU = Release|Any CPU
	EndGlobalSection
	GlobalSection(ProjectConfigurationPlatforms) = postSolution
		{16463DDF-1C15-4B8C-AFAE-F421E448FF58}.Debug|Any CPU.ActiveCfg = Debug|Any CPU
		{16463DDF-1C15-4B8C-AFAE-F421E448FF58}.Debug|Any CPU.Build.0 = Debug|Any CPU
		{16463DDF-1C15-4B8C-AFAE-F421E448FF58}.Release|Any CPU.ActiveCfg = Release|Any CPU
		{16463DDF-1C15-4B8C-AFAE-F421E448FF58}.Release|Any CPU.Build.0 = Release|Any CPU
	EndGlobalSection
	GlobalSection(SolutionProperties) = preSolution
		HideSolutionNode = FALSE
	EndGlobalSection
	GlobalSection(ExtensibilityGlobals) = postSolution
		SolutionGuid = {D3F9959D-74D4-46FF-A91B-A07EB227A8DA}
	EndGlobalSection
EndGlobal
