
Microsoft Visual Studio Solution File, Format Version 12.00
# Visual Studio Version 17
VisualStudioVersion = 17.9.34310.174
MinimumVisualStudioVersion = 10.0.40219.1
Project("{FAE04EC0-301F-11D3-BF4B-00C04F79EFBC}") = "TSV to Excel", "TSV to Excel\TSV to Excel.csproj", "{66595742-C920-475C-98CA-169A4FC15999}"
EndProject
Global
	GlobalSection(SolutionConfigurationPlatforms) = preSolution
		Debug|Any CPU = Debug|Any CPU
		Release|Any CPU = Release|Any CPU
	EndGlobalSection
	GlobalSection(ProjectConfigurationPlatforms) = postSolution
		{66595742-C920-475C-98CA-169A4FC15999}.Debug|Any CPU.ActiveCfg = Debug|Any CPU
		{66595742-C920-475C-98CA-169A4FC15999}.Debug|Any CPU.Build.0 = Debug|Any CPU
		{66595742-C920-475C-98CA-169A4FC15999}.Release|Any CPU.ActiveCfg = Release|Any CPU
		{66595742-C920-475C-98CA-169A4FC15999}.Release|Any CPU.Build.0 = Release|Any CPU
	EndGlobalSection
	GlobalSection(SolutionProperties) = preSolution
		HideSolutionNode = FALSE
	EndGlobalSection
	GlobalSection(ExtensibilityGlobals) = postSolution
		SolutionGuid = {71402C1E-7CF8-4351-B335-08FF43D60F76}
	EndGlobalSection
EndGlobal
