
Microsoft Visual Studio Solution File, Format Version 12.00
# Visual Studio Version 17
VisualStudioVersion = 17.14.36202.13 d17.14
MinimumVisualStudioVersion = 10.0.40219.1
Project("{FAE04EC0-301F-11D3-BF4B-00C04F79EFBC}") = "RemoveCorruptedImages", "RemoveCorruptedImages\RemoveCorruptedImages.csproj", "{EC0341DA-AFC9-4B8E-ADB9-E1DBB28ED4B8}"
EndProject
Global
	GlobalSection(SolutionConfigurationPlatforms) = preSolution
		Debug|Any CPU = Debug|Any CPU
		Release|Any CPU = Release|Any CPU
	EndGlobalSection
	GlobalSection(ProjectConfigurationPlatforms) = postSolution
		{EC0341DA-AFC9-4B8E-ADB9-E1DBB28ED4B8}.Debug|Any CPU.ActiveCfg = Debug|Any CPU
		{EC0341DA-AFC9-4B8E-ADB9-E1DBB28ED4B8}.Debug|Any CPU.Build.0 = Debug|Any CPU
		{EC0341DA-AFC9-4B8E-ADB9-E1DBB28ED4B8}.Release|Any CPU.ActiveCfg = Release|Any CPU
		{EC0341DA-AFC9-4B8E-ADB9-E1DBB28ED4B8}.Release|Any CPU.Build.0 = Release|Any CPU
	EndGlobalSection
	GlobalSection(SolutionProperties) = preSolution
		HideSolutionNode = FALSE
	EndGlobalSection
	GlobalSection(ExtensibilityGlobals) = postSolution
		SolutionGuid = {C7DF1415-C535-4573-BAC4-E9A9624F18AE}
	EndGlobalSection
EndGlobal
