
Microsoft Visual Studio Solution File, Format Version 12.00
# Visual Studio Version 17
VisualStudioVersion = 17.5.33516.290
MinimumVisualStudioVersion = 10.0.40219.1
Project("{FAE04EC0-301F-11D3-BF4B-00C04F79EFBC}") = "Convert-Excel-to-PDF", "Convert-Excel-to-PDF\Convert-Excel-to-PDF.csproj", "{C9FE01C0-5A74-47C7-9FF1-58F218DDA6DB}"
EndProject
Global
	GlobalSection(SolutionConfigurationPlatforms) = preSolution
		Debug|ARM64 = Debug|ARM64
		Debug|x64 = Debug|x64
		Debug|x86 = Debug|x86
		Release|ARM64 = Release|ARM64
		Release|x64 = Release|x64
		Release|x86 = Release|x86
	EndGlobalSection
	GlobalSection(ProjectConfigurationPlatforms) = postSolution
		{C9FE01C0-5A74-47C7-9FF1-58F218DDA6DB}.Debug|ARM64.ActiveCfg = Debug|ARM64
		{C9FE01C0-5A74-47C7-9FF1-58F218DDA6DB}.Debug|ARM64.Build.0 = Debug|ARM64
		{C9FE01C0-5A74-47C7-9FF1-58F218DDA6DB}.Debug|ARM64.Deploy.0 = Debug|ARM64
		{C9FE01C0-5A74-47C7-9FF1-58F218DDA6DB}.Debug|x64.ActiveCfg = Debug|x64
		{C9FE01C0-5A74-47C7-9FF1-58F218DDA6DB}.Debug|x64.Build.0 = Debug|x64
		{C9FE01C0-5A74-47C7-9FF1-58F218DDA6DB}.Debug|x64.Deploy.0 = Debug|x64
		{C9FE01C0-5A74-47C7-9FF1-58F218DDA6DB}.Debug|x86.ActiveCfg = Debug|x86
		{C9FE01C0-5A74-47C7-9FF1-58F218DDA6DB}.Debug|x86.Build.0 = Debug|x86
		{C9FE01C0-5A74-47C7-9FF1-58F218DDA6DB}.Debug|x86.Deploy.0 = Debug|x86
		{C9FE01C0-5A74-47C7-9FF1-58F218DDA6DB}.Release|ARM64.ActiveCfg = Release|ARM64
		{C9FE01C0-5A74-47C7-9FF1-58F218DDA6DB}.Release|ARM64.Build.0 = Release|ARM64
		{C9FE01C0-5A74-47C7-9FF1-58F218DDA6DB}.Release|ARM64.Deploy.0 = Release|ARM64
		{C9FE01C0-5A74-47C7-9FF1-58F218DDA6DB}.Release|x64.ActiveCfg = Release|x64
		{C9FE01C0-5A74-47C7-9FF1-58F218DDA6DB}.Release|x64.Build.0 = Release|x64
		{C9FE01C0-5A74-47C7-9FF1-58F218DDA6DB}.Release|x64.Deploy.0 = Release|x64
		{C9FE01C0-5A74-47C7-9FF1-58F218DDA6DB}.Release|x86.ActiveCfg = Release|x86
		{C9FE01C0-5A74-47C7-9FF1-58F218DDA6DB}.Release|x86.Build.0 = Release|x86
		{C9FE01C0-5A74-47C7-9FF1-58F218DDA6DB}.Release|x86.Deploy.0 = Release|x86
	EndGlobalSection
	GlobalSection(SolutionProperties) = preSolution
		HideSolutionNode = FALSE
	EndGlobalSection
	GlobalSection(ExtensibilityGlobals) = postSolution
		SolutionGuid = {0B74627C-2460-4813-A62F-6AD32E1F78B7}
	EndGlobalSection
EndGlobal
