
Microsoft Visual Studio Solution File, Format Version 12.00
# Visual Studio Version 17
VisualStudioVersion = 17.6.33723.286
MinimumVisualStudioVersion = 10.0.40219.1
Project("{FAE04EC0-301F-11D3-BF4B-00C04F79EFBC}") = "Convert_Excel_to_Image", "Convert_Excel_to_Image\Convert_Excel_to_Image.csproj", "{98354982-D742-4421-AA93-F0074CEFA9FA}"
EndProject
Global
	GlobalSection(SolutionConfigurationPlatforms) = preSolution
		Debug|Any CPU = Debug|Any CPU
		Release|Any CPU = Release|Any CPU
	EndGlobalSection
	GlobalSection(ProjectConfigurationPlatforms) = postSolution
		{98354982-D742-4421-AA93-F0074CEFA9FA}.Debug|Any CPU.ActiveCfg = Debug|Any CPU
		{98354982-D742-4421-AA93-F0074CEFA9FA}.Debug|Any CPU.Build.0 = Debug|Any CPU
		{98354982-D742-4421-AA93-F0074CEFA9FA}.Release|Any CPU.ActiveCfg = Release|Any CPU
		{98354982-D742-4421-AA93-F0074CEFA9FA}.Release|Any CPU.Build.0 = Release|Any CPU
	EndGlobalSection
	GlobalSection(SolutionProperties) = preSolution
		HideSolutionNode = FALSE
	EndGlobalSection
	GlobalSection(ExtensibilityGlobals) = postSolution
		SolutionGuid = {D8F26783-64AE-4B37-916B-8C82C1679C9B}
	EndGlobalSection
EndGlobal
