
Microsoft Visual Studio Solution File, Format Version 12.00
# Visual Studio Version 17
VisualStudioVersion = 17.4.32912.340
MinimumVisualStudioVersion = 10.0.40219.1
Project("{FAE04EC0-301F-11D3-BF4B-00C04F79EFBC}") = "CsvToExcel", "CsvToExcel\CsvToExcel.csproj", "{6CDBD065-F2DE-45EC-8233-92DB91ECE332}"
EndProject
Global
	GlobalSection(SolutionConfigurationPlatforms) = preSolution
		Debug|Any CPU = Debug|Any CPU
		Release|Any CPU = Release|Any CPU
	EndGlobalSection
	GlobalSection(ProjectConfigurationPlatforms) = postSolution
		{6CDBD065-F2DE-45EC-8233-92DB91ECE332}.Debug|Any CPU.ActiveCfg = Debug|Any CPU
		{6CDBD065-F2DE-45EC-8233-92DB91ECE332}.Debug|Any CPU.Build.0 = Debug|Any CPU
		{6CDBD065-F2DE-45EC-8233-92DB91ECE332}.Release|Any CPU.ActiveCfg = Release|Any CPU
		{6CDBD065-F2DE-45EC-8233-92DB91ECE332}.Release|Any CPU.Build.0 = Release|Any CPU
	EndGlobalSection
	GlobalSection(SolutionProperties) = preSolution
		HideSolutionNode = FALSE
	EndGlobalSection
	GlobalSection(ExtensibilityGlobals) = postSolution
		SolutionGuid = {475D05BA-F6A4-4F93-B869-C9C375D3B85C}
	EndGlobalSection
EndGlobal
