
Microsoft Visual Studio Solution File, Format Version 12.00
# Visual Studio Version 17
VisualStudioVersion = 17.9.34310.174
MinimumVisualStudioVersion = 10.0.40219.1
Project("{FAE04EC0-301F-11D3-BF4B-00C04F79EFBC}") = "Axis", "Axis\Axis.csproj", "{66B0A7D3-3F9C-47C4-BE99-C051D2A28D79}"
EndProject
Global
	GlobalSection(SolutionConfigurationPlatforms) = preSolution
		Debug|Any CPU = Debug|Any CPU
		Release|Any CPU = Release|Any CPU
	EndGlobalSection
	GlobalSection(ProjectConfigurationPlatforms) = postSolution
		{66B0A7D3-3F9C-47C4-BE99-C051D2A28D79}.Debug|Any CPU.ActiveCfg = Debug|Any CPU
		{66B0A7D3-3F9C-47C4-BE99-C051D2A28D79}.Debug|Any CPU.Build.0 = Debug|Any CPU
		{66B0A7D3-3F9C-47C4-BE99-C051D2A28D79}.Release|Any CPU.ActiveCfg = Release|Any CPU
		{66B0A7D3-3F9C-47C4-BE99-C051D2A28D79}.Release|Any CPU.Build.0 = Release|Any CPU
	EndGlobalSection
	GlobalSection(SolutionProperties) = preSolution
		HideSolutionNode = FALSE
	EndGlobalSection
	GlobalSection(ExtensibilityGlobals) = postSolution
		SolutionGuid = {3D27F7E7-EC81-45C4-86A3-25C4D226A184}
	EndGlobalSection
EndGlobal
