
Microsoft Visual Studio Solution File, Format Version 12.00
# Visual Studio Version 17
VisualStudioVersion = 17.9.34310.174
MinimumVisualStudioVersion = 10.0.40219.1
Project("{FAE04EC0-301F-11D3-BF4B-00C04F79EFBC}") = "Picture Fill", "Picture Fill\Picture Fill.csproj", "{80675AFB-60D7-4E4E-B9A0-7376512DB456}"
EndProject
Global
	GlobalSection(SolutionConfigurationPlatforms) = preSolution
		Debug|Any CPU = Debug|Any CPU
		Release|Any CPU = Release|Any CPU
	EndGlobalSection
	GlobalSection(ProjectConfigurationPlatforms) = postSolution
		{80675AFB-60D7-4E4E-B9A0-7376512DB456}.Debug|Any CPU.ActiveCfg = Debug|Any CPU
		{80675AFB-60D7-4E4E-B9A0-7376512DB456}.Debug|Any CPU.Build.0 = Debug|Any CPU
		{80675AFB-60D7-4E4E-B9A0-7376512DB456}.Release|Any CPU.ActiveCfg = Release|Any CPU
		{80675AFB-60D7-4E4E-B9A0-7376512DB456}.Release|Any CPU.Build.0 = Release|Any CPU
	EndGlobalSection
	GlobalSection(SolutionProperties) = preSolution
		HideSolutionNode = FALSE
	EndGlobalSection
	GlobalSection(ExtensibilityGlobals) = postSolution
		SolutionGuid = {3CD50063-DBC1-420C-8ADF-B0F9449DCD4C}
	EndGlobalSection
EndGlobal
