
Microsoft Visual Studio Solution File, Format Version 12.00
# Visual Studio Version 17
VisualStudioVersion = 17.5.33516.290
MinimumVisualStudioVersion = 10.0.40219.1
Project("{9A19103F-16F7-4668-BE54-9A1E7A4F7556}") = "EditExcel", "EditExcel\EditExcel.csproj", "{310E60FE-70C2-484E-B06B-E2C56A1FF754}"
EndProject
Global
	GlobalSection(SolutionConfigurationPlatforms) = preSolution
		Debug|Any CPU = Debug|Any CPU
		Release|Any CPU = Release|Any CPU
	EndGlobalSection
	GlobalSection(ProjectConfigurationPlatforms) = postSolution
		{310E60FE-70C2-484E-B06B-E2C56A1FF754}.Debug|Any CPU.ActiveCfg = Debug|Any CPU
		{310E60FE-70C2-484E-B06B-E2C56A1FF754}.Debug|Any CPU.Build.0 = Debug|Any CPU
		{310E60FE-70C2-484E-B06B-E2C56A1FF754}.Release|Any CPU.ActiveCfg = Release|Any CPU
		{310E60FE-70C2-484E-B06B-E2C56A1FF754}.Release|Any CPU.Build.0 = Release|Any CPU
	EndGlobalSection
	GlobalSection(SolutionProperties) = preSolution
		HideSolutionNode = FALSE
	EndGlobalSection
	GlobalSection(ExtensibilityGlobals) = postSolution
		SolutionGuid = {7E41C673-8721-4777-B667-1C9A185E1AC1}
	EndGlobalSection
EndGlobal
