
Microsoft Visual Studio Solution File, Format Version 12.00
# Visual Studio Version 17
VisualStudioVersion = 17.9.34310.174
MinimumVisualStudioVersion = 10.0.40219.1
Project("{FAE04EC0-301F-11D3-BF4B-00C04F79EFBC}") = "Import data from dynamic collection", "Import data from dynamic collection\Import data from dynamic collection.csproj", "{07E13FCF-C312-4829-A2D2-76C62F3D3BDC}"
EndProject
Global
	GlobalSection(SolutionConfigurationPlatforms) = preSolution
		Debug|Any CPU = Debug|Any CPU
		Release|Any CPU = Release|Any CPU
	EndGlobalSection
	GlobalSection(ProjectConfigurationPlatforms) = postSolution
		{07E13FCF-C312-4829-A2D2-76C62F3D3BDC}.Debug|Any CPU.ActiveCfg = Debug|Any CPU
		{07E13FCF-C312-4829-A2D2-76C62F3D3BDC}.Debug|Any CPU.Build.0 = Debug|Any CPU
		{07E13FCF-C312-4829-A2D2-76C62F3D3BDC}.Release|Any CPU.ActiveCfg = Release|Any CPU
		{07E13FCF-C312-4829-A2D2-76C62F3D3BDC}.Release|Any CPU.Build.0 = Release|Any CPU
	EndGlobalSection
	GlobalSection(SolutionProperties) = preSolution
		HideSolutionNode = FALSE
	EndGlobalSection
	GlobalSection(ExtensibilityGlobals) = postSolution
		SolutionGuid = {D8546202-E535-49D9-BAD2-1AA8F12B5B08}
	EndGlobalSection
EndGlobal
