
Microsoft Visual Studio Solution File, Format Version 12.00
# Visual Studio Version 16
VisualStudioVersion = 16.0.31729.503
MinimumVisualStudioVersion = 10.0.40219.1
Project("{FAE04EC0-301F-11D3-BF4B-00C04F79EFBC}") = "Add SVG Picture", "Add SVG Picture\Add SVG Picture.csproj", "{EF2E9287-AA95-4BBE-9E11-B5DB3EF5C76A}"
EndProject
Global
	GlobalSection(SolutionConfigurationPlatforms) = preSolution
		Debug|Any CPU = Debug|Any CPU
		Release|Any CPU = Release|Any CPU
	EndGlobalSection
	GlobalSection(ProjectConfigurationPlatforms) = postSolution
		{EF2E9287-AA95-4BBE-9E11-B5DB3EF5C76A}.Debug|Any CPU.ActiveCfg = Debug|Any CPU
		{EF2E9287-AA95-4BBE-9E11-B5DB3EF5C76A}.Debug|Any CPU.Build.0 = Debug|Any CPU
		{EF2E9287-AA95-4BBE-9E11-B5DB3EF5C76A}.Release|Any CPU.ActiveCfg = Release|Any CPU
		{EF2E9287-AA95-4BBE-9E11-B5DB3EF5C76A}.Release|Any CPU.Build.0 = Release|Any CPU
	EndGlobalSection
	GlobalSection(SolutionProperties) = preSolution
		HideSolutionNode = FALSE
	EndGlobalSection
	GlobalSection(ExtensibilityGlobals) = postSolution
		SolutionGuid = {75863AE3-46E0-4426-B548-BB0B8962E1A8}
	EndGlobalSection
EndGlobal
