
Microsoft Visual Studio Solution File, Format Version 12.00
# Visual Studio Version 16
VisualStudioVersion = 16.0.31729.503
MinimumVisualStudioVersion = 10.0.40219.1
Project("{FAE04EC0-301F-11D3-BF4B-00C04F79EFBC}") = "Sunburst", "Sunburst\Sunburst.csproj", "{1A9BD680-F42C-4D5A-A320-A3029979DD2D}"
EndProject
Global
	GlobalSection(SolutionConfigurationPlatforms) = preSolution
		Debug|Any CPU = Debug|Any CPU
		Release|Any CPU = Release|Any CPU
	EndGlobalSection
	GlobalSection(ProjectConfigurationPlatforms) = postSolution
		{1A9BD680-F42C-4D5A-A320-A3029979DD2D}.Debug|Any CPU.ActiveCfg = Debug|Any CPU
		{1A9BD680-F42C-4D5A-A320-A3029979DD2D}.Debug|Any CPU.Build.0 = Debug|Any CPU
		{1A9BD680-F42C-4D5A-A320-A3029979DD2D}.Release|Any CPU.ActiveCfg = Release|Any CPU
		{1A9BD680-F42C-4D5A-A320-A3029979DD2D}.Release|Any CPU.Build.0 = Release|Any CPU
	EndGlobalSection
	GlobalSection(SolutionProperties) = preSolution
		HideSolutionNode = FALSE
	EndGlobalSection
	GlobalSection(ExtensibilityGlobals) = postSolution
		SolutionGuid = {266D5929-5447-48B9-98C6-7E5AC7044658}
	EndGlobalSection
EndGlobal
