
Microsoft Visual Studio Solution File, Format Version 12.00
# Visual Studio Version 16
VisualStudioVersion = 16.0.31729.503
MinimumVisualStudioVersion = 10.0.40219.1
Project("{FAE04EC0-301F-11D3-BF4B-00C04F79EFBC}") = "Edit Excel.UWP", "Edit Excel\Edit Excel.UWP\Edit Excel.UWP.csproj", "{812C73DF-2C41-47F5-B250-89F91C8FDD3D}"
EndProject
Project("{FAE04EC0-301F-11D3-BF4B-00C04F79EFBC}") = "Edit Excel", "Edit Excel\Edit Excel\Edit Excel.csproj", "{131BCEC6-BCB9-4DC2-A507-B64B60C8F525}"
EndProject
Global
	GlobalSection(SolutionConfigurationPlatforms) = preSolution
		Debug|Any CPU = Debug|Any CPU
		Debug|ARM = Debug|ARM
		Debug|x64 = Debug|x64
		Debug|x86 = Debug|x86
		Release|Any CPU = Release|Any CPU
		Release|ARM = Release|ARM
		Release|x64 = Release|x64
		Release|x86 = Release|x86
	EndGlobalSection
	GlobalSection(ProjectConfigurationPlatforms) = postSolution
		{812C73DF-2C41-47F5-B250-89F91C8FDD3D}.Debug|Any CPU.ActiveCfg = Debug|x86
		{812C73DF-2C41-47F5-B250-89F91C8FDD3D}.Debug|Any CPU.Build.0 = Debug|x86
		{812C73DF-2C41-47F5-B250-89F91C8FDD3D}.Debug|Any CPU.Deploy.0 = Debug|x86
		{812C73DF-2C41-47F5-B250-89F91C8FDD3D}.Debug|ARM.ActiveCfg = Debug|ARM
		{812C73DF-2C41-47F5-B250-89F91C8FDD3D}.Debug|ARM.Build.0 = Debug|ARM
		{812C73DF-2C41-47F5-B250-89F91C8FDD3D}.Debug|ARM.Deploy.0 = Debug|ARM
		{812C73DF-2C41-47F5-B250-89F91C8FDD3D}.Debug|x64.ActiveCfg = Debug|x64
		{812C73DF-2C41-47F5-B250-89F91C8FDD3D}.Debug|x64.Build.0 = Debug|x64
		{812C73DF-2C41-47F5-B250-89F91C8FDD3D}.Debug|x64.Deploy.0 = Debug|x64
		{812C73DF-2C41-47F5-B250-89F91C8FDD3D}.Debug|x86.ActiveCfg = Debug|x86
		{812C73DF-2C41-47F5-B250-89F91C8FDD3D}.Debug|x86.Build.0 = Debug|x86
		{812C73DF-2C41-47F5-B250-89F91C8FDD3D}.Debug|x86.Deploy.0 = Debug|x86
		{812C73DF-2C41-47F5-B250-89F91C8FDD3D}.Release|Any CPU.ActiveCfg = Release|x86
		{812C73DF-2C41-47F5-B250-89F91C8FDD3D}.Release|Any CPU.Build.0 = Release|x86
		{812C73DF-2C41-47F5-B250-89F91C8FDD3D}.Release|Any CPU.Deploy.0 = Release|x86
		{812C73DF-2C41-47F5-B250-89F91C8FDD3D}.Release|ARM.ActiveCfg = Release|ARM
		{812C73DF-2C41-47F5-B250-89F91C8FDD3D}.Release|ARM.Build.0 = Release|ARM
		{812C73DF-2C41-47F5-B250-89F91C8FDD3D}.Release|ARM.Deploy.0 = Release|ARM
		{812C73DF-2C41-47F5-B250-89F91C8FDD3D}.Release|x64.ActiveCfg = Release|x64
		{812C73DF-2C41-47F5-B250-89F91C8FDD3D}.Release|x64.Build.0 = Release|x64
		{812C73DF-2C41-47F5-B250-89F91C8FDD3D}.Release|x64.Deploy.0 = Release|x64
		{812C73DF-2C41-47F5-B250-89F91C8FDD3D}.Release|x86.ActiveCfg = Release|x86
		{812C73DF-2C41-47F5-B250-89F91C8FDD3D}.Release|x86.Build.0 = Release|x86
		{812C73DF-2C41-47F5-B250-89F91C8FDD3D}.Release|x86.Deploy.0 = Release|x86
		{131BCEC6-BCB9-4DC2-A507-B64B60C8F525}.Debug|Any CPU.ActiveCfg = Debug|Any CPU
		{131BCEC6-BCB9-4DC2-A507-B64B60C8F525}.Debug|Any CPU.Build.0 = Debug|Any CPU
		{131BCEC6-BCB9-4DC2-A507-B64B60C8F525}.Debug|Any CPU.Deploy.0 = Debug|Any CPU
		{131BCEC6-BCB9-4DC2-A507-B64B60C8F525}.Debug|ARM.ActiveCfg = Debug|Any CPU
		{131BCEC6-BCB9-4DC2-A507-B64B60C8F525}.Debug|ARM.Build.0 = Debug|Any CPU
		{131BCEC6-BCB9-4DC2-A507-B64B60C8F525}.Debug|ARM.Deploy.0 = Debug|Any CPU
		{131BCEC6-BCB9-4DC2-A507-B64B60C8F525}.Debug|x64.ActiveCfg = Debug|Any CPU
		{131BCEC6-BCB9-4DC2-A507-B64B60C8F525}.Debug|x64.Build.0 = Debug|Any CPU
		{131BCEC6-BCB9-4DC2-A507-B64B60C8F525}.Debug|x64.Deploy.0 = Debug|Any CPU
		{131BCEC6-BCB9-4DC2-A507-B64B60C8F525}.Debug|x86.ActiveCfg = Debug|Any CPU
		{131BCEC6-BCB9-4DC2-A507-B64B60C8F525}.Debug|x86.Build.0 = Debug|Any CPU
		{131BCEC6-BCB9-4DC2-A507-B64B60C8F525}.Debug|x86.Deploy.0 = Debug|Any CPU
		{131BCEC6-BCB9-4DC2-A507-B64B60C8F525}.Release|Any CPU.ActiveCfg = Release|Any CPU
		{131BCEC6-BCB9-4DC2-A507-B64B60C8F525}.Release|Any CPU.Build.0 = Release|Any CPU
		{131BCEC6-BCB9-4DC2-A507-B64B60C8F525}.Release|Any CPU.Deploy.0 = Release|Any CPU
		{131BCEC6-BCB9-4DC2-A507-B64B60C8F525}.Release|ARM.ActiveCfg = Release|Any CPU
		{131BCEC6-BCB9-4DC2-A507-B64B60C8F525}.Release|ARM.Build.0 = Release|Any CPU
		{131BCEC6-BCB9-4DC2-A507-B64B60C8F525}.Release|ARM.Deploy.0 = Release|Any CPU
		{131BCEC6-BCB9-4DC2-A507-B64B60C8F525}.Release|x64.ActiveCfg = Release|Any CPU
		{131BCEC6-BCB9-4DC2-A507-B64B60C8F525}.Release|x64.Build.0 = Release|Any CPU
		{131BCEC6-BCB9-4DC2-A507-B64B60C8F525}.Release|x64.Deploy.0 = Release|Any CPU
		{131BCEC6-BCB9-4DC2-A507-B64B60C8F525}.Release|x86.ActiveCfg = Release|Any CPU
		{131BCEC6-BCB9-4DC2-A507-B64B60C8F525}.Release|x86.Build.0 = Release|Any CPU
		{131BCEC6-BCB9-4DC2-A507-B64B60C8F525}.Release|x86.Deploy.0 = Release|Any CPU
	EndGlobalSection
	GlobalSection(SolutionProperties) = preSolution
		HideSolutionNode = FALSE
	EndGlobalSection
	GlobalSection(ExtensibilityGlobals) = postSolution
		SolutionGuid = {DBE054C6-0C7F-4F49-9C2F-FE2071EF15CE}
	EndGlobalSection
EndGlobal
