
Microsoft Visual Studio Solution File, Format Version 12.00
# Visual Studio Version 16
VisualStudioVersion = 16.0.31729.503
MinimumVisualStudioVersion = 10.0.40219.1
Project("{FAE04EC0-301F-11D3-BF4B-00C04F79EFBC}") = "Edit Excel.UWP", "Edit Excel\Edit Excel.UWP\Edit Excel.UWP.csproj", "{949E4EDF-1626-4917-A331-5C180D7AEEA5}"
EndProject
Project("{FAE04EC0-301F-11D3-BF4B-00C04F79EFBC}") = "Edit Excel.Android", "Edit Excel\Edit Excel.Android\Edit Excel.Android.csproj", "{8E1EB10D-96EC-4D74-8308-B273ADB150A7}"
EndProject
Project("{FAE04EC0-301F-11D3-BF4B-00C04F79EFBC}") = "Edit Excel", "Edit Excel\Edit Excel\Edit Excel.csproj", "{7D99FB80-5C5E-48DC-A3DC-FFB9268079D4}"
EndProject
Global
	GlobalSection(SolutionConfigurationPlatforms) = preSolution
		Debug|Any CPU = Debug|Any CPU
		Debug|ARM = Debug|ARM
		Debug|x64 = Debug|x64
		Debug|x86 = Debug|x86
		Release|Any CPU = Release|Any CPU
		Release|ARM = Release|ARM
		Release|x64 = Release|x64
		Release|x86 = Release|x86
	EndGlobalSection
	GlobalSection(ProjectConfigurationPlatforms) = postSolution
		{949E4EDF-1626-4917-A331-5C180D7AEEA5}.Debug|Any CPU.ActiveCfg = Debug|x86
		{949E4EDF-1626-4917-A331-5C180D7AEEA5}.Debug|Any CPU.Build.0 = Debug|x86
		{949E4EDF-1626-4917-A331-5C180D7AEEA5}.Debug|Any CPU.Deploy.0 = Debug|x86
		{949E4EDF-1626-4917-A331-5C180D7AEEA5}.Debug|ARM.ActiveCfg = Debug|ARM
		{949E4EDF-1626-4917-A331-5C180D7AEEA5}.Debug|ARM.Build.0 = Debug|ARM
		{949E4EDF-1626-4917-A331-5C180D7AEEA5}.Debug|ARM.Deploy.0 = Debug|ARM
		{949E4EDF-1626-4917-A331-5C180D7AEEA5}.Debug|x64.ActiveCfg = Debug|x64
		{949E4EDF-1626-4917-A331-5C180D7AEEA5}.Debug|x64.Build.0 = Debug|x64
		{949E4EDF-1626-4917-A331-5C180D7AEEA5}.Debug|x64.Deploy.0 = Debug|x64
		{949E4EDF-1626-4917-A331-5C180D7AEEA5}.Debug|x86.ActiveCfg = Debug|x86
		{949E4EDF-1626-4917-A331-5C180D7AEEA5}.Debug|x86.Build.0 = Debug|x86
		{949E4EDF-1626-4917-A331-5C180D7AEEA5}.Debug|x86.Deploy.0 = Debug|x86
		{949E4EDF-1626-4917-A331-5C180D7AEEA5}.Release|Any CPU.ActiveCfg = Release|x86
		{949E4EDF-1626-4917-A331-5C180D7AEEA5}.Release|Any CPU.Build.0 = Release|x86
		{949E4EDF-1626-4917-A331-5C180D7AEEA5}.Release|Any CPU.Deploy.0 = Release|x86
		{949E4EDF-1626-4917-A331-5C180D7AEEA5}.Release|ARM.ActiveCfg = Release|ARM
		{949E4EDF-1626-4917-A331-5C180D7AEEA5}.Release|ARM.Build.0 = Release|ARM
		{949E4EDF-1626-4917-A331-5C180D7AEEA5}.Release|ARM.Deploy.0 = Release|ARM
		{949E4EDF-1626-4917-A331-5C180D7AEEA5}.Release|x64.ActiveCfg = Release|x64
		{949E4EDF-1626-4917-A331-5C180D7AEEA5}.Release|x64.Build.0 = Release|x64
		{949E4EDF-1626-4917-A331-5C180D7AEEA5}.Release|x64.Deploy.0 = Release|x64
		{949E4EDF-1626-4917-A331-5C180D7AEEA5}.Release|x86.ActiveCfg = Release|x86
		{949E4EDF-1626-4917-A331-5C180D7AEEA5}.Release|x86.Build.0 = Release|x86
		{949E4EDF-1626-4917-A331-5C180D7AEEA5}.Release|x86.Deploy.0 = Release|x86
		{8E1EB10D-96EC-4D74-8308-B273ADB150A7}.Debug|Any CPU.ActiveCfg = Debug|Any CPU
		{8E1EB10D-96EC-4D74-8308-B273ADB150A7}.Debug|Any CPU.Build.0 = Debug|Any CPU
		{8E1EB10D-96EC-4D74-8308-B273ADB150A7}.Debug|Any CPU.Deploy.0 = Debug|Any CPU
		{8E1EB10D-96EC-4D74-8308-B273ADB150A7}.Debug|ARM.ActiveCfg = Debug|Any CPU
		{8E1EB10D-96EC-4D74-8308-B273ADB150A7}.Debug|ARM.Build.0 = Debug|Any CPU
		{8E1EB10D-96EC-4D74-8308-B273ADB150A7}.Debug|ARM.Deploy.0 = Debug|Any CPU
		{8E1EB10D-96EC-4D74-8308-B273ADB150A7}.Debug|x64.ActiveCfg = Debug|Any CPU
		{8E1EB10D-96EC-4D74-8308-B273ADB150A7}.Debug|x64.Build.0 = Debug|Any CPU
		{8E1EB10D-96EC-4D74-8308-B273ADB150A7}.Debug|x64.Deploy.0 = Debug|Any CPU
		{8E1EB10D-96EC-4D74-8308-B273ADB150A7}.Debug|x86.ActiveCfg = Debug|Any CPU
		{8E1EB10D-96EC-4D74-8308-B273ADB150A7}.Debug|x86.Build.0 = Debug|Any CPU
		{8E1EB10D-96EC-4D74-8308-B273ADB150A7}.Debug|x86.Deploy.0 = Debug|Any CPU
		{8E1EB10D-96EC-4D74-8308-B273ADB150A7}.Release|Any CPU.ActiveCfg = Release|Any CPU
		{8E1EB10D-96EC-4D74-8308-B273ADB150A7}.Release|Any CPU.Build.0 = Release|Any CPU
		{8E1EB10D-96EC-4D74-8308-B273ADB150A7}.Release|Any CPU.Deploy.0 = Release|Any CPU
		{8E1EB10D-96EC-4D74-8308-B273ADB150A7}.Release|ARM.ActiveCfg = Release|Any CPU
		{8E1EB10D-96EC-4D74-8308-B273ADB150A7}.Release|ARM.Build.0 = Release|Any CPU
		{8E1EB10D-96EC-4D74-8308-B273ADB150A7}.Release|ARM.Deploy.0 = Release|Any CPU
		{8E1EB10D-96EC-4D74-8308-B273ADB150A7}.Release|x64.ActiveCfg = Release|Any CPU
		{8E1EB10D-96EC-4D74-8308-B273ADB150A7}.Release|x64.Build.0 = Release|Any CPU
		{8E1EB10D-96EC-4D74-8308-B273ADB150A7}.Release|x64.Deploy.0 = Release|Any CPU
		{8E1EB10D-96EC-4D74-8308-B273ADB150A7}.Release|x86.ActiveCfg = Release|Any CPU
		{8E1EB10D-96EC-4D74-8308-B273ADB150A7}.Release|x86.Build.0 = Release|Any CPU
		{8E1EB10D-96EC-4D74-8308-B273ADB150A7}.Release|x86.Deploy.0 = Release|Any CPU
		{7D99FB80-5C5E-48DC-A3DC-FFB9268079D4}.Debug|Any CPU.ActiveCfg = Debug|Any CPU
		{7D99FB80-5C5E-48DC-A3DC-FFB9268079D4}.Debug|Any CPU.Build.0 = Debug|Any CPU
		{7D99FB80-5C5E-48DC-A3DC-FFB9268079D4}.Debug|Any CPU.Deploy.0 = Debug|Any CPU
		{7D99FB80-5C5E-48DC-A3DC-FFB9268079D4}.Debug|ARM.ActiveCfg = Debug|Any CPU
		{7D99FB80-5C5E-48DC-A3DC-FFB9268079D4}.Debug|ARM.Build.0 = Debug|Any CPU
		{7D99FB80-5C5E-48DC-A3DC-FFB9268079D4}.Debug|ARM.Deploy.0 = Debug|Any CPU
		{7D99FB80-5C5E-48DC-A3DC-FFB9268079D4}.Debug|x64.ActiveCfg = Debug|Any CPU
		{7D99FB80-5C5E-48DC-A3DC-FFB9268079D4}.Debug|x64.Build.0 = Debug|Any CPU
		{7D99FB80-5C5E-48DC-A3DC-FFB9268079D4}.Debug|x64.Deploy.0 = Debug|Any CPU
		{7D99FB80-5C5E-48DC-A3DC-FFB9268079D4}.Debug|x86.ActiveCfg = Debug|Any CPU
		{7D99FB80-5C5E-48DC-A3DC-FFB9268079D4}.Debug|x86.Build.0 = Debug|Any CPU
		{7D99FB80-5C5E-48DC-A3DC-FFB9268079D4}.Debug|x86.Deploy.0 = Debug|Any CPU
		{7D99FB80-5C5E-48DC-A3DC-FFB9268079D4}.Release|Any CPU.ActiveCfg = Release|Any CPU
		{7D99FB80-5C5E-48DC-A3DC-FFB9268079D4}.Release|Any CPU.Build.0 = Release|Any CPU
		{7D99FB80-5C5E-48DC-A3DC-FFB9268079D4}.Release|Any CPU.Deploy.0 = Release|Any CPU
		{7D99FB80-5C5E-48DC-A3DC-FFB9268079D4}.Release|ARM.ActiveCfg = Release|Any CPU
		{7D99FB80-5C5E-48DC-A3DC-FFB9268079D4}.Release|ARM.Build.0 = Release|Any CPU
		{7D99FB80-5C5E-48DC-A3DC-FFB9268079D4}.Release|ARM.Deploy.0 = Release|Any CPU
		{7D99FB80-5C5E-48DC-A3DC-FFB9268079D4}.Release|x64.ActiveCfg = Release|Any CPU
		{7D99FB80-5C5E-48DC-A3DC-FFB9268079D4}.Release|x64.Build.0 = Release|Any CPU
		{7D99FB80-5C5E-48DC-A3DC-FFB9268079D4}.Release|x64.Deploy.0 = Release|Any CPU
		{7D99FB80-5C5E-48DC-A3DC-FFB9268079D4}.Release|x86.ActiveCfg = Release|Any CPU
		{7D99FB80-5C5E-48DC-A3DC-FFB9268079D4}.Release|x86.Build.0 = Release|Any CPU
		{7D99FB80-5C5E-48DC-A3DC-FFB9268079D4}.Release|x86.Deploy.0 = Release|Any CPU
	EndGlobalSection
	GlobalSection(SolutionProperties) = preSolution
		HideSolutionNode = FALSE
	EndGlobalSection
	GlobalSection(ExtensibilityGlobals) = postSolution
		SolutionGuid = {304AEB5B-4A85-4CE3-B5FE-243F96574C0D}
	EndGlobalSection
EndGlobal
