
Microsoft Visual Studio Solution File, Format Version 12.00
# Visual Studio Version 17
VisualStudioVersion = 17.9.34310.174
MinimumVisualStudioVersion = 10.0.40219.1
Project("{FAE04EC0-301F-11D3-BF4B-00C04F79EFBC}") = "Gauge Chart", "Gauge Chart\Gauge Chart.csproj", "{BD0D7A75-D255-4E74-A4F6-43B01D304A95}"
EndProject
Global
	GlobalSection(SolutionConfigurationPlatforms) = preSolution
		Debug|Any CPU = Debug|Any CPU
		Release|Any CPU = Release|Any CPU
	EndGlobalSection
	GlobalSection(ProjectConfigurationPlatforms) = postSolution
		{BD0D7A75-D255-4E74-A4F6-43B01D304A95}.Debug|Any CPU.ActiveCfg = Debug|Any CPU
		{BD0D7A75-D255-4E74-A4F6-43B01D304A95}.Debug|Any CPU.Build.0 = Debug|Any CPU
		{BD0D7A75-D255-4E74-A4F6-43B01D304A95}.Release|Any CPU.ActiveCfg = Release|Any CPU
		{BD0D7A75-D255-4E74-A4F6-43B01D304A95}.Release|Any CPU.Build.0 = Release|Any CPU
	EndGlobalSection
	GlobalSection(SolutionProperties) = preSolution
		HideSolutionNode = FALSE
	EndGlobalSection
	GlobalSection(ExtensibilityGlobals) = postSolution
		SolutionGuid = {A3C33441-1A09-4DE1-ABCE-5F44914B94B9}
	EndGlobalSection
EndGlobal
