
Microsoft Visual Studio Solution File, Format Version 12.00
# Visual Studio Version 17
VisualStudioVersion = 17.12.35506.116 d17.12
MinimumVisualStudioVersion = 10.0.40219.1
Project("{FAE04EC0-301F-11D3-BF4B-00C04F79EFBC}") = "Loading and Saving", "Loading and Saving\Loading and Saving.csproj", "{ECA1C3DD-84AA-4967-B6C7-4AAE7F2F213F}"
EndProject
Global
	GlobalSection(SolutionConfigurationPlatforms) = preSolution
		Debug|Any CPU = Debug|Any CPU
		Release|Any CPU = Release|Any CPU
	EndGlobalSection
	GlobalSection(ProjectConfigurationPlatforms) = postSolution
		{ECA1C3DD-84AA-4967-B6C7-4AAE7F2F213F}.Debug|Any CPU.ActiveCfg = Debug|Any CPU
		{ECA1C3DD-84AA-4967-B6C7-4AAE7F2F213F}.Debug|Any CPU.Build.0 = Debug|Any CPU
		{ECA1C3DD-84AA-4967-B6C7-4AAE7F2F213F}.Release|Any CPU.ActiveCfg = Release|Any CPU
		{ECA1C3DD-84AA-4967-B6C7-4AAE7F2F213F}.Release|Any CPU.Build.0 = Release|Any CPU
	EndGlobalSection
	GlobalSection(SolutionProperties) = preSolution
		HideSolutionNode = FALSE
	EndGlobalSection
EndGlobal
