
Microsoft Visual Studio Solution File, Format Version 12.00
# Visual Studio Version 17
VisualStudioVersion = 17.5.33516.290
MinimumVisualStudioVersion = 10.0.40219.1
Project("{FAE04EC0-301F-11D3-BF4B-00C04F79EFBC}") = "Reply Comment", "Reply Comment\Reply Comment.csproj", "{ABCB52DF-1E25-4A4D-BFFB-577E781B07FD}"
EndProject
Global
	GlobalSection(SolutionConfigurationPlatforms) = preSolution
		Debug|Any CPU = Debug|Any CPU
		Release|Any CPU = Release|Any CPU
	EndGlobalSection
	GlobalSection(ProjectConfigurationPlatforms) = postSolution
		{ABCB52DF-1E25-4A4D-BFFB-577E781B07FD}.Debug|Any CPU.ActiveCfg = Debug|Any CPU
		{ABCB52DF-1E25-4A4D-BFFB-577E781B07FD}.Debug|Any CPU.Build.0 = Debug|Any CPU
		{ABCB52DF-1E25-4A4D-BFFB-577E781B07FD}.Release|Any CPU.ActiveCfg = Release|Any CPU
		{ABCB52DF-1E25-4A4D-BFFB-577E781B07FD}.Release|Any CPU.Build.0 = Release|Any CPU
	EndGlobalSection
	GlobalSection(SolutionProperties) = preSolution
		HideSolutionNode = FALSE
	EndGlobalSection
	GlobalSection(ExtensibilityGlobals) = postSolution
		SolutionGuid = {E7340CD0-BF7F-49D8-857A-BC80C5431177}
	EndGlobalSection
EndGlobal
