
Microsoft Visual Studio Solution File, Format Version 12.00
# Visual Studio Version 16
VisualStudioVersion = 16.0.31729.503
MinimumVisualStudioVersion = 10.0.40219.1
Project("{FAE04EC0-301F-11D3-BF4B-00C04F79EFBC}") = "Color Settings", "Color Settings\Color Settings.csproj", "{7DA1A7DC-CA53-435A-AE6A-5CDA277474E7}"
EndProject
Global
	GlobalSection(SolutionConfigurationPlatforms) = preSolution
		Debug|Any CPU = Debug|Any CPU
		Release|Any CPU = Release|Any CPU
	EndGlobalSection
	GlobalSection(ProjectConfigurationPlatforms) = postSolution
		{7DA1A7DC-CA53-435A-AE6A-5CDA277474E7}.Debug|Any CPU.ActiveCfg = Debug|Any CPU
		{7DA1A7DC-CA53-435A-AE6A-5CDA277474E7}.Debug|Any CPU.Build.0 = Debug|Any CPU
		{7DA1A7DC-CA53-435A-AE6A-5CDA277474E7}.Release|Any CPU.ActiveCfg = Release|Any CPU
		{7DA1A7DC-CA53-435A-AE6A-5CDA277474E7}.Release|Any CPU.Build.0 = Release|Any CPU
	EndGlobalSection
	GlobalSection(SolutionProperties) = preSolution
		HideSolutionNode = FALSE
	EndGlobalSection
	GlobalSection(ExtensibilityGlobals) = postSolution
		SolutionGuid = {5ED59568-394B-427B-B062-FF65623B3FB5}
	EndGlobalSection
EndGlobal
