
Microsoft Visual Studio Solution File, Format Version 12.00
# Visual Studio Version 17
VisualStudioVersion = 17.7.34202.233
MinimumVisualStudioVersion = 10.0.40219.1
Project("{9A19103F-16F7-4668-BE54-9A1E7A4F7556}") = "Convert-Excel-to-Image", "Convert-Excel-to-Image\Convert-Excel-to-Image.csproj", "{BB8364F9-4F7C-4F2E-9238-21B318B8E5FC}"
EndProject
Global
	GlobalSection(SolutionConfigurationPlatforms) = preSolution
		Debug|Any CPU = Debug|Any CPU
		Release|Any CPU = Release|Any CPU
	EndGlobalSection
	GlobalSection(ProjectConfigurationPlatforms) = postSolution
		{BB8364F9-4F7C-4F2E-9238-21B318B8E5FC}.Debug|Any CPU.ActiveCfg = Debug|Any CPU
		{BB8364F9-4F7C-4F2E-9238-21B318B8E5FC}.Debug|Any CPU.Build.0 = Debug|Any CPU
		{BB8364F9-4F7C-4F2E-9238-21B318B8E5FC}.Release|Any CPU.ActiveCfg = Release|Any CPU
		{BB8364F9-4F7C-4F2E-9238-21B318B8E5FC}.Release|Any CPU.Build.0 = Release|Any CPU
	EndGlobalSection
	GlobalSection(SolutionProperties) = preSolution
		HideSolutionNode = FALSE
	EndGlobalSection
	GlobalSection(ExtensibilityGlobals) = postSolution
		SolutionGuid = {1A7BCEE9-68CD-4CF6-9E84-6BADE00E3AED}
	EndGlobalSection
EndGlobal
