
Microsoft Visual Studio Solution File, Format Version 12.00
# Visual Studio Version 17
VisualStudioVersion = 17.9.34310.174
MinimumVisualStudioVersion = 10.0.40219.1
Project("{9A19103F-16F7-4668-BE54-9A1E7A4F7556}") = "Copy Column", "Copy Column\Copy Column.csproj", "{953652F8-96E5-4B87-BC7E-C12E69D3D830}"
EndProject
Global
	GlobalSection(SolutionConfigurationPlatforms) = preSolution
		Debug|Any CPU = Debug|Any CPU
		Release|Any CPU = Release|Any CPU
		Release-Xml|Any CPU = Release-Xml|Any CPU
	EndGlobalSection
	GlobalSection(ProjectConfigurationPlatforms) = postSolution
		{953652F8-96E5-4B87-BC7E-C12E69D3D830}.Debug|Any CPU.ActiveCfg = Debug|Any CPU
		{953652F8-96E5-4B87-BC7E-C12E69D3D830}.Debug|Any CPU.Build.0 = Debug|Any CPU
		{953652F8-96E5-4B87-BC7E-C12E69D3D830}.Release|Any CPU.ActiveCfg = Release|Any CPU
		{953652F8-96E5-4B87-BC7E-C12E69D3D830}.Release|Any CPU.Build.0 = Release|Any CPU
		{953652F8-96E5-4B87-BC7E-C12E69D3D830}.Release-Xml|Any CPU.ActiveCfg = Release|Any CPU
		{953652F8-96E5-4B87-BC7E-C12E69D3D830}.Release-Xml|Any CPU.Build.0 = Release|Any CPU
	EndGlobalSection
	GlobalSection(SolutionProperties) = preSolution
		HideSolutionNode = FALSE
	EndGlobalSection
	GlobalSection(ExtensibilityGlobals) = postSolution
		SolutionGuid = {FCC5078F-63B0-46C6-90B3-B5B9548C69EC}
	EndGlobalSection
EndGlobal
