
Microsoft Visual Studio Solution File, Format Version 12.00
# Visual Studio Version 17
VisualStudioVersion = 17.14.36127.28 d17.14
MinimumVisualStudioVersion = 10.0.40219.1
Project("{FAE04EC0-301F-11D3-BF4B-00C04F79EFBC}") = "ConvertExcelToImage", "ConvertExcelToImage\ConvertExcelToImage.csproj", "{509E3317-4319-4B16-9A38-AEBE9DDB42FE}"
EndProject
Global
	GlobalSection(SolutionConfigurationPlatforms) = preSolution
		Debug|Any CPU = Debug|Any CPU
		Release|Any CPU = Release|Any CPU
	EndGlobalSection
	GlobalSection(ProjectConfigurationPlatforms) = postSolution
		{509E3317-4319-4B16-9A38-AEBE9DDB42FE}.Debug|Any CPU.ActiveCfg = Debug|Any CPU
		{509E3317-4319-4B16-9A38-AEBE9DDB42FE}.Debug|Any CPU.Build.0 = Debug|Any CPU
		{509E3317-4319-4B16-9A38-AEBE9DDB42FE}.Release|Any CPU.ActiveCfg = Release|Any CPU
		{509E3317-4319-4B16-9A38-AEBE9DDB42FE}.Release|Any CPU.Build.0 = Release|Any CPU
	EndGlobalSection
	GlobalSection(SolutionProperties) = preSolution
		HideSolutionNode = FALSE
	EndGlobalSection
	GlobalSection(ExtensibilityGlobals) = postSolution
		SolutionGuid = {68C34065-4AA5-4AAA-B58D-028E51F0954D}
	EndGlobalSection
EndGlobal
