
Microsoft Visual Studio Solution File, Format Version 12.00
# Visual Studio Version 17
VisualStudioVersion = 17.13.35723.152 d17.13
MinimumVisualStudioVersion = 10.0.40219.1
Project("{FAE04EC0-301F-11D3-BF4B-00C04F79EFBC}") = "XmlMapToExcel", "XmlMapToExcel\XmlMapToExcel.csproj", "{D28F11E0-738A-42AC-9B38-92C395D59E07}"
EndProject
Global
	GlobalSection(SolutionConfigurationPlatforms) = preSolution
		Debug|Any CPU = Debug|Any CPU
		Release|Any CPU = Release|Any CPU
	EndGlobalSection
	GlobalSection(ProjectConfigurationPlatforms) = postSolution
		{D28F11E0-738A-42AC-9B38-92C395D59E07}.Debug|Any CPU.ActiveCfg = Debug|Any CPU
		{D28F11E0-738A-42AC-9B38-92C395D59E07}.Debug|Any CPU.Build.0 = Debug|Any CPU
		{D28F11E0-738A-42AC-9B38-92C395D59E07}.Release|Any CPU.ActiveCfg = Release|Any CPU
		{D28F11E0-738A-42AC-9B38-92C395D59E07}.Release|Any CPU.Build.0 = Release|Any CPU
	EndGlobalSection
	GlobalSection(SolutionProperties) = preSolution
		HideSolutionNode = FALSE
	EndGlobalSection
	GlobalSection(ExtensibilityGlobals) = postSolution
		SolutionGuid = {5B3A8406-90DB-43A5-843C-0E24EDEB0E06}
	EndGlobalSection
EndGlobal
