
Microsoft Visual Studio Solution File, Format Version 12.00
# Visual Studio Version 17
VisualStudioVersion = 17.9.34310.174
MinimumVisualStudioVersion = 10.0.40219.1
Project("{FAE04EC0-301F-11D3-BF4B-00C04F79EFBC}") = "SplitExcelDocument", "SplitExcelDocument\SplitExcelDocument.csproj", "{F84710FF-A205-4540-8A1F-8C05813225DD}"
EndProject
Global
	GlobalSection(SolutionConfigurationPlatforms) = preSolution
		Debug|Any CPU = Debug|Any CPU
		Release|Any CPU = Release|Any CPU
	EndGlobalSection
	GlobalSection(ProjectConfigurationPlatforms) = postSolution
		{F84710FF-A205-4540-8A1F-8C05813225DD}.Debug|Any CPU.ActiveCfg = Debug|Any CPU
		{F84710FF-A205-4540-8A1F-8C05813225DD}.Debug|Any CPU.Build.0 = Debug|Any CPU
		{F84710FF-A205-4540-8A1F-8C05813225DD}.Release|Any CPU.ActiveCfg = Release|Any CPU
		{F84710FF-A205-4540-8A1F-8C05813225DD}.Release|Any CPU.Build.0 = Release|Any CPU
	EndGlobalSection
	GlobalSection(SolutionProperties) = preSolution
		HideSolutionNode = FALSE
	EndGlobalSection
	GlobalSection(ExtensibilityGlobals) = postSolution
		SolutionGuid = {6FCE571C-9967-4868-B912-EC01287A7610}
	EndGlobalSection
EndGlobal
