
Microsoft Visual Studio Solution File, Format Version 12.00
# Visual Studio Version 16
VisualStudioVersion = 16.0.31729.503
MinimumVisualStudioVersion = 10.0.40219.1
Project("{FAE04EC0-301F-11D3-BF4B-00C04F79EFBC}") = "Wrap Text", "Wrap Text\Wrap Text.csproj", "{0EFA9E13-A34A-40F4-A479-68BC9BD46D98}"
EndProject
Global
	GlobalSection(SolutionConfigurationPlatforms) = preSolution
		Debug|Any CPU = Debug|Any CPU
		Release|Any CPU = Release|Any CPU
	EndGlobalSection
	GlobalSection(ProjectConfigurationPlatforms) = postSolution
		{0EFA9E13-A34A-40F4-A479-68BC9BD46D98}.Debug|Any CPU.ActiveCfg = Debug|Any CPU
		{0EFA9E13-A34A-40F4-A479-68BC9BD46D98}.Debug|Any CPU.Build.0 = Debug|Any CPU
		{0EFA9E13-A34A-40F4-A479-68BC9BD46D98}.Release|Any CPU.ActiveCfg = Release|Any CPU
		{0EFA9E13-A34A-40F4-A479-68BC9BD46D98}.Release|Any CPU.Build.0 = Release|Any CPU
	EndGlobalSection
	GlobalSection(SolutionProperties) = preSolution
		HideSolutionNode = FALSE
	EndGlobalSection
	GlobalSection(ExtensibilityGlobals) = postSolution
		SolutionGuid = {DF3D28EB-D912-49DB-9353-97B1FACC5FC5}
	EndGlobalSection
EndGlobal
