
Microsoft Visual Studio Solution File, Format Version 12.00
# Visual Studio Version 17
VisualStudioVersion = 17.12.35506.116 d17.12
MinimumVisualStudioVersion = 10.0.40219.1
Project("{FAE04EC0-301F-11D3-BF4B-00C04F79EFBC}") = "Pie slice color and data label call out", "Pie slice color and data label call out\Pie slice color and data label call out.csproj", "{DD5FE589-A0E2-47CD-B82E-546A43974B67}"
EndProject
Global
	GlobalSection(SolutionConfigurationPlatforms) = preSolution
		Debug|Any CPU = Debug|Any CPU
		Release|Any CPU = Release|Any CPU
	EndGlobalSection
	GlobalSection(ProjectConfigurationPlatforms) = postSolution
		{DD5FE589-A0E2-47CD-B82E-546A43974B67}.Debug|Any CPU.ActiveCfg = Debug|Any CPU
		{DD5FE589-A0E2-47CD-B82E-546A43974B67}.Debug|Any CPU.Build.0 = Debug|Any CPU
		{DD5FE589-A0E2-47CD-B82E-546A43974B67}.Release|Any CPU.ActiveCfg = Release|Any CPU
		{DD5FE589-A0E2-47CD-B82E-546A43974B67}.Release|Any CPU.Build.0 = Release|Any CPU
	EndGlobalSection
	GlobalSection(SolutionProperties) = preSolution
		HideSolutionNode = FALSE
	EndGlobalSection
EndGlobal
