
Microsoft Visual Studio Solution File, Format Version 12.00
# Visual Studio Version 17
VisualStudioVersion = 17.5.33516.290
MinimumVisualStudioVersion = 10.0.40219.1
Project("{FAE04EC0-301F-11D3-BF4B-00C04F79EFBC}") = "Edit Excel", "Edit Excel\Edit Excel.csproj", "{6ED35C27-78E4-46C7-A808-3C3DF0EC4F9B}"
EndProject
Global
	GlobalSection(SolutionConfigurationPlatforms) = preSolution
		Debug|Any CPU = Debug|Any CPU
		Release|Any CPU = Release|Any CPU
	EndGlobalSection
	GlobalSection(ProjectConfigurationPlatforms) = postSolution
		{6ED35C27-78E4-46C7-A808-3C3DF0EC4F9B}.Debug|Any CPU.ActiveCfg = Debug|Any CPU
		{6ED35C27-78E4-46C7-A808-3C3DF0EC4F9B}.Debug|Any CPU.Build.0 = Debug|Any CPU
		{6ED35C27-78E4-46C7-A808-3C3DF0EC4F9B}.Release|Any CPU.ActiveCfg = Release|Any CPU
		{6ED35C27-78E4-46C7-A808-3C3DF0EC4F9B}.Release|Any CPU.Build.0 = Release|Any CPU
	EndGlobalSection
	GlobalSection(SolutionProperties) = preSolution
		HideSolutionNode = FALSE
	EndGlobalSection
	GlobalSection(ExtensibilityGlobals) = postSolution
		SolutionGuid = {727A9015-DEB7-4BEF-9A0A-5CC8CFC1A63D}
	EndGlobalSection
EndGlobal
