
Microsoft Visual Studio Solution File, Format Version 12.00
# Visual Studio Version 17
VisualStudioVersion = 17.14.36221.1 d17.14
MinimumVisualStudioVersion = 10.0.40219.1
Project("{FAE04EC0-301F-11D3-BF4B-00C04F79EFBC}") = "RGBValueCellColor", "RGBValueCellColor\RGBValueCellColor.csproj", "{B693B811-5C3A-40DD-8C56-573409E2F140}"
EndProject
Global
	GlobalSection(SolutionConfigurationPlatforms) = preSolution
		Debug|Any CPU = Debug|Any CPU
		Release|Any CPU = Release|Any CPU
	EndGlobalSection
	GlobalSection(ProjectConfigurationPlatforms) = postSolution
		{B693B811-5C3A-40DD-8C56-573409E2F140}.Debug|Any CPU.ActiveCfg = Debug|Any CPU
		{B693B811-5C3A-40DD-8C56-573409E2F140}.Debug|Any CPU.Build.0 = Debug|Any CPU
		{B693B811-5C3A-40DD-8C56-573409E2F140}.Release|Any CPU.ActiveCfg = Release|Any CPU
		{B693B811-5C3A-40DD-8C56-573409E2F140}.Release|Any CPU.Build.0 = Release|Any CPU
	EndGlobalSection
	GlobalSection(SolutionProperties) = preSolution
		HideSolutionNode = FALSE
	EndGlobalSection
	GlobalSection(ExtensibilityGlobals) = postSolution
		SolutionGuid = {814BB82D-5FD2-45C0-9792-C0DE5FDEB2BC}
	EndGlobalSection
EndGlobal
