
Microsoft Visual Studio Solution File, Format Version 12.00
# Visual Studio Version 16
VisualStudioVersion = 16.0.31729.503
MinimumVisualStudioVersion = 10.0.40219.1
Project("{FAE04EC0-301F-11D3-BF4B-00C04F79EFBC}") = "Gridlines in PDF", "Gridlines in PDF\Gridlines in PDF.csproj", "{C1F9F131-AC7E-438B-9E1F-D6EF53B5B5ED}"
EndProject
Global
	GlobalSection(SolutionConfigurationPlatforms) = preSolution
		Debug|Any CPU = Debug|Any CPU
		Release|Any CPU = Release|Any CPU
	EndGlobalSection
	GlobalSection(ProjectConfigurationPlatforms) = postSolution
		{C1F9F131-AC7E-438B-9E1F-D6EF53B5B5ED}.Debug|Any CPU.ActiveCfg = Debug|Any CPU
		{C1F9F131-AC7E-438B-9E1F-D6EF53B5B5ED}.Debug|Any CPU.Build.0 = Debug|Any CPU
		{C1F9F131-AC7E-438B-9E1F-D6EF53B5B5ED}.Release|Any CPU.ActiveCfg = Release|Any CPU
		{C1F9F131-AC7E-438B-9E1F-D6EF53B5B5ED}.Release|Any CPU.Build.0 = Release|Any CPU
	EndGlobalSection
	GlobalSection(SolutionProperties) = preSolution
		HideSolutionNode = FALSE
	EndGlobalSection
	GlobalSection(ExtensibilityGlobals) = postSolution
		SolutionGuid = {7AFFA31F-56E9-4FB7-9ECC-2F68D06A9E99}
	EndGlobalSection
EndGlobal
