
Microsoft Visual Studio Solution File, Format Version 12.00
# Visual Studio Version 16
VisualStudioVersion = 16.0.31729.503
MinimumVisualStudioVersion = 10.0.40219.1
Project("{FAE04EC0-301F-11D3-BF4B-00C04F79EFBC}") = "Named Range", "Named Range\Named Range.csproj", "{FE32355F-8BA7-48AB-815E-FD990E9683E8}"
EndProject
Global
	GlobalSection(SolutionConfigurationPlatforms) = preSolution
		Debug|Any CPU = Debug|Any CPU
		Release|Any CPU = Release|Any CPU
	EndGlobalSection
	GlobalSection(ProjectConfigurationPlatforms) = postSolution
		{FE32355F-8BA7-48AB-815E-FD990E9683E8}.Debug|Any CPU.ActiveCfg = Debug|Any CPU
		{FE32355F-8BA7-48AB-815E-FD990E9683E8}.Debug|Any CPU.Build.0 = Debug|Any CPU
		{FE32355F-8BA7-48AB-815E-FD990E9683E8}.Release|Any CPU.ActiveCfg = Release|Any CPU
		{FE32355F-8BA7-48AB-815E-FD990E9683E8}.Release|Any CPU.Build.0 = Release|Any CPU
	EndGlobalSection
	GlobalSection(SolutionProperties) = preSolution
		HideSolutionNode = FALSE
	EndGlobalSection
	GlobalSection(ExtensibilityGlobals) = postSolution
		SolutionGuid = {F3161BF1-CE9E-46C6-95CF-BA9490B41311}
	EndGlobalSection
EndGlobal
