
Microsoft Visual Studio Solution File, Format Version 12.00
# Visual Studio Version 16
VisualStudioVersion = 16.0.31729.503
MinimumVisualStudioVersion = 10.0.40219.1
Project("{FAE04EC0-301F-11D3-BF4B-00C04F79EFBC}") = "Remove all Conditional Formats", "Remove all Conditional Formats\Remove all Conditional Formats.csproj", "{FAE10C82-EC1F-4656-B892-D616F62BCDA4}"
EndProject
Global
	GlobalSection(SolutionConfigurationPlatforms) = preSolution
		Debug|Any CPU = Debug|Any CPU
		Release|Any CPU = Release|Any CPU
	EndGlobalSection
	GlobalSection(ProjectConfigurationPlatforms) = postSolution
		{FAE10C82-EC1F-4656-B892-D616F62BCDA4}.Debug|Any CPU.ActiveCfg = Debug|Any CPU
		{FAE10C82-EC1F-4656-B892-D616F62BCDA4}.Debug|Any CPU.Build.0 = Debug|Any CPU
		{FAE10C82-EC1F-4656-B892-D616F62BCDA4}.Release|Any CPU.ActiveCfg = Release|Any CPU
		{FAE10C82-EC1F-4656-B892-D616F62BCDA4}.Release|Any CPU.Build.0 = Release|Any CPU
	EndGlobalSection
	GlobalSection(SolutionProperties) = preSolution
		HideSolutionNode = FALSE
	EndGlobalSection
	GlobalSection(ExtensibilityGlobals) = postSolution
		SolutionGuid = {92C5DEB3-0A2E-4157-B0E1-38037348FC4A}
	EndGlobalSection
EndGlobal
