
Microsoft Visual Studio Solution File, Format Version 12.00
# Visual Studio Version 17
VisualStudioVersion = 17.5.33516.290
MinimumVisualStudioVersion = 10.0.40219.1
Project("{FAE04EC0-301F-11D3-BF4B-00C04F79EFBC}") = "Resolve Comment", "Resolve Comment\Resolve Comment.csproj", "{AC3703CF-BBE4-4783-A749-8A15471A64D4}"
EndProject
Global
	GlobalSection(SolutionConfigurationPlatforms) = preSolution
		Debug|Any CPU = Debug|Any CPU
		Release|Any CPU = Release|Any CPU
	EndGlobalSection
	GlobalSection(ProjectConfigurationPlatforms) = postSolution
		{AC3703CF-BBE4-4783-A749-8A15471A64D4}.Debug|Any CPU.ActiveCfg = Debug|Any CPU
		{AC3703CF-BBE4-4783-A749-8A15471A64D4}.Debug|Any CPU.Build.0 = Debug|Any CPU
		{AC3703CF-BBE4-4783-A749-8A15471A64D4}.Release|Any CPU.ActiveCfg = Release|Any CPU
		{AC3703CF-BBE4-4783-A749-8A15471A64D4}.Release|Any CPU.Build.0 = Release|Any CPU
	EndGlobalSection
	GlobalSection(SolutionProperties) = preSolution
		HideSolutionNode = FALSE
	EndGlobalSection
	GlobalSection(ExtensibilityGlobals) = postSolution
		SolutionGuid = {B64BC7C6-19CD-4B80-B672-77728ED1E753}
	EndGlobalSection
EndGlobal
