
Microsoft Visual Studio Solution File, Format Version 12.00
# Visual Studio Version 17
VisualStudioVersion = 17.14.36127.28 d17.14
MinimumVisualStudioVersion = 10.0.40219.1
Project("{FAE04EC0-301F-11D3-BF4B-00C04F79EFBC}") = "JSON to CSV", "JSON to CSV\JSON to CSV.csproj", "{30711D59-1CD1-4D4F-A418-10F6E91247C6}"
EndProject
Global
	GlobalSection(SolutionConfigurationPlatforms) = preSolution
		Debug|Any CPU = Debug|Any CPU
		Release|Any CPU = Release|Any CPU
	EndGlobalSection
	GlobalSection(ProjectConfigurationPlatforms) = postSolution
		{30711D59-1CD1-4D4F-A418-10F6E91247C6}.Debug|Any CPU.ActiveCfg = Debug|Any CPU
		{30711D59-1CD1-4D4F-A418-10F6E91247C6}.Debug|Any CPU.Build.0 = Debug|Any CPU
		{30711D59-1CD1-4D4F-A418-10F6E91247C6}.Release|Any CPU.ActiveCfg = Release|Any CPU
		{30711D59-1CD1-4D4F-A418-10F6E91247C6}.Release|Any CPU.Build.0 = Release|Any CPU
	EndGlobalSection
	GlobalSection(SolutionProperties) = preSolution
		HideSolutionNode = FALSE
	EndGlobalSection
	GlobalSection(ExtensibilityGlobals) = postSolution
		SolutionGuid = {E22A3F55-7C52-46AD-8EA4-5F5BEB67552B}
	EndGlobalSection
EndGlobal
