
Microsoft Visual Studio Solution File, Format Version 12.00
# Visual Studio Version 17
VisualStudioVersion = 17.13.35723.152 d17.13
MinimumVisualStudioVersion = 10.0.40219.1
Project("{FAE04EC0-301F-11D3-BF4B-00C04F79EFBC}") = "XmlToExcel", "XmlToExcel\XmlToExcel.csproj", "{8FA50DA7-9FD5-455A-A1D9-722B6981E371}"
EndProject
Global
	GlobalSection(SolutionConfigurationPlatforms) = preSolution
		Debug|Any CPU = Debug|Any CPU
		Release|Any CPU = Release|Any CPU
	EndGlobalSection
	GlobalSection(ProjectConfigurationPlatforms) = postSolution
		{8FA50DA7-9FD5-455A-A1D9-722B6981E371}.Debug|Any CPU.ActiveCfg = Debug|Any CPU
		{8FA50DA7-9FD5-455A-A1D9-722B6981E371}.Debug|Any CPU.Build.0 = Debug|Any CPU
		{8FA50DA7-9FD5-455A-A1D9-722B6981E371}.Release|Any CPU.ActiveCfg = Release|Any CPU
		{8FA50DA7-9FD5-455A-A1D9-722B6981E371}.Release|Any CPU.Build.0 = Release|Any CPU
	EndGlobalSection
	GlobalSection(SolutionProperties) = preSolution
		HideSolutionNode = FALSE
	EndGlobalSection
	GlobalSection(ExtensibilityGlobals) = postSolution
		SolutionGuid = {C04842D5-263C-44CB-A209-F93750F5870B}
	EndGlobalSection
EndGlobal
