
Microsoft Visual Studio Solution File, Format Version 12.00
# Visual Studio Version 17
VisualStudioVersion = 17.5.33516.290
MinimumVisualStudioVersion = 10.0.40219.1
Project("{FAE04EC0-301F-11D3-BF4B-00C04F79EFBC}") = "Create Scenarios", "Create Scenarios\Create Scenarios.csproj", "{7D535C40-18F4-438A-B8BD-47F41D3A826B}"
EndProject
Global
	GlobalSection(SolutionConfigurationPlatforms) = preSolution
		Debug|Any CPU = Debug|Any CPU
		Release|Any CPU = Release|Any CPU
	EndGlobalSection
	GlobalSection(ProjectConfigurationPlatforms) = postSolution
		{7D535C40-18F4-438A-B8BD-47F41D3A826B}.Debug|Any CPU.ActiveCfg = Debug|Any CPU
		{7D535C40-18F4-438A-B8BD-47F41D3A826B}.Debug|Any CPU.Build.0 = Debug|Any CPU
		{7D535C40-18F4-438A-B8BD-47F41D3A826B}.Release|Any CPU.ActiveCfg = Release|Any CPU
		{7D535C40-18F4-438A-B8BD-47F41D3A826B}.Release|Any CPU.Build.0 = Release|Any CPU
	EndGlobalSection
	GlobalSection(SolutionProperties) = preSolution
		HideSolutionNode = FALSE
	EndGlobalSection
	GlobalSection(ExtensibilityGlobals) = postSolution
		SolutionGuid = {099D2397-528B-4ADE-89B0-7F198AFD3DB5}
	EndGlobalSection
EndGlobal
