
Microsoft Visual Studio Solution File, Format Version 12.00
# Visual Studio Version 17
VisualStudioVersion = 17.9.34310.174
MinimumVisualStudioVersion = 10.0.40219.1
Project("{FAE04EC0-301F-11D3-BF4B-00C04F79EFBC}") = "UnFreeze Panes", "UnFreeze Panes\UnFreeze Panes.csproj", "{9A46D8D7-FAE2-4D88-9C0B-EC9B82CB49DD}"
EndProject
Global
	GlobalSection(SolutionConfigurationPlatforms) = preSolution
		Debug|Any CPU = Debug|Any CPU
		Release|Any CPU = Release|Any CPU
	EndGlobalSection
	GlobalSection(ProjectConfigurationPlatforms) = postSolution
		{9A46D8D7-FAE2-4D88-9C0B-EC9B82CB49DD}.Debug|Any CPU.ActiveCfg = Debug|Any CPU
		{9A46D8D7-FAE2-4D88-9C0B-EC9B82CB49DD}.Debug|Any CPU.Build.0 = Debug|Any CPU
		{9A46D8D7-FAE2-4D88-9C0B-EC9B82CB49DD}.Release|Any CPU.ActiveCfg = Release|Any CPU
		{9A46D8D7-FAE2-4D88-9C0B-EC9B82CB49DD}.Release|Any CPU.Build.0 = Release|Any CPU
	EndGlobalSection
	GlobalSection(SolutionProperties) = preSolution
		HideSolutionNode = FALSE
	EndGlobalSection
	GlobalSection(ExtensibilityGlobals) = postSolution
		SolutionGuid = {2E530BA9-5B93-47B5-868E-DD79D772360C}
	EndGlobalSection
EndGlobal
