
Microsoft Visual Studio Solution File, Format Version 12.00
# Visual Studio Version 17
VisualStudioVersion = 17.14.36221.1 d17.14
MinimumVisualStudioVersion = 10.0.40219.1
Project("{FAE04EC0-301F-11D3-BF4B-00C04F79EFBC}") = "Paper Size", "Paper Size\Paper Size.csproj", "{114260F9-C93F-4F5F-B14D-0FFA7B08ED57}"
EndProject
Global
	GlobalSection(SolutionConfigurationPlatforms) = preSolution
		Debug|Any CPU = Debug|Any CPU
		Release|Any CPU = Release|Any CPU
	EndGlobalSection
	GlobalSection(ProjectConfigurationPlatforms) = postSolution
		{114260F9-C93F-4F5F-B14D-0FFA7B08ED57}.Debug|Any CPU.ActiveCfg = Debug|Any CPU
		{114260F9-C93F-4F5F-B14D-0FFA7B08ED57}.Debug|Any CPU.Build.0 = Debug|Any CPU
		{114260F9-C93F-4F5F-B14D-0FFA7B08ED57}.Release|Any CPU.ActiveCfg = Release|Any CPU
		{114260F9-C93F-4F5F-B14D-0FFA7B08ED57}.Release|Any CPU.Build.0 = Release|Any CPU
	EndGlobalSection
	GlobalSection(SolutionProperties) = preSolution
		HideSolutionNode = FALSE
	EndGlobalSection
	GlobalSection(ExtensibilityGlobals) = postSolution
		SolutionGuid = {D89D0AF3-8A71-4B81-BC93-175B7EF2B279}
	EndGlobalSection
EndGlobal
