
Microsoft Visual Studio Solution File, Format Version 12.00
# Visual Studio Version 17
VisualStudioVersion = 17.9.34310.174
MinimumVisualStudioVersion = 10.0.40219.1
Project("{FAE04EC0-301F-11D3-BF4B-00C04F79EFBC}") = "ConvertExceltoPDF", "ConvertExceltoPDF\ConvertExceltoPDF.csproj", "{DCBAF86C-0788-43F2-A8C5-752EAE8F6708}"
EndProject
Global
	GlobalSection(SolutionConfigurationPlatforms) = preSolution
		Debug|Any CPU = Debug|Any CPU
		Release|Any CPU = Release|Any CPU
	EndGlobalSection
	GlobalSection(ProjectConfigurationPlatforms) = postSolution
		{DCBAF86C-0788-43F2-A8C5-752EAE8F6708}.Debug|Any CPU.ActiveCfg = Debug|Any CPU
		{DCBAF86C-0788-43F2-A8C5-752EAE8F6708}.Debug|Any CPU.Build.0 = Debug|Any CPU
		{DCBAF86C-0788-43F2-A8C5-752EAE8F6708}.Debug|Any CPU.Deploy.0 = Debug|Any CPU
		{DCBAF86C-0788-43F2-A8C5-752EAE8F6708}.Release|Any CPU.ActiveCfg = Release|Any CPU
		{DCBAF86C-0788-43F2-A8C5-752EAE8F6708}.Release|Any CPU.Build.0 = Release|Any CPU
		{DCBAF86C-0788-43F2-A8C5-752EAE8F6708}.Release|Any CPU.Deploy.0 = Release|Any CPU
	EndGlobalSection
	GlobalSection(SolutionProperties) = preSolution
		HideSolutionNode = FALSE
	EndGlobalSection
	GlobalSection(ExtensibilityGlobals) = postSolution
		SolutionGuid = {7A0359EF-9FD7-4ECD-96DE-5EEC58AF6FF6}
	EndGlobalSection
EndGlobal
