
Microsoft Visual Studio Solution File, Format Version 12.00
# Visual Studio Version 17
VisualStudioVersion = 17.6.33723.286
MinimumVisualStudioVersion = 10.0.40219.1
Project("{FAE04EC0-301F-11D3-BF4B-00C04F79EFBC}") = "HTML String Formatting", "HTML String Formatting\HTML String Formatting.csproj", "{25ACED44-DF1D-403D-9949-3678C906E76D}"
EndProject
Global
	GlobalSection(SolutionConfigurationPlatforms) = preSolution
		Debug|Any CPU = Debug|Any CPU
		Release|Any CPU = Release|Any CPU
	EndGlobalSection
	GlobalSection(ProjectConfigurationPlatforms) = postSolution
		{25ACED44-DF1D-403D-9949-3678C906E76D}.Debug|Any CPU.ActiveCfg = Debug|Any CPU
		{25ACED44-DF1D-403D-9949-3678C906E76D}.Debug|Any CPU.Build.0 = Debug|Any CPU
		{25ACED44-DF1D-403D-9949-3678C906E76D}.Release|Any CPU.ActiveCfg = Release|Any CPU
		{25ACED44-DF1D-403D-9949-3678C906E76D}.Release|Any CPU.Build.0 = Release|Any CPU
	EndGlobalSection
	GlobalSection(SolutionProperties) = preSolution
		HideSolutionNode = FALSE
	EndGlobalSection
	GlobalSection(ExtensibilityGlobals) = postSolution
		SolutionGuid = {9CFA3EEC-818E-4D9E-B48F-E4D0C205F99A}
	EndGlobalSection
EndGlobal
