
Microsoft Visual Studio Solution File, Format Version 12.00
# Visual Studio Version 16
VisualStudioVersion = 16.0.31729.503
MinimumVisualStudioVersion = 10.0.40219.1
Project("{FAE04EC0-301F-11D3-BF4B-00C04F79EFBC}") = "Embedded OLE", "Embedded OLE\Embedded OLE.csproj", "{CF014524-7EC6-4B69-973F-2C4B4B8F0A16}"
EndProject
Global
	GlobalSection(SolutionConfigurationPlatforms) = preSolution
		Debug|Any CPU = Debug|Any CPU
		Release|Any CPU = Release|Any CPU
	EndGlobalSection
	GlobalSection(ProjectConfigurationPlatforms) = postSolution
		{CF014524-7EC6-4B69-973F-2C4B4B8F0A16}.Debug|Any CPU.ActiveCfg = Debug|Any CPU
		{CF014524-7EC6-4B69-973F-2C4B4B8F0A16}.Debug|Any CPU.Build.0 = Debug|Any CPU
		{CF014524-7EC6-4B69-973F-2C4B4B8F0A16}.Release|Any CPU.ActiveCfg = Release|Any CPU
		{CF014524-7EC6-4B69-973F-2C4B4B8F0A16}.Release|Any CPU.Build.0 = Release|Any CPU
	EndGlobalSection
	GlobalSection(SolutionProperties) = preSolution
		HideSolutionNode = FALSE
	EndGlobalSection
	GlobalSection(ExtensibilityGlobals) = postSolution
		SolutionGuid = {E24B89CA-B0B2-4FDB-B3D9-DBCAF3DE3272}
	EndGlobalSection
EndGlobal
