
Microsoft Visual Studio Solution File, Format Version 12.00
# Visual Studio Version 16
VisualStudioVersion = 16.0.31729.503
MinimumVisualStudioVersion = 10.0.40219.1
Project("{FAE04EC0-301F-11D3-BF4B-00C04F79EFBC}") = "Ungroup Rows and Columns", "Ungroup Rows and Columns\Ungroup Rows and Columns.csproj", "{1ECF35B9-E258-4099-B99D-A1003571F225}"
EndProject
Global
	GlobalSection(SolutionConfigurationPlatforms) = preSolution
		Debug|Any CPU = Debug|Any CPU
		Release|Any CPU = Release|Any CPU
	EndGlobalSection
	GlobalSection(ProjectConfigurationPlatforms) = postSolution
		{1ECF35B9-E258-4099-B99D-A1003571F225}.Debug|Any CPU.ActiveCfg = Debug|Any CPU
		{1ECF35B9-E258-4099-B99D-A1003571F225}.Debug|Any CPU.Build.0 = Debug|Any CPU
		{1ECF35B9-E258-4099-B99D-A1003571F225}.Release|Any CPU.ActiveCfg = Release|Any CPU
		{1ECF35B9-E258-4099-B99D-A1003571F225}.Release|Any CPU.Build.0 = Release|Any CPU
	EndGlobalSection
	GlobalSection(SolutionProperties) = preSolution
		HideSolutionNode = FALSE
	EndGlobalSection
	GlobalSection(ExtensibilityGlobals) = postSolution
		SolutionGuid = {B74DAF10-C2F6-49F8-88F0-7A71A32168E5}
	EndGlobalSection
EndGlobal
