
Microsoft Visual Studio Solution File, Format Version 12.00
# Visual Studio Version 16
VisualStudioVersion = 16.0.31729.503
MinimumVisualStudioVersion = 10.0.40219.1
Project("{FAE04EC0-301F-11D3-BF4B-00C04F79EFBC}") = "Sort On Cell Values", "Sort On Cell Values\Sort On Cell Values.csproj", "{8DF313C4-05EB-4399-BD00-FDD0095B3D14}"
EndProject
Global
	GlobalSection(SolutionConfigurationPlatforms) = preSolution
		Debug|Any CPU = Debug|Any CPU
		Release|Any CPU = Release|Any CPU
	EndGlobalSection
	GlobalSection(ProjectConfigurationPlatforms) = postSolution
		{8DF313C4-05EB-4399-BD00-FDD0095B3D14}.Debug|Any CPU.ActiveCfg = Debug|Any CPU
		{8DF313C4-05EB-4399-BD00-FDD0095B3D14}.Debug|Any CPU.Build.0 = Debug|Any CPU
		{8DF313C4-05EB-4399-BD00-FDD0095B3D14}.Release|Any CPU.ActiveCfg = Release|Any CPU
		{8DF313C4-05EB-4399-BD00-FDD0095B3D14}.Release|Any CPU.Build.0 = Release|Any CPU
	EndGlobalSection
	GlobalSection(SolutionProperties) = preSolution
		HideSolutionNode = FALSE
	EndGlobalSection
	GlobalSection(ExtensibilityGlobals) = postSolution
		SolutionGuid = {B6762F58-24F2-41F2-9665-5BA8A50DB983}
	EndGlobalSection
EndGlobal
