
Microsoft Visual Studio Solution File, Format Version 12.00
# Visual Studio Version 17
VisualStudioVersion = 17.9.34310.174
MinimumVisualStudioVersion = 10.0.40219.1
Project("{FAE04EC0-301F-11D3-BF4B-00C04F79EFBC}") = "ConvertXlsToXlsx", "ConvertXlsToXlsx\ConvertXlsToXlsx.csproj", "{291D0D7F-683B-47A2-9AFF-0BBD1E8548ED}"
EndProject
Global
	GlobalSection(SolutionConfigurationPlatforms) = preSolution
		Debug|Any CPU = Debug|Any CPU
		Release|Any CPU = Release|Any CPU
	EndGlobalSection
	GlobalSection(ProjectConfigurationPlatforms) = postSolution
		{291D0D7F-683B-47A2-9AFF-0BBD1E8548ED}.Debug|Any CPU.ActiveCfg = Debug|Any CPU
		{291D0D7F-683B-47A2-9AFF-0BBD1E8548ED}.Debug|Any CPU.Build.0 = Debug|Any CPU
		{291D0D7F-683B-47A2-9AFF-0BBD1E8548ED}.Release|Any CPU.ActiveCfg = Release|Any CPU
		{291D0D7F-683B-47A2-9AFF-0BBD1E8548ED}.Release|Any CPU.Build.0 = Release|Any CPU
	EndGlobalSection
	GlobalSection(SolutionProperties) = preSolution
		HideSolutionNode = FALSE
	EndGlobalSection
	GlobalSection(ExtensibilityGlobals) = postSolution
		SolutionGuid = {5C3D7A03-6AD8-4FD0-8FC8-A24EE0450E13}
	EndGlobalSection
EndGlobal
