
Microsoft Visual Studio Solution File, Format Version 12.00
# Visual Studio Version 17
VisualStudioVersion = 17.5.33516.290
MinimumVisualStudioVersion = 10.0.40219.1
Project("{FAE04EC0-301F-11D3-BF4B-00C04F79EFBC}") = "Convert Excel to PDF", "Convert Excel to PDF\Convert Excel to PDF.csproj", "{0ADD53C3-5C75-49C0-9E97-A12551288ACF}"
EndProject
Global
	GlobalSection(SolutionConfigurationPlatforms) = preSolution
		Debug|Any CPU = Debug|Any CPU
		Release|Any CPU = Release|Any CPU
	EndGlobalSection
	GlobalSection(ProjectConfigurationPlatforms) = postSolution
		{0ADD53C3-5C75-49C0-9E97-A12551288ACF}.Debug|Any CPU.ActiveCfg = Debug|Any CPU
		{0ADD53C3-5C75-49C0-9E97-A12551288ACF}.Debug|Any CPU.Build.0 = Debug|Any CPU
		{0ADD53C3-5C75-49C0-9E97-A12551288ACF}.Release|Any CPU.ActiveCfg = Release|Any CPU
		{0ADD53C3-5C75-49C0-9E97-A12551288ACF}.Release|Any CPU.Build.0 = Release|Any CPU
	EndGlobalSection
	GlobalSection(SolutionProperties) = preSolution
		HideSolutionNode = FALSE
	EndGlobalSection
	GlobalSection(ExtensibilityGlobals) = postSolution
		SolutionGuid = {DBC99BC8-A51D-46F1-BD37-AD7FEA4DBF5B}
	EndGlobalSection
EndGlobal
