
Microsoft Visual Studio Solution File, Format Version 12.00
# Visual Studio Version 17
VisualStudioVersion = 17.9.34310.174
MinimumVisualStudioVersion = 10.0.40219.1
Project("{FAE04EC0-301F-11D3-BF4B-00C04F79EFBC}") = "Convert Excel to PDF", "Convert Excel to PDF\Convert Excel to PDF.csproj", "{D8D5C9F6-91DA-414C-9E8D-AA55248707A3}"
EndProject
Global
	GlobalSection(SolutionConfigurationPlatforms) = preSolution
		Debug|Any CPU = Debug|Any CPU
		Release|Any CPU = Release|Any CPU
	EndGlobalSection
	GlobalSection(ProjectConfigurationPlatforms) = postSolution
		{D8D5C9F6-91DA-414C-9E8D-AA55248707A3}.Debug|Any CPU.ActiveCfg = Debug|Any CPU
		{D8D5C9F6-91DA-414C-9E8D-AA55248707A3}.Debug|Any CPU.Build.0 = Debug|Any CPU
		{D8D5C9F6-91DA-414C-9E8D-AA55248707A3}.Release|Any CPU.ActiveCfg = Release|Any CPU
		{D8D5C9F6-91DA-414C-9E8D-AA55248707A3}.Release|Any CPU.Build.0 = Release|Any CPU
	EndGlobalSection
	GlobalSection(SolutionProperties) = preSolution
		HideSolutionNode = FALSE
	EndGlobalSection
	GlobalSection(ExtensibilityGlobals) = postSolution
		SolutionGuid = {80CB31CE-44B8-4581-AEF3-C1AD1449B3A0}
	EndGlobalSection
EndGlobal
