
Microsoft Visual Studio Solution File, Format Version 12.00
# Visual Studio Version 16
VisualStudioVersion = 16.0.31729.503
MinimumVisualStudioVersion = 10.0.40219.1
Project("{FAE04EC0-301F-11D3-BF4B-00C04F79EFBC}") = "Chart Series Border", "Chart Series Border\Chart Series Border.csproj", "{E09B96B8-A330-42E3-9E83-A7996441996B}"
EndProject
Global
	GlobalSection(SolutionConfigurationPlatforms) = preSolution
		Debug|Any CPU = Debug|Any CPU
		Release|Any CPU = Release|Any CPU
	EndGlobalSection
	GlobalSection(ProjectConfigurationPlatforms) = postSolution
		{E09B96B8-A330-42E3-9E83-A7996441996B}.Debug|Any CPU.ActiveCfg = Debug|Any CPU
		{E09B96B8-A330-42E3-9E83-A7996441996B}.Debug|Any CPU.Build.0 = Debug|Any CPU
		{E09B96B8-A330-42E3-9E83-A7996441996B}.Release|Any CPU.ActiveCfg = Release|Any CPU
		{E09B96B8-A330-42E3-9E83-A7996441996B}.Release|Any CPU.Build.0 = Release|Any CPU
	EndGlobalSection
	GlobalSection(SolutionProperties) = preSolution
		HideSolutionNode = FALSE
	EndGlobalSection
	GlobalSection(ExtensibilityGlobals) = postSolution
		SolutionGuid = {6AA906E4-4319-49F7-996C-72CFC30082FC}
	EndGlobalSection
EndGlobal
