
Microsoft Visual Studio Solution File, Format Version 12.00
# Visual Studio Version 16
VisualStudioVersion = 16.0.31729.503
MinimumVisualStudioVersion = 10.0.40219.1
Project("{FAE04EC0-301F-11D3-BF4B-00C04F79EFBC}") = "Cross Sheet Formula", "Cross Sheet Formula\Cross Sheet Formula.csproj", "{63D38789-BE3D-418F-AE41-B63A356E79A7}"
EndProject
Global
	GlobalSection(SolutionConfigurationPlatforms) = preSolution
		Debug|Any CPU = Debug|Any CPU
		Release|Any CPU = Release|Any CPU
	EndGlobalSection
	GlobalSection(ProjectConfigurationPlatforms) = postSolution
		{63D38789-BE3D-418F-AE41-B63A356E79A7}.Debug|Any CPU.ActiveCfg = Debug|Any CPU
		{63D38789-BE3D-418F-AE41-B63A356E79A7}.Debug|Any CPU.Build.0 = Debug|Any CPU
		{63D38789-BE3D-418F-AE41-B63A356E79A7}.Release|Any CPU.ActiveCfg = Release|Any CPU
		{63D38789-BE3D-418F-AE41-B63A356E79A7}.Release|Any CPU.Build.0 = Release|Any CPU
	EndGlobalSection
	GlobalSection(SolutionProperties) = preSolution
		HideSolutionNode = FALSE
	EndGlobalSection
	GlobalSection(ExtensibilityGlobals) = postSolution
		SolutionGuid = {ECE6BFCE-F95D-4B72-B47D-779CBD12DE19}
	EndGlobalSection
EndGlobal
