
Microsoft Visual Studio Solution File, Format Version 12.00
# Visual Studio Version 16
VisualStudioVersion = 16.0.32126.315
MinimumVisualStudioVersion = 10.0.40219.1
Project("{FAE04EC0-301F-11D3-BF4B-00C04F79EFBC}") = "Hyperlink", "Hyperlink\Hyperlink.csproj", "{3130667D-BA7E-4A8A-BE93-05DD87782986}"
EndProject
Global
	GlobalSection(SolutionConfigurationPlatforms) = preSolution
		Debug|Any CPU = Debug|Any CPU
		Release|Any CPU = Release|Any CPU
	EndGlobalSection
	GlobalSection(ProjectConfigurationPlatforms) = postSolution
		{3130667D-BA7E-4A8A-BE93-05DD87782986}.Debug|Any CPU.ActiveCfg = Debug|Any CPU
		{3130667D-BA7E-4A8A-BE93-05DD87782986}.Debug|Any CPU.Build.0 = Debug|Any CPU
		{3130667D-BA7E-4A8A-BE93-05DD87782986}.Release|Any CPU.ActiveCfg = Release|Any CPU
		{3130667D-BA7E-4A8A-BE93-05DD87782986}.Release|Any CPU.Build.0 = Release|Any CPU
	EndGlobalSection
	GlobalSection(SolutionProperties) = preSolution
		HideSolutionNode = FALSE
	EndGlobalSection
	GlobalSection(ExtensibilityGlobals) = postSolution
		SolutionGuid = {B7C8DF46-5589-4201-9AF8-CBC6A933F9C6}
	EndGlobalSection
EndGlobal
