
Microsoft Visual Studio Solution File, Format Version 12.00
# Visual Studio Version 16
VisualStudioVersion = 16.0.31729.503
MinimumVisualStudioVersion = 10.0.40219.1
Project("{FAE04EC0-301F-11D3-BF4B-00C04F79EFBC}") = "Custom Scaling", "Custom Scaling\Custom Scaling.csproj", "{C9D9593F-A31E-4031-B2C3-5301BBF3B9B3}"
EndProject
Global
	GlobalSection(SolutionConfigurationPlatforms) = preSolution
		Debug|Any CPU = Debug|Any CPU
		Release|Any CPU = Release|Any CPU
	EndGlobalSection
	GlobalSection(ProjectConfigurationPlatforms) = postSolution
		{C9D9593F-A31E-4031-B2C3-5301BBF3B9B3}.Debug|Any CPU.ActiveCfg = Debug|Any CPU
		{C9D9593F-A31E-4031-B2C3-5301BBF3B9B3}.Debug|Any CPU.Build.0 = Debug|Any CPU
		{C9D9593F-A31E-4031-B2C3-5301BBF3B9B3}.Release|Any CPU.ActiveCfg = Release|Any CPU
		{C9D9593F-A31E-4031-B2C3-5301BBF3B9B3}.Release|Any CPU.Build.0 = Release|Any CPU
	EndGlobalSection
	GlobalSection(SolutionProperties) = preSolution
		HideSolutionNode = FALSE
	EndGlobalSection
	GlobalSection(ExtensibilityGlobals) = postSolution
		SolutionGuid = {071E5F82-B36E-44F5-B221-3A3FD82DF931}
	EndGlobalSection
EndGlobal
