
Microsoft Visual Studio Solution File, Format Version 12.00
# Visual Studio 15
VisualStudioVersion = 15.0.28307.1022
MinimumVisualStudioVersion = 10.0.40219.1
Project("{FAE04EC0-301F-11D3-BF4B-00C04F79EFBC}") = "Encrypt-Excel", "Encrypt-Excel\Encrypt-Excel.csproj", "{0E069117-1877-4782-9C26-466AB69F0030}"
EndProject
Global
	GlobalSection(SolutionConfigurationPlatforms) = preSolution
		Debug|Any CPU = Debug|Any CPU
		Release|Any CPU = Release|Any CPU
	EndGlobalSection
	GlobalSection(ProjectConfigurationPlatforms) = postSolution
		{0E069117-1877-4782-9C26-466AB69F0030}.Debug|Any CPU.ActiveCfg = Debug|Any CPU
		{0E069117-1877-4782-9C26-466AB69F0030}.Debug|Any CPU.Build.0 = Debug|Any CPU
		{0E069117-1877-4782-9C26-466AB69F0030}.Release|Any CPU.ActiveCfg = Release|Any CPU
		{0E069117-1877-4782-9C26-466AB69F0030}.Release|Any CPU.Build.0 = Release|Any CPU
	EndGlobalSection
	GlobalSection(SolutionProperties) = preSolution
		HideSolutionNode = FALSE
	EndGlobalSection
	GlobalSection(ExtensibilityGlobals) = postSolution
		SolutionGuid = {44D8FD64-8B2C-490D-B04C-C4BF3E7C21EB}
	EndGlobalSection
EndGlobal
