
Microsoft Visual Studio Solution File, Format Version 12.00
# Visual Studio Version 16
VisualStudioVersion = 16.0.31729.503
MinimumVisualStudioVersion = 10.0.40219.1
Project("{FAE04EC0-301F-11D3-BF4B-00C04F79EFBC}") = "Chart Gridlines", "Chart Gridlines\Chart Gridlines.csproj", "{E5A6A2AA-1F77-4122-90F7-CBFB01A5FFFA}"
EndProject
Global
	GlobalSection(SolutionConfigurationPlatforms) = preSolution
		Debug|Any CPU = Debug|Any CPU
		Release|Any CPU = Release|Any CPU
	EndGlobalSection
	GlobalSection(ProjectConfigurationPlatforms) = postSolution
		{E5A6A2AA-1F77-4122-90F7-CBFB01A5FFFA}.Debug|Any CPU.ActiveCfg = Debug|Any CPU
		{E5A6A2AA-1F77-4122-90F7-CBFB01A5FFFA}.Debug|Any CPU.Build.0 = Debug|Any CPU
		{E5A6A2AA-1F77-4122-90F7-CBFB01A5FFFA}.Release|Any CPU.ActiveCfg = Release|Any CPU
		{E5A6A2AA-1F77-4122-90F7-CBFB01A5FFFA}.Release|Any CPU.Build.0 = Release|Any CPU
	EndGlobalSection
	GlobalSection(SolutionProperties) = preSolution
		HideSolutionNode = FALSE
	EndGlobalSection
	GlobalSection(ExtensibilityGlobals) = postSolution
		SolutionGuid = {A11E6532-8C4E-4D20-AE79-DC746E10B78B}
	EndGlobalSection
EndGlobal
