
Microsoft Visual Studio Solution File, Format Version 12.00
# Visual Studio Version 17
VisualStudioVersion = 17.9.34310.174
MinimumVisualStudioVersion = 10.0.40219.1
Project("{FAE04EC0-301F-11D3-BF4B-00C04F79EFBC}") = "Freeze Rows", "Freeze Rows\Freeze Rows.csproj", "{0339609F-0668-4F42-A636-1B94DF49BEDD}"
EndProject
Global
	GlobalSection(SolutionConfigurationPlatforms) = preSolution
		Debug|Any CPU = Debug|Any CPU
		Release|Any CPU = Release|Any CPU
	EndGlobalSection
	GlobalSection(ProjectConfigurationPlatforms) = postSolution
		{0339609F-0668-4F42-A636-1B94DF49BEDD}.Debug|Any CPU.ActiveCfg = Debug|Any CPU
		{0339609F-0668-4F42-A636-1B94DF49BEDD}.Debug|Any CPU.Build.0 = Debug|Any CPU
		{0339609F-0668-4F42-A636-1B94DF49BEDD}.Release|Any CPU.ActiveCfg = Release|Any CPU
		{0339609F-0668-4F42-A636-1B94DF49BEDD}.Release|Any CPU.Build.0 = Release|Any CPU
	EndGlobalSection
	GlobalSection(SolutionProperties) = preSolution
		HideSolutionNode = FALSE
	EndGlobalSection
	GlobalSection(ExtensibilityGlobals) = postSolution
		SolutionGuid = {4D3CA016-13B7-43BC-8AFD-DB74EEDF487C}
	EndGlobalSection
EndGlobal
